{
  "version": 4,
  "terraform_version": "1.10.3",
  "serial": 284,
  "lineage": "990505c8-843f-dca1-48e5-93c5c4364cf6",
  "outputs": {},
  "resources": [
    {
      "mode": "data",
      "type": "aws_ami",
      "name": "amazon-linux-2023",
      "provider": "provider[\"registry.terraform.io/hashicorp/aws\"]",
      "instances": [
        {
          "schema_version": 0,
          "attributes": {
            "architecture": "x86_64",
            "arn": "arn:aws:ec2:ap-south-1::image/ami-0f1dcc636b69a6438",
            "block_device_mappings": [
              {
                "device_name": "/dev/xvda",
                "ebs": {
                  "delete_on_termination": "true",
                  "encrypted": "false",
                  "iops": "3000",
                  "snapshot_id": "snap-06eac1cf2bea2a870",
                  "throughput": "125",
                  "volume_size": "8",
                  "volume_type": "gp3"
                },
                "no_device": "",
                "virtual_name": ""
              }
            ],
            "boot_mode": "uefi-preferred",
            "creation_date": "2025-04-11T00:39:18.000Z",
            "deprecation_time": "2025-07-10T00:39:00.000Z",
            "description": "Amazon Linux 2023 AMI 2023.7.20250414.0 x86_64 HVM kernel-6.1",
            "ena_support": true,
            "executable_users": null,
            "filter": [
              {
                "name": "name",
                "values": [
                  "al2023-ami-2023.*-x86_64"
                ]
              }
            ],
            "hypervisor": "xen",
            "id": "ami-0f1dcc636b69a6438",
            "image_id": "ami-0f1dcc636b69a6438",
            "image_location": "amazon/al2023-ami-2023.7.20250414.0-kernel-6.1-x86_64",
            "image_owner_alias": "amazon",
            "image_type": "machine",
            "imds_support": "v2.0",
            "include_deprecated": false,
            "kernel_id": "",
            "most_recent": true,
            "name": "al2023-ami-2023.7.20250414.0-kernel-6.1-x86_64",
            "name_regex": null,
            "owner_id": "137112412989",
            "owners": [
              "amazon"
            ],
            "platform": "",
            "platform_details": "Linux/UNIX",
            "product_codes": [],
            "public": true,
            "ramdisk_id": "",
            "root_device_name": "/dev/xvda",
            "root_device_type": "ebs",
            "root_snapshot_id": "snap-06eac1cf2bea2a870",
            "sriov_net_support": "simple",
            "state": "available",
            "state_reason": {
              "code": "UNSET",
              "message": "UNSET"
            },
            "tags": {},
            "timeouts": null,
            "tpm_support": "",
            "uefi_data": null,
            "usage_operation": "RunInstances",
            "virtualization_type": "hvm"
          },
          "sensitive_attributes": []
        }
      ]
    },
    {
      "mode": "data",
      "type": "aws_caller_identity",
      "name": "current",
      "provider": "provider[\"registry.terraform.io/hashicorp/aws\"]",
      "instances": [
        {
          "schema_version": 0,
          "attributes": {
            "account_id": "266735807609",
            "arn": "arn:aws:iam::266735807609:user/Fhr-consultant",
            "id": "266735807609",
            "user_id": "AIDAT4GVRNR4X7HPOR7OK"
          },
          "sensitive_attributes": []
        }
      ]
    },
    {
      "mode": "data",
      "type": "aws_iam_instance_profile",
      "name": "iam_instance_profile",
      "provider": "provider[\"registry.terraform.io/hashicorp/aws\"]",
      "instances": [
        {
          "schema_version": 0,
          "attributes": {
            "arn": "arn:aws:iam::266735807609:instance-profile/ecs-instance-role",
            "create_date": "2024-12-23 07:07:57 +0000 UTC",
            "id": "AIPAT4GVRNR4YXF34MCZZ",
            "name": "ecs-instance-role",
            "path": "/",
            "role_arn": "arn:aws:iam::266735807609:role/ecs-instance-role",
            "role_id": "AROAT4GVRNR46NIB7MN32",
            "role_name": "ecs-instance-role"
          },
          "sensitive_attributes": []
        }
      ]
    },
    {
      "mode": "data",
      "type": "aws_subnet",
      "name": "private",
      "provider": "provider[\"registry.terraform.io/hashicorp/aws\"]",
      "instances": [
        {
          "index_key": 0,
          "schema_version": 0,
          "attributes": {
            "arn": "arn:aws:ec2:ap-south-1:266735807609:subnet/subnet-050bae3e0148607bd",
            "assign_ipv6_address_on_creation": false,
            "availability_zone": "ap-south-1a",
            "availability_zone_id": "aps1-az1",
            "available_ip_address_count": 249,
            "cidr_block": "172.16.21.0/24",
            "customer_owned_ipv4_pool": "",
            "default_for_az": false,
            "enable_dns64": false,
            "enable_lni_at_device_index": 0,
            "enable_resource_name_dns_a_record_on_launch": false,
            "enable_resource_name_dns_aaaa_record_on_launch": false,
            "filter": [
              {
                "name": "tag:Name",
                "values": [
                  "Icomm-ClassicTU-vpc-subnet-private1-ap-south-1a",
                  "Icomm-ClassicTU-vpc-subnet-private2-ap-south-1b"
                ]
              }
            ],
            "id": "subnet-050bae3e0148607bd",
            "ipv6_cidr_block": "",
            "ipv6_cidr_block_association_id": "",
            "ipv6_native": false,
            "map_customer_owned_ip_on_launch": false,
            "map_public_ip_on_launch": false,
            "outpost_arn": "",
            "owner_id": "266735807609",
            "private_dns_hostname_type_on_launch": "ip-name",
            "state": "available",
            "tags": {
              "Name": "Icomm-ClassicTU-vpc-subnet-private1-ap-south-1a",
              "VPC Createddate": "25-Nov-2024",
              "VPC Name": "Icomm-ClassicTU-vpc"
            },
            "timeouts": null,
            "vpc_id": "vpc-0bf4a3baed258e308"
          },
          "sensitive_attributes": []
        },
        {
          "index_key": 1,
          "schema_version": 0,
          "attributes": {
            "arn": "arn:aws:ec2:ap-south-1:266735807609:subnet/subnet-016ba99401669b889",
            "assign_ipv6_address_on_creation": false,
            "availability_zone": "ap-south-1b",
            "availability_zone_id": "aps1-az3",
            "available_ip_address_count": 251,
            "cidr_block": "172.16.22.0/24",
            "customer_owned_ipv4_pool": "",
            "default_for_az": false,
            "enable_dns64": false,
            "enable_lni_at_device_index": 0,
            "enable_resource_name_dns_a_record_on_launch": false,
            "enable_resource_name_dns_aaaa_record_on_launch": false,
            "filter": [
              {
                "name": "tag:Name",
                "values": [
                  "Icomm-ClassicTU-vpc-subnet-private1-ap-south-1a",
                  "Icomm-ClassicTU-vpc-subnet-private2-ap-south-1b"
                ]
              }
            ],
            "id": "subnet-016ba99401669b889",
            "ipv6_cidr_block": "",
            "ipv6_cidr_block_association_id": "",
            "ipv6_native": false,
            "map_customer_owned_ip_on_launch": false,
            "map_public_ip_on_launch": false,
            "outpost_arn": "",
            "owner_id": "266735807609",
            "private_dns_hostname_type_on_launch": "ip-name",
            "state": "available",
            "tags": {
              "Name": "Icomm-ClassicTU-vpc-subnet-private2-ap-south-1b",
              "VPC Createddate": "25-Nov-2024",
              "VPC Name": "Icomm-ClassicTU-vpc"
            },
            "timeouts": null,
            "vpc_id": "vpc-0bf4a3baed258e308"
          },
          "sensitive_attributes": []
        }
      ]
    },
    {
      "mode": "data",
      "type": "aws_vpc",
      "name": "vpc_id",
      "provider": "provider[\"registry.terraform.io/hashicorp/aws\"]",
      "instances": [
        {
          "schema_version": 0,
          "attributes": {
            "arn": "arn:aws:ec2:ap-south-1:266735807609:vpc/vpc-0bf4a3baed258e308",
            "cidr_block": "172.16.0.0/16",
            "cidr_block_associations": [
              {
                "association_id": "vpc-cidr-assoc-0bbe682601009f2ea",
                "cidr_block": "172.16.0.0/16",
                "state": "associated"
              }
            ],
            "default": false,
            "dhcp_options_id": "dopt-062cd21a2ff98dd58",
            "enable_dns_hostnames": true,
            "enable_dns_support": true,
            "enable_network_address_usage_metrics": false,
            "filter": [
              {
                "name": "tag:Name",
                "values": [
                  "classic-tech-upgrade-vpc"
                ]
              }
            ],
            "id": "vpc-0bf4a3baed258e308",
            "instance_tenancy": "default",
            "ipv6_association_id": "",
            "ipv6_cidr_block": "",
            "main_route_table_id": "rtb-0a6bc89db1bb09a48",
            "owner_id": "266735807609",
            "state": null,
            "tags": {
              "Name": "classic-tech-upgrade-vpc",
              "VPC Createddate": "25-Nov-2024",
              "VPC Name": "Icomm-ClassicTU-vpc"
            },
            "timeouts": null
          },
          "sensitive_attributes": []
        }
      ]
    },
    {
      "mode": "managed",
      "type": "aws_autoscaling_group",
      "name": "asg",
      "provider": "provider[\"registry.terraform.io/hashicorp/aws\"]",
      "instances": [
        {
          "schema_version": 1,
          "attributes": {
            "arn": "arn:aws:autoscaling:ap-south-1:266735807609:autoScalingGroup:d0211690-8182-43c2-9981-325a5402e841:autoScalingGroupName/dev-ecs-cluster-asg",
            "availability_zone_distribution": [
              {
                "capacity_distribution_strategy": "balanced-best-effort"
              }
            ],
            "availability_zones": [
              "ap-south-1a",
              "ap-south-1b"
            ],
            "capacity_rebalance": false,
            "context": "",
            "default_cooldown": 300,
            "default_instance_warmup": 0,
            "desired_capacity": 1,
            "desired_capacity_type": "",
            "enabled_metrics": null,
            "force_delete": true,
            "force_delete_warm_pool": false,
            "health_check_grace_period": 300,
            "health_check_type": "EC2",
            "id": "dev-ecs-cluster-asg",
            "ignore_failed_scaling_activities": false,
            "initial_lifecycle_hook": [],
            "instance_maintenance_policy": [],
            "instance_refresh": [],
            "launch_configuration": "",
            "launch_template": [
              {
                "id": "lt-0780875f365753b76",
                "name": "ecs_cluster",
                "version": "$Latest"
              }
            ],
            "load_balancers": [],
            "max_instance_lifetime": 0,
            "max_size": 5,
            "metrics_granularity": "1Minute",
            "min_elb_capacity": null,
            "min_size": 0,
            "mixed_instances_policy": [],
            "name": "dev-ecs-cluster-asg",
            "name_prefix": "",
            "placement_group": "",
            "predicted_capacity": 0,
            "protect_from_scale_in": true,
            "service_linked_role_arn": "arn:aws:iam::266735807609:role/aws-service-role/autoscaling.amazonaws.com/AWSServiceRoleForAutoScaling",
            "suspended_processes": null,
            "tag": [
              {
                "key": "AmazonECSManaged",
                "propagate_at_launch": true,
                "value": "true"
              }
            ],
            "target_group_arns": [],
            "termination_policies": null,
            "timeouts": null,
            "traffic_source": [],
            "vpc_zone_identifier": [
              "subnet-016ba99401669b889",
              "subnet-050bae3e0148607bd"
            ],
            "wait_for_capacity_timeout": "10m",
            "wait_for_elb_capacity": null,
            "warm_pool": [],
            "warm_pool_size": 0
          },
          "sensitive_attributes": [],
          "private": "eyJlMmJmYjczMC1lY2FhLTExZTYtOGY4OC0zNDM2M2JjN2M0YzAiOnsiZGVsZXRlIjo2MDAwMDAwMDAwMDAsInVwZGF0ZSI6NjAwMDAwMDAwMDAwfSwic2NoZW1hX3ZlcnNpb24iOiIxIn0=",
          "dependencies": [
            "aws_ecs_cluster.ecs",
            "aws_launch_template.as_template",
            "aws_security_group.sg",
            "data.aws_ami.amazon-linux-2023",
            "data.aws_iam_instance_profile.iam_instance_profile",
            "data.aws_subnet.private",
            "data.aws_vpc.vpc_id"
          ]
        }
      ]
    },
    {
      "mode": "managed",
      "type": "aws_ecs_capacity_provider",
      "name": "ecs_cp",
      "provider": "provider[\"registry.terraform.io/hashicorp/aws\"]",
      "instances": [
        {
          "schema_version": 0,
          "attributes": {
            "arn": "arn:aws:ecs:ap-south-1:266735807609:capacity-provider/dev-ecs-cluster-cp",
            "auto_scaling_group_provider": [
              {
                "auto_scaling_group_arn": "arn:aws:autoscaling:ap-south-1:266735807609:autoScalingGroup:d0211690-8182-43c2-9981-325a5402e841:autoScalingGroupName/dev-ecs-cluster-asg",
                "managed_draining": "ENABLED",
                "managed_scaling": [
                  {
                    "instance_warmup_period": 0,
                    "maximum_scaling_step_size": 100,
                    "minimum_scaling_step_size": 1,
                    "status": "ENABLED",
                    "target_capacity": 100
                  }
                ],
                "managed_termination_protection": "ENABLED"
              }
            ],
            "id": "arn:aws:ecs:ap-south-1:266735807609:capacity-provider/dev-ecs-cluster-cp",
            "name": "dev-ecs-cluster-cp",
            "tags": null,
            "tags_all": {}
          },
          "sensitive_attributes": [],
          "private": "bnVsbA==",
          "dependencies": [
            "aws_autoscaling_group.asg",
            "aws_ecs_cluster.ecs",
            "aws_launch_template.as_template",
            "aws_security_group.sg",
            "data.aws_ami.amazon-linux-2023",
            "data.aws_iam_instance_profile.iam_instance_profile",
            "data.aws_subnet.private",
            "data.aws_vpc.vpc_id"
          ]
        }
      ]
    },
    {
      "mode": "managed",
      "type": "aws_ecs_cluster",
      "name": "ecs",
      "provider": "provider[\"registry.terraform.io/hashicorp/aws\"]",
      "instances": [
        {
          "schema_version": 0,
          "attributes": {
            "arn": "arn:aws:ecs:ap-south-1:266735807609:cluster/dev-ecs-cluster",
            "configuration": [],
            "id": "arn:aws:ecs:ap-south-1:266735807609:cluster/dev-ecs-cluster",
            "name": "dev-ecs-cluster",
            "service_connect_defaults": [],
            "setting": [
              {
                "name": "containerInsights",
                "value": "disabled"
              }
            ],
            "tags": {},
            "tags_all": {}
          },
          "sensitive_attributes": [],
          "private": "bnVsbA=="
        }
      ]
    },
    {
      "mode": "managed",
      "type": "aws_ecs_cluster_capacity_providers",
      "name": "ecs_cp",
      "provider": "provider[\"registry.terraform.io/hashicorp/aws\"]",
      "instances": [
        {
          "schema_version": 0,
          "attributes": {
            "capacity_providers": [
              "dev-ecs-cluster-cp"
            ],
            "cluster_name": "dev-ecs-cluster",
            "default_capacity_provider_strategy": [
              {
                "base": 0,
                "capacity_provider": "dev-ecs-cluster-cp",
                "weight": 1
              }
            ],
            "id": "dev-ecs-cluster"
          },
          "sensitive_attributes": [],
          "private": "bnVsbA==",
          "dependencies": [
            "aws_autoscaling_group.asg",
            "aws_ecs_capacity_provider.ecs_cp",
            "aws_ecs_cluster.ecs",
            "aws_launch_template.as_template",
            "aws_security_group.sg",
            "data.aws_ami.amazon-linux-2023",
            "data.aws_iam_instance_profile.iam_instance_profile",
            "data.aws_subnet.private",
            "data.aws_vpc.vpc_id"
          ]
        }
      ]
    },
    {
      "mode": "managed",
      "type": "aws_launch_template",
      "name": "as_template",
      "provider": "provider[\"registry.terraform.io/hashicorp/aws\"]",
      "instances": [
        {
          "schema_version": 0,
          "attributes": {
            "arn": "arn:aws:ec2:ap-south-1:266735807609:launch-template/lt-0780875f365753b76",
            "block_device_mappings": [
              {
                "device_name": "/dev/sdg",
                "ebs": [
                  {
                    "delete_on_termination": "",
                    "encrypted": "true",
                    "iops": 0,
                    "kms_key_id": "",
                    "snapshot_id": "",
                    "throughput": 0,
                    "volume_size": 50,
                    "volume_type": "gp3"
                  }
                ],
                "no_device": "",
                "virtual_name": ""
              }
            ],
            "capacity_reservation_specification": [],
            "cpu_options": [],
            "credit_specification": [],
            "default_version": 1,
            "description": "",
            "disable_api_stop": false,
            "disable_api_termination": false,
            "ebs_optimized": "",
            "elastic_gpu_specifications": [],
            "elastic_inference_accelerator": [],
            "enclave_options": [],
            "hibernation_options": [],
            "iam_instance_profile": [
              {
                "arn": "",
                "name": "ecs-instance-role"
              }
            ],
            "id": "lt-0780875f365753b76",
            "image_id": "ami-0f1dcc636b69a6438",
            "instance_initiated_shutdown_behavior": "",
            "instance_market_options": [],
            "instance_requirements": [],
            "instance_type": "t2.micro",
            "kernel_id": "",
            "key_name": "dev-ap-south1-20241217",
            "latest_version": 7,
            "license_specification": [],
            "maintenance_options": [],
            "metadata_options": [],
            "monitoring": [],
            "name": "ecs_cluster",
            "name_prefix": "",
            "network_interfaces": [],
            "placement": [],
            "private_dns_name_options": [],
            "ram_disk_id": "",
            "security_group_names": [],
            "tag_specifications": [
              {
                "resource_type": "instance",
                "tags": {
                  "Name": "ecs-node"
                }
              }
            ],
            "tags": {},
            "tags_all": {},
            "update_default_version": null,
            "user_data": "IyEvYmluL2Jhc2gKc2V0IC1leApzdWRvIGRuZiBpbnN0YWxsIGRvY2tlciAteQpzdWRvIHN5c3RlbWN0bCBzdGFydCBkb2NrZXIKc3VkbyBzeXN0ZW1jdGwgZW5hYmxlIGRvY2tlcgpzdWRvIG1rZGlyIC1wIC9ldGMvZWNzCnN1ZG8gZWNobyBFQ1NfRU5BQkxFX1RBU0tfSUFNX1JPTEU9dHJ1ZSA+IC9ldGMvZWNzL2Vjcy5jb25maWcKc3VkbyBlY2hvIEVDU19FTkFCTEVfVEFTS19JQU1fUk9MRV9ORVRXT1JLX0hPU1Q9dHJ1ZSA+PiAvZXRjL2Vjcy9lY3MuY29uZmlnCnN1ZG8gZWNobyBFQ1NfTE9HRklMRT0vbG9nL2Vjcy1hZ2VudC5sb2cgPj4gL2V0Yy9lY3MvZWNzLmNvbmZpZwpzdWRvIGVjaG8gRUNTX0FWQUlMQUJMRV9MT0dHSU5HX0RSSVZFUlM9W1wianNvbi1maWxlXCIsXCJhd3Nsb2dzXCJdID4+IC9ldGMvZWNzL2Vjcy5jb25maWcKc3VkbyBlY2hvIEVDU19MT0dMRVZFTD1pbmZvID4+IC9ldGMvZWNzL2Vjcy5jb25maWcKc3VkbyBlY2hvIEVDU19DTFVTVEVSPWRldi1lY3MtY2x1c3RlciA+PiAvZXRjL2Vjcy9lY3MuY29uZmlnCiNzdWRvIGRvY2tlciBjb250YWluZXIgcm0gJChkb2NrZXIgcHMgLWFxKSB8dHJ1ZQpzdWRvIGRvY2tlciBwdWxsIGFtYXpvbi9hbWF6b24tZWNzLWFnZW50OmxhdGVzdApzdWRvIGRvY2tlciBydW4gLS1uYW1lIGVjcy1hZ2VudCAtLWRldGFjaD10cnVlIC0tcmVzdGFydD1hbHdheXMgLS12b2x1bWU9L3Zhci9ydW46L3Zhci9ydW4gLS12b2x1bWU9L3Zhci9sb2cvZWNzLzovbG9nOlogLS12b2x1bWU9L2V0Yy9lY3M6L2V0Yy9lY3MgLS1uZXQ9aG9zdCAtLWVudi1maWxlPS9ldGMvZWNzL2Vjcy5jb25maWcgIC0tdm9sdW1lPS92YXIvbGliL2Vjcy9kYXRhOi9kYXRhOlogLS1wcml2aWxlZ2VkIGFtYXpvbi9hbWF6b24tZWNzLWFnZW50OmxhdGVzdA==",
            "vpc_security_group_ids": [
              "sg-0e8d6deefdc20290d"
            ]
          },
          "sensitive_attributes": [],
          "private": "bnVsbA==",
          "dependencies": [
            "aws_ecs_cluster.ecs",
            "aws_security_group.sg",
            "data.aws_ami.amazon-linux-2023",
            "data.aws_iam_instance_profile.iam_instance_profile",
            "data.aws_vpc.vpc_id"
          ]
        }
      ]
    },
    {
      "mode": "managed",
      "type": "aws_security_group",
      "name": "sg",
      "provider": "provider[\"registry.terraform.io/hashicorp/aws\"]",
      "instances": [
        {
          "schema_version": 1,
          "attributes": {
            "arn": "arn:aws:ec2:ap-south-1:266735807609:security-group/sg-0e8d6deefdc20290d",
            "description": "dev-ecs-cluster-sg",
            "egress": [
              {
                "cidr_blocks": [
                  "0.0.0.0/0"
                ],
                "description": "",
                "from_port": 0,
                "ipv6_cidr_blocks": [],
                "prefix_list_ids": [],
                "protocol": "-1",
                "security_groups": [],
                "self": false,
                "to_port": 0
              }
            ],
            "id": "sg-0e8d6deefdc20290d",
            "ingress": [
              {
                "cidr_blocks": [
                  "172.16.0.0/16"
                ],
                "description": "",
                "from_port": 22,
                "ipv6_cidr_blocks": [],
                "prefix_list_ids": [],
                "protocol": "tcp",
                "security_groups": [],
                "self": false,
                "to_port": 22
              },
              {
                "cidr_blocks": [],
                "description": "",
                "from_port": 0,
                "ipv6_cidr_blocks": [],
                "prefix_list_ids": [],
                "protocol": "tcp",
                "security_groups": [
                  "sg-05ae100ace7f1baf0"
                ],
                "self": false,
                "to_port": 65535
              },
              {
                "cidr_blocks": [],
                "description": "",
                "from_port": 0,
                "ipv6_cidr_blocks": [],
                "prefix_list_ids": [],
                "protocol": "tcp",
                "security_groups": [],
                "self": true,
                "to_port": 65535
              }
            ],
            "name": "dev-ecs-cluster-sg",
            "name_prefix": "",
            "owner_id": "266735807609",
            "revoke_rules_on_delete": false,
            "tags": {
              "Name": "dev-ecs-cluster-sg"
            },
            "tags_all": {
              "Name": "dev-ecs-cluster-sg"
            },
            "timeouts": null,
            "vpc_id": "vpc-0bf4a3baed258e308"
          },
          "sensitive_attributes": [],
          "private": "eyJlMmJmYjczMC1lY2FhLTExZTYtOGY4OC0zNDM2M2JjN2M0YzAiOnsiY3JlYXRlIjo2MDAwMDAwMDAwMDAsImRlbGV0ZSI6OTAwMDAwMDAwMDAwfSwic2NoZW1hX3ZlcnNpb24iOiIxIn0=",
          "dependencies": [
            "data.aws_vpc.vpc_id"
          ]
        }
      ]
    },
    {
      "mode": "managed",
      "type": "aws_security_group_rule",
      "name": "allow_ecs_cluster_security",
      "provider": "provider[\"registry.terraform.io/hashicorp/aws\"]",
      "instances": [
        {
          "schema_version": 2,
          "attributes": {
            "cidr_blocks": null,
            "description": null,
            "from_port": 0,
            "id": "sgrule-217347472",
            "ipv6_cidr_blocks": null,
            "prefix_list_ids": null,
            "protocol": "tcp",
            "security_group_id": "sg-0e8d6deefdc20290d",
            "security_group_rule_id": "sgr-03b9a5d3ffe66059f",
            "self": false,
            "source_security_group_id": "sg-0e8d6deefdc20290d",
            "timeouts": null,
            "to_port": 65535,
            "type": "ingress"
          },
          "sensitive_attributes": [],
          "private": "eyJlMmJmYjczMC1lY2FhLTExZTYtOGY4OC0zNDM2M2JjN2M0YzAiOnsiY3JlYXRlIjozMDAwMDAwMDAwMDB9LCJzY2hlbWFfdmVyc2lvbiI6IjIifQ==",
          "dependencies": [
            "aws_security_group.sg",
            "data.aws_vpc.vpc_id"
          ]
        }
      ]
    },
    {
      "mode": "managed",
      "type": "aws_vpc_security_group_egress_rule",
      "name": "allow_egress",
      "provider": "provider[\"registry.terraform.io/hashicorp/aws\"]",
      "instances": [
        {
          "schema_version": 0,
          "attributes": {
            "arn": "arn:aws:ec2:ap-south-1:266735807609:security-group-rule/sgr-01a4514b929424e14",
            "cidr_ipv4": "0.0.0.0/0",
            "cidr_ipv6": null,
            "description": null,
            "from_port": null,
            "id": "sgr-01a4514b929424e14",
            "ip_protocol": "-1",
            "prefix_list_id": null,
            "referenced_security_group_id": null,
            "security_group_id": "sg-0e8d6deefdc20290d",
            "security_group_rule_id": "sgr-01a4514b929424e14",
            "tags": null,
            "tags_all": {},
            "to_port": null
          },
          "sensitive_attributes": [],
          "dependencies": [
            "aws_security_group.sg",
            "data.aws_vpc.vpc_id"
          ]
        }
      ]
    },
    {
      "mode": "managed",
      "type": "aws_vpc_security_group_ingress_rule",
      "name": "allow_ssh_ipv4",
      "provider": "provider[\"registry.terraform.io/hashicorp/aws\"]",
      "instances": [
        {
          "schema_version": 0,
          "attributes": {
            "arn": "arn:aws:ec2:ap-south-1:266735807609:security-group-rule/sgr-0f057ecb029c2b4d5",
            "cidr_ipv4": "172.16.0.0/16",
            "cidr_ipv6": null,
            "description": null,
            "from_port": 22,
            "id": "sgr-0f057ecb029c2b4d5",
            "ip_protocol": "tcp",
            "prefix_list_id": null,
            "referenced_security_group_id": null,
            "security_group_id": "sg-0e8d6deefdc20290d",
            "security_group_rule_id": "sgr-0f057ecb029c2b4d5",
            "tags": null,
            "tags_all": {},
            "to_port": 22
          },
          "sensitive_attributes": [],
          "dependencies": [
            "aws_security_group.sg",
            "data.aws_vpc.vpc_id"
          ]
        }
      ]
    }
  ],
  "check_results": null
}
