{
  "version": 4,
  "terraform_version": "1.10.3",
  "serial": 1311,
  "lineage": "c946f3e0-df93-7b3e-ee74-5aeac68a4999",
  "outputs": {},
  "resources": [
    {
      "mode": "data",
      "type": "aws_ecs_cluster",
      "name": "ecs",
      "provider": "provider[\"registry.terraform.io/hashicorp/aws\"]",
      "instances": [
        {
          "schema_version": 0,
          "attributes": {
            "arn": "arn:aws:ecs:ap-south-1:266735807609:cluster/dev-ecs-cluster",
            "cluster_name": "dev-ecs-cluster",
            "id": "arn:aws:ecs:ap-south-1:266735807609:cluster/dev-ecs-cluster",
            "pending_tasks_count": 0,
            "registered_container_instances_count": 0,
            "running_tasks_count": 0,
            "service_connect_defaults": [],
            "setting": [
              {
                "name": "containerInsights",
                "value": "disabled"
              }
            ],
            "status": "ACTIVE",
            "tags": {}
          },
          "sensitive_attributes": []
        }
      ]
    },
    {
      "mode": "data",
      "type": "aws_lb_target_group",
      "name": "ams_control",
      "provider": "provider[\"registry.terraform.io/hashicorp/aws\"]",
      "instances": [
        {
          "schema_version": 0,
          "attributes": {
            "arn": "arn:aws:elasticloadbalancing:ap-south-1:266735807609:targetgroup/ams-control-tg/d37247f0a2767016",
            "arn_suffix": "targetgroup/ams-control-tg/d37247f0a2767016",
            "connection_termination": null,
            "deregistration_delay": "300",
            "health_check": [
              {
                "enabled": true,
                "healthy_threshold": 3,
                "interval": 30,
                "matcher": "200",
                "path": "/api/ams/healthcheck",
                "port": "traffic-port",
                "protocol": "HTTP",
                "timeout": 5,
                "unhealthy_threshold": 3
              }
            ],
            "id": "arn:aws:elasticloadbalancing:ap-south-1:266735807609:targetgroup/ams-control-tg/d37247f0a2767016",
            "lambda_multi_value_headers_enabled": null,
            "load_balancer_arns": [
              "arn:aws:elasticloadbalancing:ap-south-1:266735807609:loadbalancer/app/dev-svc/e2e894cc1faaf1bd"
            ],
            "load_balancing_algorithm_type": "round_robin",
            "load_balancing_anomaly_mitigation": "off",
            "load_balancing_cross_zone_enabled": "use_load_balancer_configuration",
            "name": "ams-control-tg",
            "port": 1,
            "preserve_client_ip": null,
            "protocol": "HTTP",
            "protocol_version": "HTTP1",
            "proxy_protocol_v2": null,
            "slow_start": 0,
            "stickiness": [
              {
                "cookie_duration": 86400,
                "cookie_name": "",
                "enabled": false,
                "type": "lb_cookie"
              }
            ],
            "tags": {},
            "target_type": "instance",
            "timeouts": null,
            "vpc_id": "vpc-0bf4a3baed258e308"
          },
          "sensitive_attributes": []
        }
      ]
    },
    {
      "mode": "data",
      "type": "aws_lb_target_group",
      "name": "ams_reports",
      "provider": "provider[\"registry.terraform.io/hashicorp/aws\"]",
      "instances": [
        {
          "schema_version": 0,
          "attributes": {
            "arn": "arn:aws:elasticloadbalancing:ap-south-1:266735807609:targetgroup/ams-reports-tg/3ef14f05a06dba3f",
            "arn_suffix": "targetgroup/ams-reports-tg/3ef14f05a06dba3f",
            "connection_termination": null,
            "deregistration_delay": "300",
            "health_check": [
              {
                "enabled": true,
                "healthy_threshold": 5,
                "interval": 30,
                "matcher": "200",
                "path": "/api/amsreports/healthcheck",
                "port": "traffic-port",
                "protocol": "HTTP",
                "timeout": 5,
                "unhealthy_threshold": 2
              }
            ],
            "id": "arn:aws:elasticloadbalancing:ap-south-1:266735807609:targetgroup/ams-reports-tg/3ef14f05a06dba3f",
            "lambda_multi_value_headers_enabled": null,
            "load_balancer_arns": [
              "arn:aws:elasticloadbalancing:ap-south-1:266735807609:loadbalancer/app/dev-svc/e2e894cc1faaf1bd"
            ],
            "load_balancing_algorithm_type": "round_robin",
            "load_balancing_anomaly_mitigation": "off",
            "load_balancing_cross_zone_enabled": "use_load_balancer_configuration",
            "name": "ams-reports-tg",
            "port": 1,
            "preserve_client_ip": null,
            "protocol": "HTTP",
            "protocol_version": "HTTP1",
            "proxy_protocol_v2": null,
            "slow_start": 0,
            "stickiness": [
              {
                "cookie_duration": 86400,
                "cookie_name": "",
                "enabled": false,
                "type": "lb_cookie"
              }
            ],
            "tags": {},
            "target_type": "instance",
            "timeouts": null,
            "vpc_id": "vpc-0bf4a3baed258e308"
          },
          "sensitive_attributes": []
        }
      ]
    },
    {
      "mode": "data",
      "type": "aws_lb_target_group",
      "name": "ams_transaction",
      "provider": "provider[\"registry.terraform.io/hashicorp/aws\"]",
      "instances": [
        {
          "schema_version": 0,
          "attributes": {
            "arn": "arn:aws:elasticloadbalancing:ap-south-1:266735807609:targetgroup/ams-transaction-tg/7756ce08c49790b5",
            "arn_suffix": "targetgroup/ams-transaction-tg/7756ce08c49790b5",
            "connection_termination": null,
            "deregistration_delay": "300",
            "health_check": [
              {
                "enabled": true,
                "healthy_threshold": 5,
                "interval": 30,
                "matcher": "200",
                "path": "/api/amstrans/healthcheck",
                "port": "traffic-port",
                "protocol": "HTTP",
                "timeout": 5,
                "unhealthy_threshold": 2
              }
            ],
            "id": "arn:aws:elasticloadbalancing:ap-south-1:266735807609:targetgroup/ams-transaction-tg/7756ce08c49790b5",
            "lambda_multi_value_headers_enabled": null,
            "load_balancer_arns": [
              "arn:aws:elasticloadbalancing:ap-south-1:266735807609:loadbalancer/app/dev-svc/e2e894cc1faaf1bd"
            ],
            "load_balancing_algorithm_type": "round_robin",
            "load_balancing_anomaly_mitigation": "off",
            "load_balancing_cross_zone_enabled": "use_load_balancer_configuration",
            "name": "ams-transaction-tg",
            "port": 1,
            "preserve_client_ip": null,
            "protocol": "HTTP",
            "protocol_version": "HTTP1",
            "proxy_protocol_v2": null,
            "slow_start": 0,
            "stickiness": [
              {
                "cookie_duration": 86400,
                "cookie_name": "",
                "enabled": false,
                "type": "lb_cookie"
              }
            ],
            "tags": {},
            "target_type": "instance",
            "timeouts": null,
            "vpc_id": "vpc-0bf4a3baed258e308"
          },
          "sensitive_attributes": []
        }
      ]
    },
    {
      "mode": "data",
      "type": "aws_lb_target_group",
      "name": "employee_exit",
      "provider": "provider[\"registry.terraform.io/hashicorp/aws\"]",
      "instances": [
        {
          "schema_version": 0,
          "attributes": {
            "arn": "arn:aws:elasticloadbalancing:ap-south-1:266735807609:targetgroup/employee-exit-backend-tg/2c0ab278ff4263af",
            "arn_suffix": "targetgroup/employee-exit-backend-tg/2c0ab278ff4263af",
            "connection_termination": null,
            "deregistration_delay": "300",
            "health_check": [
              {
                "enabled": true,
                "healthy_threshold": 3,
                "interval": 30,
                "matcher": "200",
                "path": "/api/empexit/healthcheck",
                "port": "traffic-port",
                "protocol": "HTTP",
                "timeout": 5,
                "unhealthy_threshold": 3
              }
            ],
            "id": "arn:aws:elasticloadbalancing:ap-south-1:266735807609:targetgroup/employee-exit-backend-tg/2c0ab278ff4263af",
            "lambda_multi_value_headers_enabled": null,
            "load_balancer_arns": [
              "arn:aws:elasticloadbalancing:ap-south-1:266735807609:loadbalancer/app/dev-svc/e2e894cc1faaf1bd"
            ],
            "load_balancing_algorithm_type": "round_robin",
            "load_balancing_anomaly_mitigation": "off",
            "load_balancing_cross_zone_enabled": "use_load_balancer_configuration",
            "name": "employee-exit-backend-tg",
            "port": 1,
            "preserve_client_ip": null,
            "protocol": "HTTP",
            "protocol_version": "HTTP1",
            "proxy_protocol_v2": null,
            "slow_start": 0,
            "stickiness": [
              {
                "cookie_duration": 86400,
                "cookie_name": "",
                "enabled": false,
                "type": "lb_cookie"
              }
            ],
            "tags": {},
            "target_type": "instance",
            "timeouts": null,
            "vpc_id": "vpc-0bf4a3baed258e308"
          },
          "sensitive_attributes": []
        }
      ]
    },
    {
      "mode": "data",
      "type": "aws_lb_target_group",
      "name": "employee_exit_transaction_backend",
      "provider": "provider[\"registry.terraform.io/hashicorp/aws\"]",
      "instances": [
        {
          "schema_version": 0,
          "attributes": {
            "arn": "arn:aws:elasticloadbalancing:ap-south-1:266735807609:targetgroup/employee-exit-trans-backend-tg/f0357d01e424f6dc",
            "arn_suffix": "targetgroup/employee-exit-trans-backend-tg/f0357d01e424f6dc",
            "connection_termination": null,
            "deregistration_delay": "300",
            "health_check": [
              {
                "enabled": true,
                "healthy_threshold": 3,
                "interval": 30,
                "matcher": "200",
                "path": "/api/empexittrans/healthcheck",
                "port": "traffic-port",
                "protocol": "HTTP",
                "timeout": 5,
                "unhealthy_threshold": 3
              }
            ],
            "id": "arn:aws:elasticloadbalancing:ap-south-1:266735807609:targetgroup/employee-exit-trans-backend-tg/f0357d01e424f6dc",
            "lambda_multi_value_headers_enabled": null,
            "load_balancer_arns": [
              "arn:aws:elasticloadbalancing:ap-south-1:266735807609:loadbalancer/app/dev-svc/e2e894cc1faaf1bd"
            ],
            "load_balancing_algorithm_type": "round_robin",
            "load_balancing_anomaly_mitigation": "off",
            "load_balancing_cross_zone_enabled": "use_load_balancer_configuration",
            "name": "employee-exit-trans-backend-tg",
            "port": 1,
            "preserve_client_ip": null,
            "protocol": "HTTP",
            "protocol_version": "HTTP1",
            "proxy_protocol_v2": null,
            "slow_start": 0,
            "stickiness": [
              {
                "cookie_duration": 86400,
                "cookie_name": "",
                "enabled": false,
                "type": "lb_cookie"
              }
            ],
            "tags": {},
            "target_type": "instance",
            "timeouts": null,
            "vpc_id": "vpc-0bf4a3baed258e308"
          },
          "sensitive_attributes": []
        }
      ]
    },
    {
      "mode": "data",
      "type": "aws_lb_target_group",
      "name": "employee_mgmt",
      "provider": "provider[\"registry.terraform.io/hashicorp/aws\"]",
      "instances": [
        {
          "schema_version": 0,
          "attributes": {
            "arn": "arn:aws:elasticloadbalancing:ap-south-1:266735807609:targetgroup/employee-mgmt-tg/526327279fb0e298",
            "arn_suffix": "targetgroup/employee-mgmt-tg/526327279fb0e298",
            "connection_termination": null,
            "deregistration_delay": "300",
            "health_check": [
              {
                "enabled": true,
                "healthy_threshold": 3,
                "interval": 30,
                "matcher": "200",
                "path": "/api/empmgt/healthcheck",
                "port": "traffic-port",
                "protocol": "HTTP",
                "timeout": 5,
                "unhealthy_threshold": 3
              }
            ],
            "id": "arn:aws:elasticloadbalancing:ap-south-1:266735807609:targetgroup/employee-mgmt-tg/526327279fb0e298",
            "lambda_multi_value_headers_enabled": null,
            "load_balancer_arns": [
              "arn:aws:elasticloadbalancing:ap-south-1:266735807609:loadbalancer/app/dev-svc/e2e894cc1faaf1bd"
            ],
            "load_balancing_algorithm_type": "round_robin",
            "load_balancing_anomaly_mitigation": "off",
            "load_balancing_cross_zone_enabled": "use_load_balancer_configuration",
            "name": "employee-mgmt-tg",
            "port": 1,
            "preserve_client_ip": null,
            "protocol": "HTTP",
            "protocol_version": "HTTP1",
            "proxy_protocol_v2": null,
            "slow_start": 0,
            "stickiness": [
              {
                "cookie_duration": 86400,
                "cookie_name": "",
                "enabled": false,
                "type": "lb_cookie"
              }
            ],
            "tags": {},
            "target_type": "instance",
            "timeouts": null,
            "vpc_id": "vpc-0bf4a3baed258e308"
          },
          "sensitive_attributes": []
        }
      ]
    },
    {
      "mode": "data",
      "type": "aws_lb_target_group",
      "name": "employee_mgmt_transaction",
      "provider": "provider[\"registry.terraform.io/hashicorp/aws\"]",
      "instances": [
        {
          "schema_version": 0,
          "attributes": {
            "arn": "arn:aws:elasticloadbalancing:ap-south-1:266735807609:targetgroup/employee-mgmt-trans-backend-tg/80e7c8270fb11c54",
            "arn_suffix": "targetgroup/employee-mgmt-trans-backend-tg/80e7c8270fb11c54",
            "connection_termination": null,
            "deregistration_delay": "300",
            "health_check": [
              {
                "enabled": true,
                "healthy_threshold": 3,
                "interval": 30,
                "matcher": "200",
                "path": "/api/empmgttrans/healthcheck",
                "port": "traffic-port",
                "protocol": "HTTP",
                "timeout": 5,
                "unhealthy_threshold": 3
              }
            ],
            "id": "arn:aws:elasticloadbalancing:ap-south-1:266735807609:targetgroup/employee-mgmt-trans-backend-tg/80e7c8270fb11c54",
            "lambda_multi_value_headers_enabled": null,
            "load_balancer_arns": [
              "arn:aws:elasticloadbalancing:ap-south-1:266735807609:loadbalancer/app/dev-svc/e2e894cc1faaf1bd"
            ],
            "load_balancing_algorithm_type": "round_robin",
            "load_balancing_anomaly_mitigation": "off",
            "load_balancing_cross_zone_enabled": "use_load_balancer_configuration",
            "name": "employee-mgmt-trans-backend-tg",
            "port": 1,
            "preserve_client_ip": null,
            "protocol": "HTTP",
            "protocol_version": "HTTP1",
            "proxy_protocol_v2": null,
            "slow_start": 0,
            "stickiness": [
              {
                "cookie_duration": 86400,
                "cookie_name": "",
                "enabled": false,
                "type": "lb_cookie"
              }
            ],
            "tags": {},
            "target_type": "instance",
            "timeouts": null,
            "vpc_id": "vpc-0bf4a3baed258e308"
          },
          "sensitive_attributes": []
        }
      ]
    },
    {
      "mode": "data",
      "type": "aws_lb_target_group",
      "name": "login_backend",
      "provider": "provider[\"registry.terraform.io/hashicorp/aws\"]",
      "instances": [
        {
          "schema_version": 0,
          "attributes": {
            "arn": "arn:aws:elasticloadbalancing:ap-south-1:266735807609:targetgroup/login-backend-tg/a898c5b4569e68e8",
            "arn_suffix": "targetgroup/login-backend-tg/a898c5b4569e68e8",
            "connection_termination": null,
            "deregistration_delay": "300",
            "health_check": [
              {
                "enabled": true,
                "healthy_threshold": 3,
                "interval": 30,
                "matcher": "200",
                "path": "/api/healthcheck",
                "port": "traffic-port",
                "protocol": "HTTP",
                "timeout": 5,
                "unhealthy_threshold": 3
              }
            ],
            "id": "arn:aws:elasticloadbalancing:ap-south-1:266735807609:targetgroup/login-backend-tg/a898c5b4569e68e8",
            "lambda_multi_value_headers_enabled": null,
            "load_balancer_arns": [
              "arn:aws:elasticloadbalancing:ap-south-1:266735807609:loadbalancer/app/dev-svc/e2e894cc1faaf1bd"
            ],
            "load_balancing_algorithm_type": "round_robin",
            "load_balancing_anomaly_mitigation": "off",
            "load_balancing_cross_zone_enabled": "use_load_balancer_configuration",
            "name": "login-backend-tg",
            "port": 1,
            "preserve_client_ip": null,
            "protocol": "HTTP",
            "protocol_version": "HTTP1",
            "proxy_protocol_v2": null,
            "slow_start": 0,
            "stickiness": [
              {
                "cookie_duration": 86400,
                "cookie_name": "",
                "enabled": false,
                "type": "lb_cookie"
              }
            ],
            "tags": {},
            "target_type": "instance",
            "timeouts": null,
            "vpc_id": "vpc-0bf4a3baed258e308"
          },
          "sensitive_attributes": []
        }
      ]
    },
    {
      "mode": "data",
      "type": "aws_lb_target_group",
      "name": "org_backend",
      "provider": "provider[\"registry.terraform.io/hashicorp/aws\"]",
      "instances": [
        {
          "schema_version": 0,
          "attributes": {
            "arn": "arn:aws:elasticloadbalancing:ap-south-1:266735807609:targetgroup/org-backend-tg/bb855fab14a292af",
            "arn_suffix": "targetgroup/org-backend-tg/bb855fab14a292af",
            "connection_termination": null,
            "deregistration_delay": "300",
            "health_check": [
              {
                "enabled": true,
                "healthy_threshold": 3,
                "interval": 30,
                "matcher": "200",
                "path": "/api/org/healthcheck",
                "port": "traffic-port",
                "protocol": "HTTP",
                "timeout": 5,
                "unhealthy_threshold": 3
              }
            ],
            "id": "arn:aws:elasticloadbalancing:ap-south-1:266735807609:targetgroup/org-backend-tg/bb855fab14a292af",
            "lambda_multi_value_headers_enabled": null,
            "load_balancer_arns": [
              "arn:aws:elasticloadbalancing:ap-south-1:266735807609:loadbalancer/app/dev-svc/e2e894cc1faaf1bd"
            ],
            "load_balancing_algorithm_type": "round_robin",
            "load_balancing_anomaly_mitigation": "off",
            "load_balancing_cross_zone_enabled": "use_load_balancer_configuration",
            "name": "org-backend-tg",
            "port": 1,
            "preserve_client_ip": null,
            "protocol": "HTTP",
            "protocol_version": "HTTP1",
            "proxy_protocol_v2": null,
            "slow_start": 0,
            "stickiness": [
              {
                "cookie_duration": 86400,
                "cookie_name": "",
                "enabled": false,
                "type": "lb_cookie"
              }
            ],
            "tags": {},
            "target_type": "instance",
            "timeouts": null,
            "vpc_id": "vpc-0bf4a3baed258e308"
          },
          "sensitive_attributes": []
        }
      ]
    },
    {
      "mode": "data",
      "type": "aws_lb_target_group",
      "name": "reports_backend",
      "provider": "provider[\"registry.terraform.io/hashicorp/aws\"]",
      "instances": [
        {
          "schema_version": 0,
          "attributes": {
            "arn": "arn:aws:elasticloadbalancing:ap-south-1:266735807609:targetgroup/reports-backend-tg/d65ae953bd8ce621",
            "arn_suffix": "targetgroup/reports-backend-tg/d65ae953bd8ce621",
            "connection_termination": null,
            "deregistration_delay": "300",
            "health_check": [
              {
                "enabled": true,
                "healthy_threshold": 3,
                "interval": 30,
                "matcher": "200",
                "path": "/api/empmgtreports/healthcheck",
                "port": "traffic-port",
                "protocol": "HTTP",
                "timeout": 5,
                "unhealthy_threshold": 3
              }
            ],
            "id": "arn:aws:elasticloadbalancing:ap-south-1:266735807609:targetgroup/reports-backend-tg/d65ae953bd8ce621",
            "lambda_multi_value_headers_enabled": null,
            "load_balancer_arns": [
              "arn:aws:elasticloadbalancing:ap-south-1:266735807609:loadbalancer/app/dev-svc/e2e894cc1faaf1bd"
            ],
            "load_balancing_algorithm_type": "round_robin",
            "load_balancing_anomaly_mitigation": "off",
            "load_balancing_cross_zone_enabled": "use_load_balancer_configuration",
            "name": "reports-backend-tg",
            "port": 1,
            "preserve_client_ip": null,
            "protocol": "HTTP",
            "protocol_version": "HTTP1",
            "proxy_protocol_v2": null,
            "slow_start": 0,
            "stickiness": [
              {
                "cookie_duration": 86400,
                "cookie_name": "",
                "enabled": false,
                "type": "lb_cookie"
              }
            ],
            "tags": {},
            "target_type": "instance",
            "timeouts": null,
            "vpc_id": "vpc-0bf4a3baed258e308"
          },
          "sensitive_attributes": []
        }
      ]
    },
    {
      "mode": "data",
      "type": "aws_subnet",
      "name": "private",
      "provider": "provider[\"registry.terraform.io/hashicorp/aws\"]",
      "instances": [
        {
          "index_key": 0,
          "schema_version": 0,
          "attributes": {
            "arn": "arn:aws:ec2:ap-south-1:266735807609:subnet/subnet-050bae3e0148607bd",
            "assign_ipv6_address_on_creation": false,
            "availability_zone": "ap-south-1a",
            "availability_zone_id": "aps1-az1",
            "available_ip_address_count": 249,
            "cidr_block": "172.16.21.0/24",
            "customer_owned_ipv4_pool": "",
            "default_for_az": false,
            "enable_dns64": false,
            "enable_lni_at_device_index": 0,
            "enable_resource_name_dns_a_record_on_launch": false,
            "enable_resource_name_dns_aaaa_record_on_launch": false,
            "filter": [
              {
                "name": "tag:Name",
                "values": [
                  "Icomm-ClassicTU-vpc-subnet-private1-ap-south-1a",
                  "Icomm-ClassicTU-vpc-subnet-private2-ap-south-1b"
                ]
              }
            ],
            "id": "subnet-050bae3e0148607bd",
            "ipv6_cidr_block": "",
            "ipv6_cidr_block_association_id": "",
            "ipv6_native": false,
            "map_customer_owned_ip_on_launch": false,
            "map_public_ip_on_launch": false,
            "outpost_arn": "",
            "owner_id": "266735807609",
            "private_dns_hostname_type_on_launch": "ip-name",
            "state": "available",
            "tags": {
              "Name": "Icomm-ClassicTU-vpc-subnet-private1-ap-south-1a",
              "VPC Createddate": "25-Nov-2024",
              "VPC Name": "Icomm-ClassicTU-vpc"
            },
            "timeouts": null,
            "vpc_id": "vpc-0bf4a3baed258e308"
          },
          "sensitive_attributes": []
        },
        {
          "index_key": 1,
          "schema_version": 0,
          "attributes": {
            "arn": "arn:aws:ec2:ap-south-1:266735807609:subnet/subnet-016ba99401669b889",
            "assign_ipv6_address_on_creation": false,
            "availability_zone": "ap-south-1b",
            "availability_zone_id": "aps1-az3",
            "available_ip_address_count": 250,
            "cidr_block": "172.16.22.0/24",
            "customer_owned_ipv4_pool": "",
            "default_for_az": false,
            "enable_dns64": false,
            "enable_lni_at_device_index": 0,
            "enable_resource_name_dns_a_record_on_launch": false,
            "enable_resource_name_dns_aaaa_record_on_launch": false,
            "filter": [
              {
                "name": "tag:Name",
                "values": [
                  "Icomm-ClassicTU-vpc-subnet-private1-ap-south-1a",
                  "Icomm-ClassicTU-vpc-subnet-private2-ap-south-1b"
                ]
              }
            ],
            "id": "subnet-016ba99401669b889",
            "ipv6_cidr_block": "",
            "ipv6_cidr_block_association_id": "",
            "ipv6_native": false,
            "map_customer_owned_ip_on_launch": false,
            "map_public_ip_on_launch": false,
            "outpost_arn": "",
            "owner_id": "266735807609",
            "private_dns_hostname_type_on_launch": "ip-name",
            "state": "available",
            "tags": {
              "Name": "Icomm-ClassicTU-vpc-subnet-private2-ap-south-1b",
              "VPC Createddate": "25-Nov-2024",
              "VPC Name": "Icomm-ClassicTU-vpc"
            },
            "timeouts": null,
            "vpc_id": "vpc-0bf4a3baed258e308"
          },
          "sensitive_attributes": []
        }
      ]
    },
    {
      "mode": "data",
      "type": "aws_vpc",
      "name": "vpc_id",
      "provider": "provider[\"registry.terraform.io/hashicorp/aws\"]",
      "instances": [
        {
          "schema_version": 0,
          "attributes": {
            "arn": "arn:aws:ec2:ap-south-1:266735807609:vpc/vpc-0bf4a3baed258e308",
            "cidr_block": "172.16.0.0/16",
            "cidr_block_associations": [
              {
                "association_id": "vpc-cidr-assoc-0bbe682601009f2ea",
                "cidr_block": "172.16.0.0/16",
                "state": "associated"
              }
            ],
            "default": false,
            "dhcp_options_id": "dopt-062cd21a2ff98dd58",
            "enable_dns_hostnames": true,
            "enable_dns_support": true,
            "enable_network_address_usage_metrics": false,
            "filter": [
              {
                "name": "tag:Name",
                "values": [
                  "classic-tech-upgrade-vpc"
                ]
              }
            ],
            "id": "vpc-0bf4a3baed258e308",
            "instance_tenancy": "default",
            "ipv6_association_id": "",
            "ipv6_cidr_block": "",
            "main_route_table_id": "rtb-0a6bc89db1bb09a48",
            "owner_id": "266735807609",
            "state": null,
            "tags": {
              "Name": "classic-tech-upgrade-vpc",
              "VPC Createddate": "25-Nov-2024",
              "VPC Name": "Icomm-ClassicTU-vpc"
            },
            "timeouts": null
          },
          "sensitive_attributes": []
        }
      ]
    },
    {
      "module": "module.Ams_control_Services",
      "mode": "managed",
      "type": "aws_appautoscaling_policy",
      "name": "scale_down_policy",
      "provider": "provider[\"registry.terraform.io/hashicorp/aws\"]",
      "instances": [
        {
          "schema_version": 0,
          "attributes": {
            "alarm_arns": [],
            "arn": "arn:aws:autoscaling:ap-south-1:266735807609:scalingPolicy:4f3ab963-cf13-4c2a-9318-8e4dd3f86a6a:resource/ecs/service/dev-ecs-cluster/dev-ams-control-backend-ecs-service:policyName/dev-ams-control-backend-scale-down-policy",
            "id": "dev-ams-control-backend-scale-down-policy",
            "name": "dev-ams-control-backend-scale-down-policy",
            "policy_type": "StepScaling",
            "resource_id": "service/dev-ecs-cluster/dev-ams-control-backend-ecs-service",
            "scalable_dimension": "ecs:service:DesiredCount",
            "service_namespace": "ecs",
            "step_scaling_policy_configuration": [
              {
                "adjustment_type": "ChangeInCapacity",
                "cooldown": 60,
                "metric_aggregation_type": "Maximum",
                "min_adjustment_magnitude": 0,
                "step_adjustment": [
                  {
                    "metric_interval_lower_bound": "",
                    "metric_interval_upper_bound": "0",
                    "scaling_adjustment": -1
                  }
                ]
              }
            ],
            "target_tracking_scaling_policy_configuration": []
          },
          "sensitive_attributes": [],
          "private": "bnVsbA==",
          "dependencies": [
            "module.Ams_control_Services.aws_appautoscaling_target.scale_target"
          ]
        }
      ]
    },
    {
      "module": "module.Ams_control_Services",
      "mode": "managed",
      "type": "aws_appautoscaling_policy",
      "name": "scale_up_policy",
      "provider": "provider[\"registry.terraform.io/hashicorp/aws\"]",
      "instances": [
        {
          "schema_version": 0,
          "attributes": {
            "alarm_arns": [],
            "arn": "arn:aws:autoscaling:ap-south-1:266735807609:scalingPolicy:4f3ab963-cf13-4c2a-9318-8e4dd3f86a6a:resource/ecs/service/dev-ecs-cluster/dev-ams-control-backend-ecs-service:policyName/dev-ams-control-backend-scale-up-policy",
            "id": "dev-ams-control-backend-scale-up-policy",
            "name": "dev-ams-control-backend-scale-up-policy",
            "policy_type": "StepScaling",
            "resource_id": "service/dev-ecs-cluster/dev-ams-control-backend-ecs-service",
            "scalable_dimension": "ecs:service:DesiredCount",
            "service_namespace": "ecs",
            "step_scaling_policy_configuration": [
              {
                "adjustment_type": "ChangeInCapacity",
                "cooldown": 60,
                "metric_aggregation_type": "Maximum",
                "min_adjustment_magnitude": 0,
                "step_adjustment": [
                  {
                    "metric_interval_lower_bound": "0",
                    "metric_interval_upper_bound": "",
                    "scaling_adjustment": 1
                  }
                ]
              }
            ],
            "target_tracking_scaling_policy_configuration": []
          },
          "sensitive_attributes": [],
          "private": "bnVsbA==",
          "dependencies": [
            "module.Ams_control_Services.aws_appautoscaling_target.scale_target"
          ]
        }
      ]
    },
    {
      "module": "module.Ams_control_Services",
      "mode": "managed",
      "type": "aws_appautoscaling_target",
      "name": "scale_target",
      "provider": "provider[\"registry.terraform.io/hashicorp/aws\"]",
      "instances": [
        {
          "schema_version": 0,
          "attributes": {
            "arn": "arn:aws:application-autoscaling:ap-south-1:266735807609:scalable-target/0ec54f3ab963cf134c2a93188e4dd3f86a6a",
            "id": "service/dev-ecs-cluster/dev-ams-control-backend-ecs-service",
            "max_capacity": 5,
            "min_capacity": 1,
            "resource_id": "service/dev-ecs-cluster/dev-ams-control-backend-ecs-service",
            "role_arn": "arn:aws:iam::266735807609:role/aws-service-role/ecs.application-autoscaling.amazonaws.com/AWSServiceRoleForApplicationAutoScaling_ECSService",
            "scalable_dimension": "ecs:service:DesiredCount",
            "service_namespace": "ecs",
            "suspended_state": [
              {
                "dynamic_scaling_in_suspended": false,
                "dynamic_scaling_out_suspended": false,
                "scheduled_scaling_suspended": false
              }
            ],
            "tags": null,
            "tags_all": {}
          },
          "sensitive_attributes": [],
          "private": "bnVsbA=="
        }
      ]
    },
    {
      "module": "module.Ams_control_Services",
      "mode": "managed",
      "type": "aws_cloudwatch_log_group",
      "name": "log-group",
      "provider": "provider[\"registry.terraform.io/hashicorp/aws\"]",
      "instances": [
        {
          "schema_version": 0,
          "attributes": {
            "arn": "arn:aws:logs:ap-south-1:266735807609:log-group:dev-ams-control-backend-logs",
            "id": "dev-ams-control-backend-logs",
            "kms_key_id": "",
            "log_group_class": "STANDARD",
            "name": "dev-ams-control-backend-logs",
            "name_prefix": "",
            "retention_in_days": 14,
            "skip_destroy": false,
            "tags": {
              "Service": "ams-control-backend",
              "env": "dev"
            },
            "tags_all": {
              "Service": "ams-control-backend",
              "env": "dev"
            }
          },
          "sensitive_attributes": [],
          "private": "bnVsbA=="
        }
      ]
    },
    {
      "module": "module.Ams_control_Services",
      "mode": "managed",
      "type": "aws_cloudwatch_metric_alarm",
      "name": "cpu_high",
      "provider": "provider[\"registry.terraform.io/hashicorp/aws\"]",
      "instances": [
        {
          "schema_version": 1,
          "attributes": {
            "actions_enabled": true,
            "alarm_actions": [
              "arn:aws:autoscaling:ap-south-1:266735807609:scalingPolicy:4f3ab963-cf13-4c2a-9318-8e4dd3f86a6a:resource/ecs/service/dev-ecs-cluster/dev-ams-control-backend-ecs-service:policyName/dev-ams-control-backend-scale-up-policy"
            ],
            "alarm_description": "",
            "alarm_name": "dev-ams-control-backend-cpu-high",
            "arn": "arn:aws:cloudwatch:ap-south-1:266735807609:alarm:dev-ams-control-backend-cpu-high",
            "comparison_operator": "GreaterThanOrEqualToThreshold",
            "datapoints_to_alarm": 0,
            "dimensions": {
              "ClusterName": "dev-ecs-cluster",
              "ServiceName": "dev-ams-control-backend-ecs-service"
            },
            "evaluate_low_sample_count_percentiles": "",
            "evaluation_periods": 3,
            "extended_statistic": "",
            "id": "dev-ams-control-backend-cpu-high",
            "insufficient_data_actions": [],
            "metric_name": "CPUUtilization",
            "metric_query": [],
            "namespace": "AWS/ECS",
            "ok_actions": [],
            "period": 60,
            "statistic": "Maximum",
            "tags": {
              "Name": "dev-ams-control-backend-cpu-high",
              "env": "dev"
            },
            "tags_all": {
              "Name": "dev-ams-control-backend-cpu-high",
              "env": "dev"
            },
            "threshold": 60,
            "threshold_metric_id": "",
            "treat_missing_data": "missing",
            "unit": ""
          },
          "sensitive_attributes": [],
          "private": "eyJzY2hlbWFfdmVyc2lvbiI6IjEifQ==",
          "dependencies": [
            "module.Ams_control_Services.aws_appautoscaling_policy.scale_up_policy",
            "module.Ams_control_Services.aws_appautoscaling_target.scale_target"
          ]
        }
      ]
    },
    {
      "module": "module.Ams_control_Services",
      "mode": "managed",
      "type": "aws_cloudwatch_metric_alarm",
      "name": "cpu_low",
      "provider": "provider[\"registry.terraform.io/hashicorp/aws\"]",
      "instances": [
        {
          "schema_version": 1,
          "attributes": {
            "actions_enabled": true,
            "alarm_actions": [
              "arn:aws:autoscaling:ap-south-1:266735807609:scalingPolicy:4f3ab963-cf13-4c2a-9318-8e4dd3f86a6a:resource/ecs/service/dev-ecs-cluster/dev-ams-control-backend-ecs-service:policyName/dev-ams-control-backend-scale-down-policy"
            ],
            "alarm_description": "",
            "alarm_name": "dev-ams-control-backend-cpu-low",
            "arn": "arn:aws:cloudwatch:ap-south-1:266735807609:alarm:dev-ams-control-backend-cpu-low",
            "comparison_operator": "LessThanOrEqualToThreshold",
            "datapoints_to_alarm": 0,
            "dimensions": {
              "ClusterName": "dev-ecs-cluster",
              "ServiceName": "dev-ams-control-backend-ecs-service"
            },
            "evaluate_low_sample_count_percentiles": "",
            "evaluation_periods": 3,
            "extended_statistic": "",
            "id": "dev-ams-control-backend-cpu-low",
            "insufficient_data_actions": [],
            "metric_name": "CPUUtilization",
            "metric_query": [],
            "namespace": "AWS/ECS",
            "ok_actions": [],
            "period": 60,
            "statistic": "Average",
            "tags": {
              "Name": "dev-ams-control-backend-cpu-low",
              "env": "dev"
            },
            "tags_all": {
              "Name": "dev-ams-control-backend-cpu-low",
              "env": "dev"
            },
            "threshold": 10,
            "threshold_metric_id": "",
            "treat_missing_data": "missing",
            "unit": ""
          },
          "sensitive_attributes": [],
          "private": "eyJzY2hlbWFfdmVyc2lvbiI6IjEifQ==",
          "dependencies": [
            "module.Ams_control_Services.aws_appautoscaling_policy.scale_down_policy",
            "module.Ams_control_Services.aws_appautoscaling_target.scale_target"
          ]
        }
      ]
    },
    {
      "module": "module.Ams_control_Services",
      "mode": "managed",
      "type": "aws_ecr_lifecycle_policy",
      "name": "ecr_image_retention",
      "provider": "provider[\"registry.terraform.io/hashicorp/aws\"]",
      "instances": [
        {
          "schema_version": 0,
          "attributes": {
            "id": "ams-control-backend",
            "policy": "{\"rules\":[{\"action\":{\"type\":\"expire\"},\"description\":\"Expire images older than 14 days\",\"rulePriority\":1,\"selection\":{\"countNumber\":14,\"countType\":\"sinceImagePushed\",\"countUnit\":\"days\",\"tagStatus\":\"untagged\"}}]}",
            "registry_id": "266735807609",
            "repository": "ams-control-backend"
          },
          "sensitive_attributes": [],
          "private": "bnVsbA==",
          "dependencies": [
            "module.Ams_control_Services.aws_ecr_repository.ecr"
          ]
        }
      ]
    },
    {
      "module": "module.Ams_control_Services",
      "mode": "managed",
      "type": "aws_ecr_repository",
      "name": "ecr",
      "provider": "provider[\"registry.terraform.io/hashicorp/aws\"]",
      "instances": [
        {
          "schema_version": 0,
          "attributes": {
            "arn": "arn:aws:ecr:ap-south-1:266735807609:repository/ams-control-backend",
            "encryption_configuration": [
              {
                "encryption_type": "AES256",
                "kms_key": ""
              }
            ],
            "force_delete": null,
            "id": "ams-control-backend",
            "image_scanning_configuration": [
              {
                "scan_on_push": false
              }
            ],
            "image_tag_mutability": "MUTABLE",
            "name": "ams-control-backend",
            "registry_id": "266735807609",
            "repository_url": "266735807609.dkr.ecr.ap-south-1.amazonaws.com/ams-control-backend",
            "tags": {
              "Service": "ams-control-backend",
              "env": "dev"
            },
            "tags_all": {
              "Service": "ams-control-backend",
              "env": "dev"
            },
            "timeouts": null
          },
          "sensitive_attributes": [],
          "private": "eyJlMmJmYjczMC1lY2FhLTExZTYtOGY4OC0zNDM2M2JjN2M0YzAiOnsiZGVsZXRlIjoxMjAwMDAwMDAwMDAwfX0="
        }
      ]
    },
    {
      "module": "module.Ams_control_Services",
      "mode": "managed",
      "type": "aws_ecs_service",
      "name": "aws-ecs-service",
      "provider": "provider[\"registry.terraform.io/hashicorp/aws\"]",
      "instances": [
        {
          "schema_version": 1,
          "attributes": {
            "alarms": [],
            "availability_zone_rebalancing": "DISABLED",
            "capacity_provider_strategy": [
              {
                "base": 0,
                "capacity_provider": "dev-ecs-cluster-cp",
                "weight": 1
              }
            ],
            "cluster": "arn:aws:ecs:ap-south-1:266735807609:cluster/dev-ecs-cluster",
            "deployment_circuit_breaker": [
              {
                "enable": false,
                "rollback": false
              }
            ],
            "deployment_controller": [
              {
                "type": "ECS"
              }
            ],
            "deployment_maximum_percent": 200,
            "deployment_minimum_healthy_percent": 100,
            "desired_count": 1,
            "enable_ecs_managed_tags": false,
            "enable_execute_command": false,
            "force_delete": null,
            "force_new_deployment": true,
            "health_check_grace_period_seconds": 0,
            "iam_role": "/aws-service-role/ecs.amazonaws.com/AWSServiceRoleForECS",
            "id": "arn:aws:ecs:ap-south-1:266735807609:service/dev-ecs-cluster/dev-ams-control-backend-ecs-service",
            "launch_type": "",
            "load_balancer": [
              {
                "container_name": "dev-ams-control-backend-container",
                "container_port": 3000,
                "elb_name": "",
                "target_group_arn": "arn:aws:elasticloadbalancing:ap-south-1:266735807609:targetgroup/ams-control-tg/d37247f0a2767016"
              }
            ],
            "name": "dev-ams-control-backend-ecs-service",
            "network_configuration": [],
            "ordered_placement_strategy": [
              {
                "field": "cpu",
                "type": "binpack"
              }
            ],
            "placement_constraints": [],
            "platform_version": "",
            "propagate_tags": "NONE",
            "scheduling_strategy": "REPLICA",
            "service_connect_configuration": [],
            "service_registries": [],
            "tags": null,
            "tags_all": {},
            "task_definition": "arn:aws:ecs:ap-south-1:266735807609:task-definition/dev-ams-control-backend-task:1",
            "timeouts": null,
            "triggers": {},
            "volume_configuration": [],
            "vpc_lattice_configurations": [],
            "wait_for_steady_state": false
          },
          "sensitive_attributes": [],
          "private": "eyJlMmJmYjczMC1lY2FhLTExZTYtOGY4OC0zNDM2M2JjN2M0YzAiOnsiY3JlYXRlIjoxMjAwMDAwMDAwMDAwLCJkZWxldGUiOjEyMDAwMDAwMDAwMDAsInVwZGF0ZSI6MTIwMDAwMDAwMDAwMH0sInNjaGVtYV92ZXJzaW9uIjoiMSJ9",
          "dependencies": [
            "data.aws_ecs_cluster.ecs",
            "data.aws_lb_target_group.ams_control",
            "module.Ams_control_Services.aws_cloudwatch_log_group.log-group",
            "module.Ams_control_Services.aws_ecr_repository.ecr",
            "module.Ams_control_Services.aws_ecs_task_definition.aws-ecs-task"
          ]
        }
      ]
    },
    {
      "module": "module.Ams_control_Services",
      "mode": "managed",
      "type": "aws_ecs_task_definition",
      "name": "aws-ecs-task",
      "provider": "provider[\"registry.terraform.io/hashicorp/aws\"]",
      "instances": [
        {
          "schema_version": 1,
          "attributes": {
            "arn": "arn:aws:ecs:ap-south-1:266735807609:task-definition/dev-ams-control-backend-task:1",
            "arn_without_revision": "arn:aws:ecs:ap-south-1:266735807609:task-definition/dev-ams-control-backend-task",
            "container_definitions": "[{\"cpu\":128,\"entryPoint\":[],\"environment\":[],\"essential\":true,\"image\":\"266735807609.dkr.ecr.ap-south-1.amazonaws.com/ams-control-backend:latest\",\"logConfiguration\":{\"logDriver\":\"awslogs\",\"options\":{\"awslogs-group\":\"dev-ams-control-backend-logs\",\"awslogs-region\":\"ap-south-1\",\"awslogs-stream-prefix\":\"dev-ams-control-backend\"}},\"memory\":256,\"mountPoints\":[],\"name\":\"dev-ams-control-backend-container\",\"portMappings\":[{\"containerPort\":3000,\"hostPort\":0,\"protocol\":\"tcp\"}],\"systemControls\":[],\"volumesFrom\":[]}]",
            "cpu": "128",
            "enable_fault_injection": false,
            "ephemeral_storage": [],
            "execution_role_arn": "",
            "family": "dev-ams-control-backend-task",
            "id": "dev-ams-control-backend-task",
            "inference_accelerator": [],
            "ipc_mode": "",
            "memory": "256",
            "network_mode": "bridge",
            "pid_mode": "",
            "placement_constraints": [],
            "proxy_configuration": [],
            "requires_compatibilities": [
              "EC2"
            ],
            "revision": 1,
            "runtime_platform": [],
            "skip_destroy": false,
            "tags": {
              "Name": "dev-ams-control-backend-ecs-td",
              "env": "dev"
            },
            "tags_all": {
              "Name": "dev-ams-control-backend-ecs-td",
              "env": "dev"
            },
            "task_role_arn": "",
            "track_latest": false,
            "volume": []
          },
          "sensitive_attributes": [],
          "private": "eyJzY2hlbWFfdmVyc2lvbiI6IjEifQ==",
          "dependencies": [
            "module.Ams_control_Services.aws_cloudwatch_log_group.log-group",
            "module.Ams_control_Services.aws_ecr_repository.ecr"
          ]
        }
      ]
    },
    {
      "module": "module.Ams_reports_Services",
      "mode": "managed",
      "type": "aws_appautoscaling_policy",
      "name": "scale_down_policy",
      "provider": "provider[\"registry.terraform.io/hashicorp/aws\"]",
      "instances": [
        {
          "schema_version": 0,
          "attributes": {
            "alarm_arns": [],
            "arn": "arn:aws:autoscaling:ap-south-1:266735807609:scalingPolicy:09ddc671-655f-4555-8336-6d7ec8ef6306:resource/ecs/service/dev-ecs-cluster/dev-ams-reports-backend-ecs-service:policyName/dev-ams-reports-backend-scale-down-policy",
            "id": "dev-ams-reports-backend-scale-down-policy",
            "name": "dev-ams-reports-backend-scale-down-policy",
            "policy_type": "StepScaling",
            "resource_id": "service/dev-ecs-cluster/dev-ams-reports-backend-ecs-service",
            "scalable_dimension": "ecs:service:DesiredCount",
            "service_namespace": "ecs",
            "step_scaling_policy_configuration": [
              {
                "adjustment_type": "ChangeInCapacity",
                "cooldown": 60,
                "metric_aggregation_type": "Maximum",
                "min_adjustment_magnitude": 0,
                "step_adjustment": [
                  {
                    "metric_interval_lower_bound": "",
                    "metric_interval_upper_bound": "0",
                    "scaling_adjustment": -1
                  }
                ]
              }
            ],
            "target_tracking_scaling_policy_configuration": []
          },
          "sensitive_attributes": [],
          "private": "bnVsbA==",
          "dependencies": [
            "module.Ams_reports_Services.aws_appautoscaling_target.scale_target"
          ]
        }
      ]
    },
    {
      "module": "module.Ams_reports_Services",
      "mode": "managed",
      "type": "aws_appautoscaling_policy",
      "name": "scale_up_policy",
      "provider": "provider[\"registry.terraform.io/hashicorp/aws\"]",
      "instances": [
        {
          "schema_version": 0,
          "attributes": {
            "alarm_arns": [],
            "arn": "arn:aws:autoscaling:ap-south-1:266735807609:scalingPolicy:09ddc671-655f-4555-8336-6d7ec8ef6306:resource/ecs/service/dev-ecs-cluster/dev-ams-reports-backend-ecs-service:policyName/dev-ams-reports-backend-scale-up-policy",
            "id": "dev-ams-reports-backend-scale-up-policy",
            "name": "dev-ams-reports-backend-scale-up-policy",
            "policy_type": "StepScaling",
            "resource_id": "service/dev-ecs-cluster/dev-ams-reports-backend-ecs-service",
            "scalable_dimension": "ecs:service:DesiredCount",
            "service_namespace": "ecs",
            "step_scaling_policy_configuration": [
              {
                "adjustment_type": "ChangeInCapacity",
                "cooldown": 60,
                "metric_aggregation_type": "Maximum",
                "min_adjustment_magnitude": 0,
                "step_adjustment": [
                  {
                    "metric_interval_lower_bound": "0",
                    "metric_interval_upper_bound": "",
                    "scaling_adjustment": 1
                  }
                ]
              }
            ],
            "target_tracking_scaling_policy_configuration": []
          },
          "sensitive_attributes": [],
          "private": "bnVsbA==",
          "dependencies": [
            "module.Ams_reports_Services.aws_appautoscaling_target.scale_target"
          ]
        }
      ]
    },
    {
      "module": "module.Ams_reports_Services",
      "mode": "managed",
      "type": "aws_appautoscaling_target",
      "name": "scale_target",
      "provider": "provider[\"registry.terraform.io/hashicorp/aws\"]",
      "instances": [
        {
          "schema_version": 0,
          "attributes": {
            "arn": "arn:aws:application-autoscaling:ap-south-1:266735807609:scalable-target/0ec509ddc671655f455583366d7ec8ef6306",
            "id": "service/dev-ecs-cluster/dev-ams-reports-backend-ecs-service",
            "max_capacity": 5,
            "min_capacity": 1,
            "resource_id": "service/dev-ecs-cluster/dev-ams-reports-backend-ecs-service",
            "role_arn": "arn:aws:iam::266735807609:role/aws-service-role/ecs.application-autoscaling.amazonaws.com/AWSServiceRoleForApplicationAutoScaling_ECSService",
            "scalable_dimension": "ecs:service:DesiredCount",
            "service_namespace": "ecs",
            "suspended_state": [
              {
                "dynamic_scaling_in_suspended": false,
                "dynamic_scaling_out_suspended": false,
                "scheduled_scaling_suspended": false
              }
            ],
            "tags": null,
            "tags_all": {}
          },
          "sensitive_attributes": [],
          "private": "bnVsbA=="
        }
      ]
    },
    {
      "module": "module.Ams_reports_Services",
      "mode": "managed",
      "type": "aws_cloudwatch_log_group",
      "name": "log-group",
      "provider": "provider[\"registry.terraform.io/hashicorp/aws\"]",
      "instances": [
        {
          "schema_version": 0,
          "attributes": {
            "arn": "arn:aws:logs:ap-south-1:266735807609:log-group:dev-ams-reports-backend-logs",
            "id": "dev-ams-reports-backend-logs",
            "kms_key_id": "",
            "log_group_class": "STANDARD",
            "name": "dev-ams-reports-backend-logs",
            "name_prefix": "",
            "retention_in_days": 14,
            "skip_destroy": false,
            "tags": {
              "Service": "ams-reports-backend",
              "env": "dev"
            },
            "tags_all": {
              "Service": "ams-reports-backend",
              "env": "dev"
            }
          },
          "sensitive_attributes": [],
          "private": "bnVsbA=="
        }
      ]
    },
    {
      "module": "module.Ams_reports_Services",
      "mode": "managed",
      "type": "aws_cloudwatch_metric_alarm",
      "name": "cpu_high",
      "provider": "provider[\"registry.terraform.io/hashicorp/aws\"]",
      "instances": [
        {
          "schema_version": 1,
          "attributes": {
            "actions_enabled": true,
            "alarm_actions": [
              "arn:aws:autoscaling:ap-south-1:266735807609:scalingPolicy:09ddc671-655f-4555-8336-6d7ec8ef6306:resource/ecs/service/dev-ecs-cluster/dev-ams-reports-backend-ecs-service:policyName/dev-ams-reports-backend-scale-up-policy"
            ],
            "alarm_description": "",
            "alarm_name": "dev-ams-reports-backend-cpu-high",
            "arn": "arn:aws:cloudwatch:ap-south-1:266735807609:alarm:dev-ams-reports-backend-cpu-high",
            "comparison_operator": "GreaterThanOrEqualToThreshold",
            "datapoints_to_alarm": 0,
            "dimensions": {
              "ClusterName": "dev-ecs-cluster",
              "ServiceName": "dev-ams-reports-backend-ecs-service"
            },
            "evaluate_low_sample_count_percentiles": "",
            "evaluation_periods": 3,
            "extended_statistic": "",
            "id": "dev-ams-reports-backend-cpu-high",
            "insufficient_data_actions": [],
            "metric_name": "CPUUtilization",
            "metric_query": [],
            "namespace": "AWS/ECS",
            "ok_actions": [],
            "period": 60,
            "statistic": "Maximum",
            "tags": {
              "Name": "dev-ams-reports-backend-cpu-high",
              "env": "dev"
            },
            "tags_all": {
              "Name": "dev-ams-reports-backend-cpu-high",
              "env": "dev"
            },
            "threshold": 60,
            "threshold_metric_id": "",
            "treat_missing_data": "missing",
            "unit": ""
          },
          "sensitive_attributes": [],
          "private": "eyJzY2hlbWFfdmVyc2lvbiI6IjEifQ==",
          "dependencies": [
            "module.Ams_reports_Services.aws_appautoscaling_policy.scale_up_policy",
            "module.Ams_reports_Services.aws_appautoscaling_target.scale_target"
          ]
        }
      ]
    },
    {
      "module": "module.Ams_reports_Services",
      "mode": "managed",
      "type": "aws_cloudwatch_metric_alarm",
      "name": "cpu_low",
      "provider": "provider[\"registry.terraform.io/hashicorp/aws\"]",
      "instances": [
        {
          "schema_version": 1,
          "attributes": {
            "actions_enabled": true,
            "alarm_actions": [
              "arn:aws:autoscaling:ap-south-1:266735807609:scalingPolicy:09ddc671-655f-4555-8336-6d7ec8ef6306:resource/ecs/service/dev-ecs-cluster/dev-ams-reports-backend-ecs-service:policyName/dev-ams-reports-backend-scale-down-policy"
            ],
            "alarm_description": "",
            "alarm_name": "dev-ams-reports-backend-cpu-low",
            "arn": "arn:aws:cloudwatch:ap-south-1:266735807609:alarm:dev-ams-reports-backend-cpu-low",
            "comparison_operator": "LessThanOrEqualToThreshold",
            "datapoints_to_alarm": 0,
            "dimensions": {
              "ClusterName": "dev-ecs-cluster",
              "ServiceName": "dev-ams-reports-backend-ecs-service"
            },
            "evaluate_low_sample_count_percentiles": "",
            "evaluation_periods": 3,
            "extended_statistic": "",
            "id": "dev-ams-reports-backend-cpu-low",
            "insufficient_data_actions": [],
            "metric_name": "CPUUtilization",
            "metric_query": [],
            "namespace": "AWS/ECS",
            "ok_actions": [],
            "period": 60,
            "statistic": "Average",
            "tags": {
              "Name": "dev-ams-reports-backend-cpu-low",
              "env": "dev"
            },
            "tags_all": {
              "Name": "dev-ams-reports-backend-cpu-low",
              "env": "dev"
            },
            "threshold": 10,
            "threshold_metric_id": "",
            "treat_missing_data": "missing",
            "unit": ""
          },
          "sensitive_attributes": [],
          "private": "eyJzY2hlbWFfdmVyc2lvbiI6IjEifQ==",
          "dependencies": [
            "module.Ams_reports_Services.aws_appautoscaling_policy.scale_down_policy",
            "module.Ams_reports_Services.aws_appautoscaling_target.scale_target"
          ]
        }
      ]
    },
    {
      "module": "module.Ams_reports_Services",
      "mode": "managed",
      "type": "aws_ecr_lifecycle_policy",
      "name": "ecr_image_retention",
      "provider": "provider[\"registry.terraform.io/hashicorp/aws\"]",
      "instances": [
        {
          "schema_version": 0,
          "attributes": {
            "id": "ams-reports-backend",
            "policy": "{\"rules\":[{\"action\":{\"type\":\"expire\"},\"description\":\"Expire images older than 14 days\",\"rulePriority\":1,\"selection\":{\"countNumber\":14,\"countType\":\"sinceImagePushed\",\"countUnit\":\"days\",\"tagStatus\":\"untagged\"}}]}",
            "registry_id": "266735807609",
            "repository": "ams-reports-backend"
          },
          "sensitive_attributes": [],
          "private": "bnVsbA==",
          "dependencies": [
            "module.Ams_reports_Services.aws_ecr_repository.ecr"
          ]
        }
      ]
    },
    {
      "module": "module.Ams_reports_Services",
      "mode": "managed",
      "type": "aws_ecr_repository",
      "name": "ecr",
      "provider": "provider[\"registry.terraform.io/hashicorp/aws\"]",
      "instances": [
        {
          "schema_version": 0,
          "attributes": {
            "arn": "arn:aws:ecr:ap-south-1:266735807609:repository/ams-reports-backend",
            "encryption_configuration": [
              {
                "encryption_type": "AES256",
                "kms_key": ""
              }
            ],
            "force_delete": null,
            "id": "ams-reports-backend",
            "image_scanning_configuration": [
              {
                "scan_on_push": false
              }
            ],
            "image_tag_mutability": "MUTABLE",
            "name": "ams-reports-backend",
            "registry_id": "266735807609",
            "repository_url": "266735807609.dkr.ecr.ap-south-1.amazonaws.com/ams-reports-backend",
            "tags": {
              "Service": "ams-reports-backend",
              "env": "dev"
            },
            "tags_all": {
              "Service": "ams-reports-backend",
              "env": "dev"
            },
            "timeouts": null
          },
          "sensitive_attributes": [],
          "private": "eyJlMmJmYjczMC1lY2FhLTExZTYtOGY4OC0zNDM2M2JjN2M0YzAiOnsiZGVsZXRlIjoxMjAwMDAwMDAwMDAwfX0="
        }
      ]
    },
    {
      "module": "module.Ams_reports_Services",
      "mode": "managed",
      "type": "aws_ecs_service",
      "name": "aws-ecs-service",
      "provider": "provider[\"registry.terraform.io/hashicorp/aws\"]",
      "instances": [
        {
          "schema_version": 1,
          "attributes": {
            "alarms": [],
            "availability_zone_rebalancing": "DISABLED",
            "capacity_provider_strategy": [
              {
                "base": 0,
                "capacity_provider": "dev-ecs-cluster-cp",
                "weight": 1
              }
            ],
            "cluster": "arn:aws:ecs:ap-south-1:266735807609:cluster/dev-ecs-cluster",
            "deployment_circuit_breaker": [
              {
                "enable": false,
                "rollback": false
              }
            ],
            "deployment_controller": [
              {
                "type": "ECS"
              }
            ],
            "deployment_maximum_percent": 200,
            "deployment_minimum_healthy_percent": 100,
            "desired_count": 1,
            "enable_ecs_managed_tags": false,
            "enable_execute_command": false,
            "force_delete": null,
            "force_new_deployment": true,
            "health_check_grace_period_seconds": 0,
            "iam_role": "/aws-service-role/ecs.amazonaws.com/AWSServiceRoleForECS",
            "id": "arn:aws:ecs:ap-south-1:266735807609:service/dev-ecs-cluster/dev-ams-reports-backend-ecs-service",
            "launch_type": "",
            "load_balancer": [
              {
                "container_name": "dev-ams-reports-backend-container",
                "container_port": 3000,
                "elb_name": "",
                "target_group_arn": "arn:aws:elasticloadbalancing:ap-south-1:266735807609:targetgroup/ams-reports-tg/3ef14f05a06dba3f"
              }
            ],
            "name": "dev-ams-reports-backend-ecs-service",
            "network_configuration": [],
            "ordered_placement_strategy": [
              {
                "field": "cpu",
                "type": "binpack"
              }
            ],
            "placement_constraints": [],
            "platform_version": "",
            "propagate_tags": "NONE",
            "scheduling_strategy": "REPLICA",
            "service_connect_configuration": [],
            "service_registries": [],
            "tags": null,
            "tags_all": {},
            "task_definition": "arn:aws:ecs:ap-south-1:266735807609:task-definition/dev-ams-reports-backend-task:1",
            "timeouts": null,
            "triggers": {},
            "volume_configuration": [],
            "vpc_lattice_configurations": [],
            "wait_for_steady_state": false
          },
          "sensitive_attributes": [],
          "private": "eyJlMmJmYjczMC1lY2FhLTExZTYtOGY4OC0zNDM2M2JjN2M0YzAiOnsiY3JlYXRlIjoxMjAwMDAwMDAwMDAwLCJkZWxldGUiOjEyMDAwMDAwMDAwMDAsInVwZGF0ZSI6MTIwMDAwMDAwMDAwMH0sInNjaGVtYV92ZXJzaW9uIjoiMSJ9",
          "dependencies": [
            "data.aws_ecs_cluster.ecs",
            "data.aws_lb_target_group.ams_reports",
            "module.Ams_reports_Services.aws_cloudwatch_log_group.log-group",
            "module.Ams_reports_Services.aws_ecr_repository.ecr",
            "module.Ams_reports_Services.aws_ecs_task_definition.aws-ecs-task"
          ]
        }
      ]
    },
    {
      "module": "module.Ams_reports_Services",
      "mode": "managed",
      "type": "aws_ecs_task_definition",
      "name": "aws-ecs-task",
      "provider": "provider[\"registry.terraform.io/hashicorp/aws\"]",
      "instances": [
        {
          "schema_version": 1,
          "attributes": {
            "arn": "arn:aws:ecs:ap-south-1:266735807609:task-definition/dev-ams-reports-backend-task:1",
            "arn_without_revision": "arn:aws:ecs:ap-south-1:266735807609:task-definition/dev-ams-reports-backend-task",
            "container_definitions": "[{\"cpu\":128,\"entryPoint\":[],\"environment\":[],\"essential\":true,\"image\":\"266735807609.dkr.ecr.ap-south-1.amazonaws.com/ams-reports-backend:latest\",\"logConfiguration\":{\"logDriver\":\"awslogs\",\"options\":{\"awslogs-group\":\"dev-ams-reports-backend-logs\",\"awslogs-region\":\"ap-south-1\",\"awslogs-stream-prefix\":\"dev-ams-reports-backend\"}},\"memory\":256,\"mountPoints\":[],\"name\":\"dev-ams-reports-backend-container\",\"portMappings\":[{\"containerPort\":3000,\"hostPort\":0,\"protocol\":\"tcp\"}],\"systemControls\":[],\"volumesFrom\":[]}]",
            "cpu": "128",
            "enable_fault_injection": false,
            "ephemeral_storage": [],
            "execution_role_arn": "",
            "family": "dev-ams-reports-backend-task",
            "id": "dev-ams-reports-backend-task",
            "inference_accelerator": [],
            "ipc_mode": "",
            "memory": "256",
            "network_mode": "bridge",
            "pid_mode": "",
            "placement_constraints": [],
            "proxy_configuration": [],
            "requires_compatibilities": [
              "EC2"
            ],
            "revision": 1,
            "runtime_platform": [],
            "skip_destroy": false,
            "tags": {
              "Name": "dev-ams-reports-backend-ecs-td",
              "env": "dev"
            },
            "tags_all": {
              "Name": "dev-ams-reports-backend-ecs-td",
              "env": "dev"
            },
            "task_role_arn": "",
            "track_latest": false,
            "volume": []
          },
          "sensitive_attributes": [],
          "private": "eyJzY2hlbWFfdmVyc2lvbiI6IjEifQ==",
          "dependencies": [
            "module.Ams_reports_Services.aws_cloudwatch_log_group.log-group",
            "module.Ams_reports_Services.aws_ecr_repository.ecr"
          ]
        }
      ]
    },
    {
      "module": "module.Ams_trans_Services",
      "mode": "managed",
      "type": "aws_appautoscaling_policy",
      "name": "scale_down_policy",
      "provider": "provider[\"registry.terraform.io/hashicorp/aws\"]",
      "instances": [
        {
          "schema_version": 0,
          "attributes": {
            "alarm_arns": [],
            "arn": "arn:aws:autoscaling:ap-south-1:266735807609:scalingPolicy:b21ae96a-dfa9-402e-9a5b-db681b0d8112:resource/ecs/service/dev-ecs-cluster/dev-ams-transaction-backend-ecs-service:policyName/dev-ams-transaction-backend-scale-down-policy",
            "id": "dev-ams-transaction-backend-scale-down-policy",
            "name": "dev-ams-transaction-backend-scale-down-policy",
            "policy_type": "StepScaling",
            "resource_id": "service/dev-ecs-cluster/dev-ams-transaction-backend-ecs-service",
            "scalable_dimension": "ecs:service:DesiredCount",
            "service_namespace": "ecs",
            "step_scaling_policy_configuration": [
              {
                "adjustment_type": "ChangeInCapacity",
                "cooldown": 60,
                "metric_aggregation_type": "Maximum",
                "min_adjustment_magnitude": 0,
                "step_adjustment": [
                  {
                    "metric_interval_lower_bound": "",
                    "metric_interval_upper_bound": "0",
                    "scaling_adjustment": -1
                  }
                ]
              }
            ],
            "target_tracking_scaling_policy_configuration": []
          },
          "sensitive_attributes": [],
          "private": "bnVsbA==",
          "dependencies": [
            "module.Ams_trans_Services.aws_appautoscaling_target.scale_target"
          ]
        }
      ]
    },
    {
      "module": "module.Ams_trans_Services",
      "mode": "managed",
      "type": "aws_appautoscaling_policy",
      "name": "scale_up_policy",
      "provider": "provider[\"registry.terraform.io/hashicorp/aws\"]",
      "instances": [
        {
          "schema_version": 0,
          "attributes": {
            "alarm_arns": [],
            "arn": "arn:aws:autoscaling:ap-south-1:266735807609:scalingPolicy:b21ae96a-dfa9-402e-9a5b-db681b0d8112:resource/ecs/service/dev-ecs-cluster/dev-ams-transaction-backend-ecs-service:policyName/dev-ams-transaction-backend-scale-up-policy",
            "id": "dev-ams-transaction-backend-scale-up-policy",
            "name": "dev-ams-transaction-backend-scale-up-policy",
            "policy_type": "StepScaling",
            "resource_id": "service/dev-ecs-cluster/dev-ams-transaction-backend-ecs-service",
            "scalable_dimension": "ecs:service:DesiredCount",
            "service_namespace": "ecs",
            "step_scaling_policy_configuration": [
              {
                "adjustment_type": "ChangeInCapacity",
                "cooldown": 60,
                "metric_aggregation_type": "Maximum",
                "min_adjustment_magnitude": 0,
                "step_adjustment": [
                  {
                    "metric_interval_lower_bound": "0",
                    "metric_interval_upper_bound": "",
                    "scaling_adjustment": 1
                  }
                ]
              }
            ],
            "target_tracking_scaling_policy_configuration": []
          },
          "sensitive_attributes": [],
          "private": "bnVsbA==",
          "dependencies": [
            "module.Ams_trans_Services.aws_appautoscaling_target.scale_target"
          ]
        }
      ]
    },
    {
      "module": "module.Ams_trans_Services",
      "mode": "managed",
      "type": "aws_appautoscaling_target",
      "name": "scale_target",
      "provider": "provider[\"registry.terraform.io/hashicorp/aws\"]",
      "instances": [
        {
          "schema_version": 0,
          "attributes": {
            "arn": "arn:aws:application-autoscaling:ap-south-1:266735807609:scalable-target/0ec5b21ae96adfa9402e9a5bdb681b0d8112",
            "id": "service/dev-ecs-cluster/dev-ams-transaction-backend-ecs-service",
            "max_capacity": 5,
            "min_capacity": 1,
            "resource_id": "service/dev-ecs-cluster/dev-ams-transaction-backend-ecs-service",
            "role_arn": "arn:aws:iam::266735807609:role/aws-service-role/ecs.application-autoscaling.amazonaws.com/AWSServiceRoleForApplicationAutoScaling_ECSService",
            "scalable_dimension": "ecs:service:DesiredCount",
            "service_namespace": "ecs",
            "suspended_state": [
              {
                "dynamic_scaling_in_suspended": false,
                "dynamic_scaling_out_suspended": false,
                "scheduled_scaling_suspended": false
              }
            ],
            "tags": null,
            "tags_all": {}
          },
          "sensitive_attributes": [],
          "private": "bnVsbA=="
        }
      ]
    },
    {
      "module": "module.Ams_trans_Services",
      "mode": "managed",
      "type": "aws_cloudwatch_log_group",
      "name": "log-group",
      "provider": "provider[\"registry.terraform.io/hashicorp/aws\"]",
      "instances": [
        {
          "schema_version": 0,
          "attributes": {
            "arn": "arn:aws:logs:ap-south-1:266735807609:log-group:dev-ams-transaction-backend-logs",
            "id": "dev-ams-transaction-backend-logs",
            "kms_key_id": "",
            "log_group_class": "STANDARD",
            "name": "dev-ams-transaction-backend-logs",
            "name_prefix": "",
            "retention_in_days": 14,
            "skip_destroy": false,
            "tags": {
              "Service": "ams-transaction-backend",
              "env": "dev"
            },
            "tags_all": {
              "Service": "ams-transaction-backend",
              "env": "dev"
            }
          },
          "sensitive_attributes": [],
          "private": "bnVsbA=="
        }
      ]
    },
    {
      "module": "module.Ams_trans_Services",
      "mode": "managed",
      "type": "aws_cloudwatch_metric_alarm",
      "name": "cpu_high",
      "provider": "provider[\"registry.terraform.io/hashicorp/aws\"]",
      "instances": [
        {
          "schema_version": 1,
          "attributes": {
            "actions_enabled": true,
            "alarm_actions": [
              "arn:aws:autoscaling:ap-south-1:266735807609:scalingPolicy:b21ae96a-dfa9-402e-9a5b-db681b0d8112:resource/ecs/service/dev-ecs-cluster/dev-ams-transaction-backend-ecs-service:policyName/dev-ams-transaction-backend-scale-up-policy"
            ],
            "alarm_description": "",
            "alarm_name": "dev-ams-transaction-backend-cpu-high",
            "arn": "arn:aws:cloudwatch:ap-south-1:266735807609:alarm:dev-ams-transaction-backend-cpu-high",
            "comparison_operator": "GreaterThanOrEqualToThreshold",
            "datapoints_to_alarm": 0,
            "dimensions": {
              "ClusterName": "dev-ecs-cluster",
              "ServiceName": "dev-ams-transaction-backend-ecs-service"
            },
            "evaluate_low_sample_count_percentiles": "",
            "evaluation_periods": 3,
            "extended_statistic": "",
            "id": "dev-ams-transaction-backend-cpu-high",
            "insufficient_data_actions": [],
            "metric_name": "CPUUtilization",
            "metric_query": [],
            "namespace": "AWS/ECS",
            "ok_actions": [],
            "period": 60,
            "statistic": "Maximum",
            "tags": {
              "Name": "dev-ams-transaction-backend-cpu-high",
              "env": "dev"
            },
            "tags_all": {
              "Name": "dev-ams-transaction-backend-cpu-high",
              "env": "dev"
            },
            "threshold": 60,
            "threshold_metric_id": "",
            "treat_missing_data": "missing",
            "unit": ""
          },
          "sensitive_attributes": [],
          "private": "eyJzY2hlbWFfdmVyc2lvbiI6IjEifQ==",
          "dependencies": [
            "module.Ams_trans_Services.aws_appautoscaling_policy.scale_up_policy",
            "module.Ams_trans_Services.aws_appautoscaling_target.scale_target"
          ]
        }
      ]
    },
    {
      "module": "module.Ams_trans_Services",
      "mode": "managed",
      "type": "aws_cloudwatch_metric_alarm",
      "name": "cpu_low",
      "provider": "provider[\"registry.terraform.io/hashicorp/aws\"]",
      "instances": [
        {
          "schema_version": 1,
          "attributes": {
            "actions_enabled": true,
            "alarm_actions": [
              "arn:aws:autoscaling:ap-south-1:266735807609:scalingPolicy:b21ae96a-dfa9-402e-9a5b-db681b0d8112:resource/ecs/service/dev-ecs-cluster/dev-ams-transaction-backend-ecs-service:policyName/dev-ams-transaction-backend-scale-down-policy"
            ],
            "alarm_description": "",
            "alarm_name": "dev-ams-transaction-backend-cpu-low",
            "arn": "arn:aws:cloudwatch:ap-south-1:266735807609:alarm:dev-ams-transaction-backend-cpu-low",
            "comparison_operator": "LessThanOrEqualToThreshold",
            "datapoints_to_alarm": 0,
            "dimensions": {
              "ClusterName": "dev-ecs-cluster",
              "ServiceName": "dev-ams-transaction-backend-ecs-service"
            },
            "evaluate_low_sample_count_percentiles": "",
            "evaluation_periods": 3,
            "extended_statistic": "",
            "id": "dev-ams-transaction-backend-cpu-low",
            "insufficient_data_actions": [],
            "metric_name": "CPUUtilization",
            "metric_query": [],
            "namespace": "AWS/ECS",
            "ok_actions": [],
            "period": 60,
            "statistic": "Average",
            "tags": {
              "Name": "dev-ams-transaction-backend-cpu-low",
              "env": "dev"
            },
            "tags_all": {
              "Name": "dev-ams-transaction-backend-cpu-low",
              "env": "dev"
            },
            "threshold": 10,
            "threshold_metric_id": "",
            "treat_missing_data": "missing",
            "unit": ""
          },
          "sensitive_attributes": [],
          "private": "eyJzY2hlbWFfdmVyc2lvbiI6IjEifQ==",
          "dependencies": [
            "module.Ams_trans_Services.aws_appautoscaling_policy.scale_down_policy",
            "module.Ams_trans_Services.aws_appautoscaling_target.scale_target"
          ]
        }
      ]
    },
    {
      "module": "module.Ams_trans_Services",
      "mode": "managed",
      "type": "aws_ecr_lifecycle_policy",
      "name": "ecr_image_retention",
      "provider": "provider[\"registry.terraform.io/hashicorp/aws\"]",
      "instances": [
        {
          "schema_version": 0,
          "attributes": {
            "id": "ams-transaction-backend",
            "policy": "{\"rules\":[{\"action\":{\"type\":\"expire\"},\"description\":\"Expire images older than 14 days\",\"rulePriority\":1,\"selection\":{\"countNumber\":14,\"countType\":\"sinceImagePushed\",\"countUnit\":\"days\",\"tagStatus\":\"untagged\"}}]}",
            "registry_id": "266735807609",
            "repository": "ams-transaction-backend"
          },
          "sensitive_attributes": [],
          "private": "bnVsbA==",
          "dependencies": [
            "module.Ams_trans_Services.aws_ecr_repository.ecr"
          ]
        }
      ]
    },
    {
      "module": "module.Ams_trans_Services",
      "mode": "managed",
      "type": "aws_ecr_repository",
      "name": "ecr",
      "provider": "provider[\"registry.terraform.io/hashicorp/aws\"]",
      "instances": [
        {
          "schema_version": 0,
          "attributes": {
            "arn": "arn:aws:ecr:ap-south-1:266735807609:repository/ams-transaction-backend",
            "encryption_configuration": [
              {
                "encryption_type": "AES256",
                "kms_key": ""
              }
            ],
            "force_delete": null,
            "id": "ams-transaction-backend",
            "image_scanning_configuration": [
              {
                "scan_on_push": false
              }
            ],
            "image_tag_mutability": "MUTABLE",
            "name": "ams-transaction-backend",
            "registry_id": "266735807609",
            "repository_url": "266735807609.dkr.ecr.ap-south-1.amazonaws.com/ams-transaction-backend",
            "tags": {
              "Service": "ams-transaction-backend",
              "env": "dev"
            },
            "tags_all": {
              "Service": "ams-transaction-backend",
              "env": "dev"
            },
            "timeouts": null
          },
          "sensitive_attributes": [],
          "private": "eyJlMmJmYjczMC1lY2FhLTExZTYtOGY4OC0zNDM2M2JjN2M0YzAiOnsiZGVsZXRlIjoxMjAwMDAwMDAwMDAwfX0="
        }
      ]
    },
    {
      "module": "module.Ams_trans_Services",
      "mode": "managed",
      "type": "aws_ecs_service",
      "name": "aws-ecs-service",
      "provider": "provider[\"registry.terraform.io/hashicorp/aws\"]",
      "instances": [
        {
          "schema_version": 1,
          "attributes": {
            "alarms": [],
            "availability_zone_rebalancing": "DISABLED",
            "capacity_provider_strategy": [
              {
                "base": 0,
                "capacity_provider": "dev-ecs-cluster-cp",
                "weight": 1
              }
            ],
            "cluster": "arn:aws:ecs:ap-south-1:266735807609:cluster/dev-ecs-cluster",
            "deployment_circuit_breaker": [
              {
                "enable": false,
                "rollback": false
              }
            ],
            "deployment_controller": [
              {
                "type": "ECS"
              }
            ],
            "deployment_maximum_percent": 200,
            "deployment_minimum_healthy_percent": 100,
            "desired_count": 1,
            "enable_ecs_managed_tags": false,
            "enable_execute_command": false,
            "force_delete": null,
            "force_new_deployment": true,
            "health_check_grace_period_seconds": 0,
            "iam_role": "/aws-service-role/ecs.amazonaws.com/AWSServiceRoleForECS",
            "id": "arn:aws:ecs:ap-south-1:266735807609:service/dev-ecs-cluster/dev-ams-transaction-backend-ecs-service",
            "launch_type": "",
            "load_balancer": [
              {
                "container_name": "dev-ams-transaction-backend-container",
                "container_port": 3000,
                "elb_name": "",
                "target_group_arn": "arn:aws:elasticloadbalancing:ap-south-1:266735807609:targetgroup/ams-transaction-tg/7756ce08c49790b5"
              }
            ],
            "name": "dev-ams-transaction-backend-ecs-service",
            "network_configuration": [],
            "ordered_placement_strategy": [
              {
                "field": "cpu",
                "type": "binpack"
              }
            ],
            "placement_constraints": [],
            "platform_version": "",
            "propagate_tags": "NONE",
            "scheduling_strategy": "REPLICA",
            "service_connect_configuration": [],
            "service_registries": [],
            "tags": null,
            "tags_all": {},
            "task_definition": "arn:aws:ecs:ap-south-1:266735807609:task-definition/dev-ams-transaction-backend-task:1",
            "timeouts": null,
            "triggers": {},
            "volume_configuration": [],
            "vpc_lattice_configurations": [],
            "wait_for_steady_state": false
          },
          "sensitive_attributes": [],
          "private": "eyJlMmJmYjczMC1lY2FhLTExZTYtOGY4OC0zNDM2M2JjN2M0YzAiOnsiY3JlYXRlIjoxMjAwMDAwMDAwMDAwLCJkZWxldGUiOjEyMDAwMDAwMDAwMDAsInVwZGF0ZSI6MTIwMDAwMDAwMDAwMH0sInNjaGVtYV92ZXJzaW9uIjoiMSJ9",
          "dependencies": [
            "data.aws_ecs_cluster.ecs",
            "data.aws_lb_target_group.ams_transaction",
            "module.Ams_trans_Services.aws_cloudwatch_log_group.log-group",
            "module.Ams_trans_Services.aws_ecr_repository.ecr",
            "module.Ams_trans_Services.aws_ecs_task_definition.aws-ecs-task"
          ]
        }
      ]
    },
    {
      "module": "module.Ams_trans_Services",
      "mode": "managed",
      "type": "aws_ecs_task_definition",
      "name": "aws-ecs-task",
      "provider": "provider[\"registry.terraform.io/hashicorp/aws\"]",
      "instances": [
        {
          "schema_version": 1,
          "attributes": {
            "arn": "arn:aws:ecs:ap-south-1:266735807609:task-definition/dev-ams-transaction-backend-task:1",
            "arn_without_revision": "arn:aws:ecs:ap-south-1:266735807609:task-definition/dev-ams-transaction-backend-task",
            "container_definitions": "[{\"cpu\":128,\"entryPoint\":[],\"environment\":[],\"essential\":true,\"image\":\"266735807609.dkr.ecr.ap-south-1.amazonaws.com/ams-transaction-backend:latest\",\"logConfiguration\":{\"logDriver\":\"awslogs\",\"options\":{\"awslogs-group\":\"dev-ams-transaction-backend-logs\",\"awslogs-region\":\"ap-south-1\",\"awslogs-stream-prefix\":\"dev-ams-transaction-backend\"}},\"memory\":256,\"mountPoints\":[],\"name\":\"dev-ams-transaction-backend-container\",\"portMappings\":[{\"containerPort\":3000,\"hostPort\":0,\"protocol\":\"tcp\"}],\"systemControls\":[],\"volumesFrom\":[]}]",
            "cpu": "128",
            "enable_fault_injection": false,
            "ephemeral_storage": [],
            "execution_role_arn": "",
            "family": "dev-ams-transaction-backend-task",
            "id": "dev-ams-transaction-backend-task",
            "inference_accelerator": [],
            "ipc_mode": "",
            "memory": "256",
            "network_mode": "bridge",
            "pid_mode": "",
            "placement_constraints": [],
            "proxy_configuration": [],
            "requires_compatibilities": [
              "EC2"
            ],
            "revision": 1,
            "runtime_platform": [],
            "skip_destroy": false,
            "tags": {
              "Name": "dev-ams-transaction-backend-ecs-td",
              "env": "dev"
            },
            "tags_all": {
              "Name": "dev-ams-transaction-backend-ecs-td",
              "env": "dev"
            },
            "task_role_arn": "",
            "track_latest": false,
            "volume": []
          },
          "sensitive_attributes": [],
          "private": "eyJzY2hlbWFfdmVyc2lvbiI6IjEifQ==",
          "dependencies": [
            "module.Ams_trans_Services.aws_cloudwatch_log_group.log-group",
            "module.Ams_trans_Services.aws_ecr_repository.ecr"
          ]
        }
      ]
    },
    {
      "module": "module.Emp_mgmt_Services",
      "mode": "managed",
      "type": "aws_appautoscaling_policy",
      "name": "scale_down_policy",
      "provider": "provider[\"registry.terraform.io/hashicorp/aws\"]",
      "instances": [
        {
          "schema_version": 0,
          "attributes": {
            "alarm_arns": [],
            "arn": "arn:aws:autoscaling:ap-south-1:266735807609:scalingPolicy:54c1291c-1a74-401d-a94f-b55f0dc9d2af:resource/ecs/service/dev-ecs-cluster/dev-employee-mgmt-ecs-service:policyName/dev-employee-mgmt-scale-down-policy",
            "id": "dev-employee-mgmt-scale-down-policy",
            "name": "dev-employee-mgmt-scale-down-policy",
            "policy_type": "StepScaling",
            "resource_id": "service/dev-ecs-cluster/dev-employee-mgmt-ecs-service",
            "scalable_dimension": "ecs:service:DesiredCount",
            "service_namespace": "ecs",
            "step_scaling_policy_configuration": [
              {
                "adjustment_type": "ChangeInCapacity",
                "cooldown": 60,
                "metric_aggregation_type": "Maximum",
                "min_adjustment_magnitude": 0,
                "step_adjustment": [
                  {
                    "metric_interval_lower_bound": "",
                    "metric_interval_upper_bound": "0",
                    "scaling_adjustment": -1
                  }
                ]
              }
            ],
            "target_tracking_scaling_policy_configuration": []
          },
          "sensitive_attributes": [],
          "private": "bnVsbA==",
          "dependencies": [
            "module.Emp_mgmt_Services.aws_appautoscaling_target.scale_target"
          ]
        }
      ]
    },
    {
      "module": "module.Emp_mgmt_Services",
      "mode": "managed",
      "type": "aws_appautoscaling_policy",
      "name": "scale_up_policy",
      "provider": "provider[\"registry.terraform.io/hashicorp/aws\"]",
      "instances": [
        {
          "schema_version": 0,
          "attributes": {
            "alarm_arns": [],
            "arn": "arn:aws:autoscaling:ap-south-1:266735807609:scalingPolicy:54c1291c-1a74-401d-a94f-b55f0dc9d2af:resource/ecs/service/dev-ecs-cluster/dev-employee-mgmt-ecs-service:policyName/dev-employee-mgmt-scale-up-policy",
            "id": "dev-employee-mgmt-scale-up-policy",
            "name": "dev-employee-mgmt-scale-up-policy",
            "policy_type": "StepScaling",
            "resource_id": "service/dev-ecs-cluster/dev-employee-mgmt-ecs-service",
            "scalable_dimension": "ecs:service:DesiredCount",
            "service_namespace": "ecs",
            "step_scaling_policy_configuration": [
              {
                "adjustment_type": "ChangeInCapacity",
                "cooldown": 60,
                "metric_aggregation_type": "Maximum",
                "min_adjustment_magnitude": 0,
                "step_adjustment": [
                  {
                    "metric_interval_lower_bound": "0",
                    "metric_interval_upper_bound": "",
                    "scaling_adjustment": 1
                  }
                ]
              }
            ],
            "target_tracking_scaling_policy_configuration": []
          },
          "sensitive_attributes": [],
          "private": "bnVsbA==",
          "dependencies": [
            "module.Emp_mgmt_Services.aws_appautoscaling_target.scale_target"
          ]
        }
      ]
    },
    {
      "module": "module.Emp_mgmt_Services",
      "mode": "managed",
      "type": "aws_appautoscaling_target",
      "name": "scale_target",
      "provider": "provider[\"registry.terraform.io/hashicorp/aws\"]",
      "instances": [
        {
          "schema_version": 0,
          "attributes": {
            "arn": "arn:aws:application-autoscaling:ap-south-1:266735807609:scalable-target/0ec554c1291c1a74401da94fb55f0dc9d2af",
            "id": "service/dev-ecs-cluster/dev-employee-mgmt-ecs-service",
            "max_capacity": 5,
            "min_capacity": 1,
            "resource_id": "service/dev-ecs-cluster/dev-employee-mgmt-ecs-service",
            "role_arn": "arn:aws:iam::266735807609:role/aws-service-role/ecs.application-autoscaling.amazonaws.com/AWSServiceRoleForApplicationAutoScaling_ECSService",
            "scalable_dimension": "ecs:service:DesiredCount",
            "service_namespace": "ecs",
            "suspended_state": [
              {
                "dynamic_scaling_in_suspended": false,
                "dynamic_scaling_out_suspended": false,
                "scheduled_scaling_suspended": false
              }
            ],
            "tags": null,
            "tags_all": {}
          },
          "sensitive_attributes": [],
          "private": "bnVsbA=="
        }
      ]
    },
    {
      "module": "module.Emp_mgmt_Services",
      "mode": "managed",
      "type": "aws_cloudwatch_log_group",
      "name": "log-group",
      "provider": "provider[\"registry.terraform.io/hashicorp/aws\"]",
      "instances": [
        {
          "schema_version": 0,
          "attributes": {
            "arn": "arn:aws:logs:ap-south-1:266735807609:log-group:dev-employee-mgmt-logs",
            "id": "dev-employee-mgmt-logs",
            "kms_key_id": "",
            "log_group_class": "STANDARD",
            "name": "dev-employee-mgmt-logs",
            "name_prefix": "",
            "retention_in_days": 14,
            "skip_destroy": false,
            "tags": {
              "Service": "employee-mgmt",
              "env": "dev"
            },
            "tags_all": {
              "Service": "employee-mgmt",
              "env": "dev"
            }
          },
          "sensitive_attributes": [],
          "private": "bnVsbA=="
        }
      ]
    },
    {
      "module": "module.Emp_mgmt_Services",
      "mode": "managed",
      "type": "aws_cloudwatch_metric_alarm",
      "name": "cpu_high",
      "provider": "provider[\"registry.terraform.io/hashicorp/aws\"]",
      "instances": [
        {
          "schema_version": 1,
          "attributes": {
            "actions_enabled": true,
            "alarm_actions": [
              "arn:aws:autoscaling:ap-south-1:266735807609:scalingPolicy:54c1291c-1a74-401d-a94f-b55f0dc9d2af:resource/ecs/service/dev-ecs-cluster/dev-employee-mgmt-ecs-service:policyName/dev-employee-mgmt-scale-up-policy"
            ],
            "alarm_description": "",
            "alarm_name": "dev-employee-mgmt-cpu-high",
            "arn": "arn:aws:cloudwatch:ap-south-1:266735807609:alarm:dev-employee-mgmt-cpu-high",
            "comparison_operator": "GreaterThanOrEqualToThreshold",
            "datapoints_to_alarm": 0,
            "dimensions": {
              "ClusterName": "dev-ecs-cluster",
              "ServiceName": "dev-employee-mgmt-ecs-service"
            },
            "evaluate_low_sample_count_percentiles": "",
            "evaluation_periods": 3,
            "extended_statistic": "",
            "id": "dev-employee-mgmt-cpu-high",
            "insufficient_data_actions": [],
            "metric_name": "CPUUtilization",
            "metric_query": [],
            "namespace": "AWS/ECS",
            "ok_actions": [],
            "period": 60,
            "statistic": "Maximum",
            "tags": {
              "Name": "dev-employee-mgmt-cpu-high",
              "env": "dev"
            },
            "tags_all": {
              "Name": "dev-employee-mgmt-cpu-high",
              "env": "dev"
            },
            "threshold": 60,
            "threshold_metric_id": "",
            "treat_missing_data": "missing",
            "unit": ""
          },
          "sensitive_attributes": [],
          "private": "eyJzY2hlbWFfdmVyc2lvbiI6IjEifQ==",
          "dependencies": [
            "module.Emp_mgmt_Services.aws_appautoscaling_policy.scale_up_policy",
            "module.Emp_mgmt_Services.aws_appautoscaling_target.scale_target"
          ]
        }
      ]
    },
    {
      "module": "module.Emp_mgmt_Services",
      "mode": "managed",
      "type": "aws_cloudwatch_metric_alarm",
      "name": "cpu_low",
      "provider": "provider[\"registry.terraform.io/hashicorp/aws\"]",
      "instances": [
        {
          "schema_version": 1,
          "attributes": {
            "actions_enabled": true,
            "alarm_actions": [
              "arn:aws:autoscaling:ap-south-1:266735807609:scalingPolicy:54c1291c-1a74-401d-a94f-b55f0dc9d2af:resource/ecs/service/dev-ecs-cluster/dev-employee-mgmt-ecs-service:policyName/dev-employee-mgmt-scale-down-policy"
            ],
            "alarm_description": "",
            "alarm_name": "dev-employee-mgmt-cpu-low",
            "arn": "arn:aws:cloudwatch:ap-south-1:266735807609:alarm:dev-employee-mgmt-cpu-low",
            "comparison_operator": "LessThanOrEqualToThreshold",
            "datapoints_to_alarm": 0,
            "dimensions": {
              "ClusterName": "dev-ecs-cluster",
              "ServiceName": "dev-employee-mgmt-ecs-service"
            },
            "evaluate_low_sample_count_percentiles": "",
            "evaluation_periods": 3,
            "extended_statistic": "",
            "id": "dev-employee-mgmt-cpu-low",
            "insufficient_data_actions": [],
            "metric_name": "CPUUtilization",
            "metric_query": [],
            "namespace": "AWS/ECS",
            "ok_actions": [],
            "period": 60,
            "statistic": "Average",
            "tags": {
              "Name": "dev-employee-mgmt-cpu-low",
              "env": "dev"
            },
            "tags_all": {
              "Name": "dev-employee-mgmt-cpu-low",
              "env": "dev"
            },
            "threshold": 10,
            "threshold_metric_id": "",
            "treat_missing_data": "missing",
            "unit": ""
          },
          "sensitive_attributes": [],
          "private": "eyJzY2hlbWFfdmVyc2lvbiI6IjEifQ==",
          "dependencies": [
            "module.Emp_mgmt_Services.aws_appautoscaling_policy.scale_down_policy",
            "module.Emp_mgmt_Services.aws_appautoscaling_target.scale_target"
          ]
        }
      ]
    },
    {
      "module": "module.Emp_mgmt_Services",
      "mode": "managed",
      "type": "aws_ecr_lifecycle_policy",
      "name": "ecr_image_retention",
      "provider": "provider[\"registry.terraform.io/hashicorp/aws\"]",
      "instances": [
        {
          "schema_version": 0,
          "attributes": {
            "id": "employee-mgmt",
            "policy": "{\"rules\":[{\"action\":{\"type\":\"expire\"},\"description\":\"Expire images older than 14 days\",\"rulePriority\":1,\"selection\":{\"countNumber\":14,\"countType\":\"sinceImagePushed\",\"countUnit\":\"days\",\"tagStatus\":\"untagged\"}}]}",
            "registry_id": "266735807609",
            "repository": "employee-mgmt"
          },
          "sensitive_attributes": [],
          "private": "bnVsbA==",
          "dependencies": [
            "module.Emp_mgmt_Services.aws_ecr_repository.ecr"
          ]
        }
      ]
    },
    {
      "module": "module.Emp_mgmt_Services",
      "mode": "managed",
      "type": "aws_ecr_repository",
      "name": "ecr",
      "provider": "provider[\"registry.terraform.io/hashicorp/aws\"]",
      "instances": [
        {
          "schema_version": 0,
          "attributes": {
            "arn": "arn:aws:ecr:ap-south-1:266735807609:repository/employee-mgmt",
            "encryption_configuration": [
              {
                "encryption_type": "AES256",
                "kms_key": ""
              }
            ],
            "force_delete": null,
            "id": "employee-mgmt",
            "image_scanning_configuration": [
              {
                "scan_on_push": false
              }
            ],
            "image_tag_mutability": "MUTABLE",
            "name": "employee-mgmt",
            "registry_id": "266735807609",
            "repository_url": "266735807609.dkr.ecr.ap-south-1.amazonaws.com/employee-mgmt",
            "tags": {
              "Service": "employee-mgmt",
              "env": "dev"
            },
            "tags_all": {
              "Service": "employee-mgmt",
              "env": "dev"
            },
            "timeouts": null
          },
          "sensitive_attributes": [],
          "private": "eyJlMmJmYjczMC1lY2FhLTExZTYtOGY4OC0zNDM2M2JjN2M0YzAiOnsiZGVsZXRlIjoxMjAwMDAwMDAwMDAwfX0="
        }
      ]
    },
    {
      "module": "module.Emp_mgmt_Services",
      "mode": "managed",
      "type": "aws_ecs_service",
      "name": "aws-ecs-service",
      "provider": "provider[\"registry.terraform.io/hashicorp/aws\"]",
      "instances": [
        {
          "schema_version": 1,
          "attributes": {
            "alarms": [],
            "availability_zone_rebalancing": "DISABLED",
            "capacity_provider_strategy": [
              {
                "base": 0,
                "capacity_provider": "dev-ecs-cluster-cp",
                "weight": 1
              }
            ],
            "cluster": "arn:aws:ecs:ap-south-1:266735807609:cluster/dev-ecs-cluster",
            "deployment_circuit_breaker": [
              {
                "enable": false,
                "rollback": false
              }
            ],
            "deployment_controller": [
              {
                "type": "ECS"
              }
            ],
            "deployment_maximum_percent": 200,
            "deployment_minimum_healthy_percent": 100,
            "desired_count": 1,
            "enable_ecs_managed_tags": false,
            "enable_execute_command": false,
            "force_delete": null,
            "force_new_deployment": true,
            "health_check_grace_period_seconds": 0,
            "iam_role": "/aws-service-role/ecs.amazonaws.com/AWSServiceRoleForECS",
            "id": "arn:aws:ecs:ap-south-1:266735807609:service/dev-ecs-cluster/dev-employee-mgmt-ecs-service",
            "launch_type": "",
            "load_balancer": [
              {
                "container_name": "dev-employee-mgmt-container",
                "container_port": 3000,
                "elb_name": "",
                "target_group_arn": "arn:aws:elasticloadbalancing:ap-south-1:266735807609:targetgroup/employee-mgmt-tg/526327279fb0e298"
              }
            ],
            "name": "dev-employee-mgmt-ecs-service",
            "network_configuration": [],
            "ordered_placement_strategy": [
              {
                "field": "cpu",
                "type": "binpack"
              }
            ],
            "placement_constraints": [],
            "platform_version": "",
            "propagate_tags": "NONE",
            "scheduling_strategy": "REPLICA",
            "service_connect_configuration": [],
            "service_registries": [],
            "tags": null,
            "tags_all": {},
            "task_definition": "arn:aws:ecs:ap-south-1:266735807609:task-definition/dev-employee-mgmt-task:3",
            "timeouts": null,
            "triggers": {},
            "volume_configuration": [],
            "vpc_lattice_configurations": [],
            "wait_for_steady_state": false
          },
          "sensitive_attributes": [],
          "private": "eyJlMmJmYjczMC1lY2FhLTExZTYtOGY4OC0zNDM2M2JjN2M0YzAiOnsiY3JlYXRlIjoxMjAwMDAwMDAwMDAwLCJkZWxldGUiOjEyMDAwMDAwMDAwMDAsInVwZGF0ZSI6MTIwMDAwMDAwMDAwMH0sInNjaGVtYV92ZXJzaW9uIjoiMSJ9",
          "dependencies": [
            "data.aws_ecs_cluster.ecs",
            "data.aws_lb_target_group.employee_mgmt",
            "module.Emp_mgmt_Services.aws_cloudwatch_log_group.log-group",
            "module.Emp_mgmt_Services.aws_ecr_repository.ecr",
            "module.Emp_mgmt_Services.aws_ecs_task_definition.aws-ecs-task"
          ]
        }
      ]
    },
    {
      "module": "module.Emp_mgmt_Services",
      "mode": "managed",
      "type": "aws_ecs_task_definition",
      "name": "aws-ecs-task",
      "provider": "provider[\"registry.terraform.io/hashicorp/aws\"]",
      "instances": [
        {
          "schema_version": 1,
          "attributes": {
            "arn": "arn:aws:ecs:ap-south-1:266735807609:task-definition/dev-employee-mgmt-task:3",
            "arn_without_revision": "arn:aws:ecs:ap-south-1:266735807609:task-definition/dev-employee-mgmt-task",
            "container_definitions": "[{\"cpu\":128,\"entryPoint\":[],\"environment\":[],\"essential\":true,\"image\":\"266735807609.dkr.ecr.ap-south-1.amazonaws.com/employee-mgmt:latest\",\"logConfiguration\":{\"logDriver\":\"awslogs\",\"options\":{\"awslogs-group\":\"dev-employee-mgmt-logs\",\"awslogs-region\":\"ap-south-1\",\"awslogs-stream-prefix\":\"dev-employee-mgmt\"}},\"memory\":256,\"mountPoints\":[],\"name\":\"dev-employee-mgmt-container\",\"portMappings\":[{\"containerPort\":3000,\"hostPort\":0,\"protocol\":\"tcp\"}],\"systemControls\":[],\"volumesFrom\":[]}]",
            "cpu": "128",
            "enable_fault_injection": false,
            "ephemeral_storage": [],
            "execution_role_arn": "",
            "family": "dev-employee-mgmt-task",
            "id": "dev-employee-mgmt-task",
            "inference_accelerator": [],
            "ipc_mode": "",
            "memory": "256",
            "network_mode": "bridge",
            "pid_mode": "",
            "placement_constraints": [],
            "proxy_configuration": [],
            "requires_compatibilities": [
              "EC2"
            ],
            "revision": 3,
            "runtime_platform": [],
            "skip_destroy": false,
            "tags": {
              "Name": "dev-employee-mgmt-ecs-td",
              "env": "dev"
            },
            "tags_all": {
              "Name": "dev-employee-mgmt-ecs-td",
              "env": "dev"
            },
            "task_role_arn": "",
            "track_latest": false,
            "volume": []
          },
          "sensitive_attributes": [],
          "private": "eyJzY2hlbWFfdmVyc2lvbiI6IjEifQ==",
          "dependencies": [
            "module.Emp_mgmt_Services.aws_cloudwatch_log_group.log-group",
            "module.Emp_mgmt_Services.aws_ecr_repository.ecr"
          ]
        }
      ]
    },
    {
      "module": "module.Emp_mgmt_trans_Services",
      "mode": "managed",
      "type": "aws_appautoscaling_policy",
      "name": "scale_down_policy",
      "provider": "provider[\"registry.terraform.io/hashicorp/aws\"]",
      "instances": [
        {
          "schema_version": 0,
          "attributes": {
            "alarm_arns": [],
            "arn": "arn:aws:autoscaling:ap-south-1:266735807609:scalingPolicy:43497797-b0d7-47e4-899d-660bb956f03a:resource/ecs/service/dev-ecs-cluster/dev-employee-mgmt-transaction-backend-ecs-service:policyName/dev-employee-mgmt-transaction-backend-scale-down-policy",
            "id": "dev-employee-mgmt-transaction-backend-scale-down-policy",
            "name": "dev-employee-mgmt-transaction-backend-scale-down-policy",
            "policy_type": "StepScaling",
            "resource_id": "service/dev-ecs-cluster/dev-employee-mgmt-transaction-backend-ecs-service",
            "scalable_dimension": "ecs:service:DesiredCount",
            "service_namespace": "ecs",
            "step_scaling_policy_configuration": [
              {
                "adjustment_type": "ChangeInCapacity",
                "cooldown": 60,
                "metric_aggregation_type": "Maximum",
                "min_adjustment_magnitude": 0,
                "step_adjustment": [
                  {
                    "metric_interval_lower_bound": "",
                    "metric_interval_upper_bound": "0",
                    "scaling_adjustment": -1
                  }
                ]
              }
            ],
            "target_tracking_scaling_policy_configuration": []
          },
          "sensitive_attributes": [],
          "private": "bnVsbA==",
          "dependencies": [
            "module.Emp_mgmt_trans_Services.aws_appautoscaling_target.scale_target"
          ]
        }
      ]
    },
    {
      "module": "module.Emp_mgmt_trans_Services",
      "mode": "managed",
      "type": "aws_appautoscaling_policy",
      "name": "scale_up_policy",
      "provider": "provider[\"registry.terraform.io/hashicorp/aws\"]",
      "instances": [
        {
          "schema_version": 0,
          "attributes": {
            "alarm_arns": [],
            "arn": "arn:aws:autoscaling:ap-south-1:266735807609:scalingPolicy:43497797-b0d7-47e4-899d-660bb956f03a:resource/ecs/service/dev-ecs-cluster/dev-employee-mgmt-transaction-backend-ecs-service:policyName/dev-employee-mgmt-transaction-backend-scale-up-policy",
            "id": "dev-employee-mgmt-transaction-backend-scale-up-policy",
            "name": "dev-employee-mgmt-transaction-backend-scale-up-policy",
            "policy_type": "StepScaling",
            "resource_id": "service/dev-ecs-cluster/dev-employee-mgmt-transaction-backend-ecs-service",
            "scalable_dimension": "ecs:service:DesiredCount",
            "service_namespace": "ecs",
            "step_scaling_policy_configuration": [
              {
                "adjustment_type": "ChangeInCapacity",
                "cooldown": 60,
                "metric_aggregation_type": "Maximum",
                "min_adjustment_magnitude": 0,
                "step_adjustment": [
                  {
                    "metric_interval_lower_bound": "0",
                    "metric_interval_upper_bound": "",
                    "scaling_adjustment": 1
                  }
                ]
              }
            ],
            "target_tracking_scaling_policy_configuration": []
          },
          "sensitive_attributes": [],
          "private": "bnVsbA==",
          "dependencies": [
            "module.Emp_mgmt_trans_Services.aws_appautoscaling_target.scale_target"
          ]
        }
      ]
    },
    {
      "module": "module.Emp_mgmt_trans_Services",
      "mode": "managed",
      "type": "aws_appautoscaling_target",
      "name": "scale_target",
      "provider": "provider[\"registry.terraform.io/hashicorp/aws\"]",
      "instances": [
        {
          "schema_version": 0,
          "attributes": {
            "arn": "arn:aws:application-autoscaling:ap-south-1:266735807609:scalable-target/0ec543497797b0d747e4899d660bb956f03a",
            "id": "service/dev-ecs-cluster/dev-employee-mgmt-transaction-backend-ecs-service",
            "max_capacity": 5,
            "min_capacity": 1,
            "resource_id": "service/dev-ecs-cluster/dev-employee-mgmt-transaction-backend-ecs-service",
            "role_arn": "arn:aws:iam::266735807609:role/aws-service-role/ecs.application-autoscaling.amazonaws.com/AWSServiceRoleForApplicationAutoScaling_ECSService",
            "scalable_dimension": "ecs:service:DesiredCount",
            "service_namespace": "ecs",
            "suspended_state": [
              {
                "dynamic_scaling_in_suspended": false,
                "dynamic_scaling_out_suspended": false,
                "scheduled_scaling_suspended": false
              }
            ],
            "tags": null,
            "tags_all": {}
          },
          "sensitive_attributes": [],
          "private": "bnVsbA=="
        }
      ]
    },
    {
      "module": "module.Emp_mgmt_trans_Services",
      "mode": "managed",
      "type": "aws_cloudwatch_log_group",
      "name": "log-group",
      "provider": "provider[\"registry.terraform.io/hashicorp/aws\"]",
      "instances": [
        {
          "schema_version": 0,
          "attributes": {
            "arn": "arn:aws:logs:ap-south-1:266735807609:log-group:dev-employee-mgmt-transaction-backend-logs",
            "id": "dev-employee-mgmt-transaction-backend-logs",
            "kms_key_id": "",
            "log_group_class": "STANDARD",
            "name": "dev-employee-mgmt-transaction-backend-logs",
            "name_prefix": "",
            "retention_in_days": 14,
            "skip_destroy": false,
            "tags": {
              "Service": "employee-mgmt-transaction-backend",
              "env": "dev"
            },
            "tags_all": {
              "Service": "employee-mgmt-transaction-backend",
              "env": "dev"
            }
          },
          "sensitive_attributes": [],
          "private": "bnVsbA=="
        }
      ]
    },
    {
      "module": "module.Emp_mgmt_trans_Services",
      "mode": "managed",
      "type": "aws_cloudwatch_metric_alarm",
      "name": "cpu_high",
      "provider": "provider[\"registry.terraform.io/hashicorp/aws\"]",
      "instances": [
        {
          "schema_version": 1,
          "attributes": {
            "actions_enabled": true,
            "alarm_actions": [
              "arn:aws:autoscaling:ap-south-1:266735807609:scalingPolicy:43497797-b0d7-47e4-899d-660bb956f03a:resource/ecs/service/dev-ecs-cluster/dev-employee-mgmt-transaction-backend-ecs-service:policyName/dev-employee-mgmt-transaction-backend-scale-up-policy"
            ],
            "alarm_description": "",
            "alarm_name": "dev-employee-mgmt-transaction-backend-cpu-high",
            "arn": "arn:aws:cloudwatch:ap-south-1:266735807609:alarm:dev-employee-mgmt-transaction-backend-cpu-high",
            "comparison_operator": "GreaterThanOrEqualToThreshold",
            "datapoints_to_alarm": 0,
            "dimensions": {
              "ClusterName": "dev-ecs-cluster",
              "ServiceName": "dev-employee-mgmt-transaction-backend-ecs-service"
            },
            "evaluate_low_sample_count_percentiles": "",
            "evaluation_periods": 3,
            "extended_statistic": "",
            "id": "dev-employee-mgmt-transaction-backend-cpu-high",
            "insufficient_data_actions": [],
            "metric_name": "CPUUtilization",
            "metric_query": [],
            "namespace": "AWS/ECS",
            "ok_actions": [],
            "period": 60,
            "statistic": "Maximum",
            "tags": {
              "Name": "dev-employee-mgmt-transaction-backend-cpu-high",
              "env": "dev"
            },
            "tags_all": {
              "Name": "dev-employee-mgmt-transaction-backend-cpu-high",
              "env": "dev"
            },
            "threshold": 60,
            "threshold_metric_id": "",
            "treat_missing_data": "missing",
            "unit": ""
          },
          "sensitive_attributes": [],
          "private": "eyJzY2hlbWFfdmVyc2lvbiI6IjEifQ==",
          "dependencies": [
            "module.Emp_mgmt_trans_Services.aws_appautoscaling_policy.scale_up_policy",
            "module.Emp_mgmt_trans_Services.aws_appautoscaling_target.scale_target"
          ]
        }
      ]
    },
    {
      "module": "module.Emp_mgmt_trans_Services",
      "mode": "managed",
      "type": "aws_cloudwatch_metric_alarm",
      "name": "cpu_low",
      "provider": "provider[\"registry.terraform.io/hashicorp/aws\"]",
      "instances": [
        {
          "schema_version": 1,
          "attributes": {
            "actions_enabled": true,
            "alarm_actions": [
              "arn:aws:autoscaling:ap-south-1:266735807609:scalingPolicy:43497797-b0d7-47e4-899d-660bb956f03a:resource/ecs/service/dev-ecs-cluster/dev-employee-mgmt-transaction-backend-ecs-service:policyName/dev-employee-mgmt-transaction-backend-scale-down-policy"
            ],
            "alarm_description": "",
            "alarm_name": "dev-employee-mgmt-transaction-backend-cpu-low",
            "arn": "arn:aws:cloudwatch:ap-south-1:266735807609:alarm:dev-employee-mgmt-transaction-backend-cpu-low",
            "comparison_operator": "LessThanOrEqualToThreshold",
            "datapoints_to_alarm": 0,
            "dimensions": {
              "ClusterName": "dev-ecs-cluster",
              "ServiceName": "dev-employee-mgmt-transaction-backend-ecs-service"
            },
            "evaluate_low_sample_count_percentiles": "",
            "evaluation_periods": 3,
            "extended_statistic": "",
            "id": "dev-employee-mgmt-transaction-backend-cpu-low",
            "insufficient_data_actions": [],
            "metric_name": "CPUUtilization",
            "metric_query": [],
            "namespace": "AWS/ECS",
            "ok_actions": [],
            "period": 60,
            "statistic": "Average",
            "tags": {
              "Name": "dev-employee-mgmt-transaction-backend-cpu-low",
              "env": "dev"
            },
            "tags_all": {
              "Name": "dev-employee-mgmt-transaction-backend-cpu-low",
              "env": "dev"
            },
            "threshold": 10,
            "threshold_metric_id": "",
            "treat_missing_data": "missing",
            "unit": ""
          },
          "sensitive_attributes": [],
          "private": "eyJzY2hlbWFfdmVyc2lvbiI6IjEifQ==",
          "dependencies": [
            "module.Emp_mgmt_trans_Services.aws_appautoscaling_policy.scale_down_policy",
            "module.Emp_mgmt_trans_Services.aws_appautoscaling_target.scale_target"
          ]
        }
      ]
    },
    {
      "module": "module.Emp_mgmt_trans_Services",
      "mode": "managed",
      "type": "aws_ecr_lifecycle_policy",
      "name": "ecr_image_retention",
      "provider": "provider[\"registry.terraform.io/hashicorp/aws\"]",
      "instances": [
        {
          "schema_version": 0,
          "attributes": {
            "id": "employee-mgmt-transaction-backend",
            "policy": "{\"rules\":[{\"action\":{\"type\":\"expire\"},\"description\":\"Expire images older than 14 days\",\"rulePriority\":1,\"selection\":{\"countNumber\":14,\"countType\":\"sinceImagePushed\",\"countUnit\":\"days\",\"tagStatus\":\"untagged\"}}]}",
            "registry_id": "266735807609",
            "repository": "employee-mgmt-transaction-backend"
          },
          "sensitive_attributes": [],
          "private": "bnVsbA==",
          "dependencies": [
            "module.Emp_mgmt_trans_Services.aws_ecr_repository.ecr"
          ]
        }
      ]
    },
    {
      "module": "module.Emp_mgmt_trans_Services",
      "mode": "managed",
      "type": "aws_ecr_repository",
      "name": "ecr",
      "provider": "provider[\"registry.terraform.io/hashicorp/aws\"]",
      "instances": [
        {
          "schema_version": 0,
          "attributes": {
            "arn": "arn:aws:ecr:ap-south-1:266735807609:repository/employee-mgmt-transaction-backend",
            "encryption_configuration": [
              {
                "encryption_type": "AES256",
                "kms_key": ""
              }
            ],
            "force_delete": null,
            "id": "employee-mgmt-transaction-backend",
            "image_scanning_configuration": [
              {
                "scan_on_push": false
              }
            ],
            "image_tag_mutability": "MUTABLE",
            "name": "employee-mgmt-transaction-backend",
            "registry_id": "266735807609",
            "repository_url": "266735807609.dkr.ecr.ap-south-1.amazonaws.com/employee-mgmt-transaction-backend",
            "tags": {
              "Service": "employee-mgmt-transaction-backend",
              "env": "dev"
            },
            "tags_all": {
              "Service": "employee-mgmt-transaction-backend",
              "env": "dev"
            },
            "timeouts": null
          },
          "sensitive_attributes": [],
          "private": "eyJlMmJmYjczMC1lY2FhLTExZTYtOGY4OC0zNDM2M2JjN2M0YzAiOnsiZGVsZXRlIjoxMjAwMDAwMDAwMDAwfX0="
        }
      ]
    },
    {
      "module": "module.Emp_mgmt_trans_Services",
      "mode": "managed",
      "type": "aws_ecs_service",
      "name": "aws-ecs-service",
      "provider": "provider[\"registry.terraform.io/hashicorp/aws\"]",
      "instances": [
        {
          "schema_version": 1,
          "attributes": {
            "alarms": [],
            "availability_zone_rebalancing": "DISABLED",
            "capacity_provider_strategy": [
              {
                "base": 0,
                "capacity_provider": "dev-ecs-cluster-cp",
                "weight": 1
              }
            ],
            "cluster": "arn:aws:ecs:ap-south-1:266735807609:cluster/dev-ecs-cluster",
            "deployment_circuit_breaker": [
              {
                "enable": false,
                "rollback": false
              }
            ],
            "deployment_controller": [
              {
                "type": "ECS"
              }
            ],
            "deployment_maximum_percent": 200,
            "deployment_minimum_healthy_percent": 100,
            "desired_count": 1,
            "enable_ecs_managed_tags": false,
            "enable_execute_command": false,
            "force_delete": null,
            "force_new_deployment": true,
            "health_check_grace_period_seconds": 0,
            "iam_role": "/aws-service-role/ecs.amazonaws.com/AWSServiceRoleForECS",
            "id": "arn:aws:ecs:ap-south-1:266735807609:service/dev-ecs-cluster/dev-employee-mgmt-transaction-backend-ecs-service",
            "launch_type": "",
            "load_balancer": [
              {
                "container_name": "dev-employee-mgmt-transaction-backend-container",
                "container_port": 3000,
                "elb_name": "",
                "target_group_arn": "arn:aws:elasticloadbalancing:ap-south-1:266735807609:targetgroup/employee-mgmt-trans-backend-tg/80e7c8270fb11c54"
              }
            ],
            "name": "dev-employee-mgmt-transaction-backend-ecs-service",
            "network_configuration": [],
            "ordered_placement_strategy": [
              {
                "field": "cpu",
                "type": "binpack"
              }
            ],
            "placement_constraints": [],
            "platform_version": "",
            "propagate_tags": "NONE",
            "scheduling_strategy": "REPLICA",
            "service_connect_configuration": [],
            "service_registries": [],
            "tags": null,
            "tags_all": {},
            "task_definition": "arn:aws:ecs:ap-south-1:266735807609:task-definition/dev-employee-mgmt-transaction-backend-task:2",
            "timeouts": null,
            "triggers": {},
            "volume_configuration": [],
            "vpc_lattice_configurations": [],
            "wait_for_steady_state": false
          },
          "sensitive_attributes": [],
          "private": "eyJlMmJmYjczMC1lY2FhLTExZTYtOGY4OC0zNDM2M2JjN2M0YzAiOnsiY3JlYXRlIjoxMjAwMDAwMDAwMDAwLCJkZWxldGUiOjEyMDAwMDAwMDAwMDAsInVwZGF0ZSI6MTIwMDAwMDAwMDAwMH0sInNjaGVtYV92ZXJzaW9uIjoiMSJ9",
          "dependencies": [
            "data.aws_ecs_cluster.ecs",
            "data.aws_lb_target_group.employee_mgmt_transaction",
            "module.Emp_mgmt_trans_Services.aws_cloudwatch_log_group.log-group",
            "module.Emp_mgmt_trans_Services.aws_ecr_repository.ecr",
            "module.Emp_mgmt_trans_Services.aws_ecs_task_definition.aws-ecs-task"
          ]
        }
      ]
    },
    {
      "module": "module.Emp_mgmt_trans_Services",
      "mode": "managed",
      "type": "aws_ecs_task_definition",
      "name": "aws-ecs-task",
      "provider": "provider[\"registry.terraform.io/hashicorp/aws\"]",
      "instances": [
        {
          "schema_version": 1,
          "attributes": {
            "arn": "arn:aws:ecs:ap-south-1:266735807609:task-definition/dev-employee-mgmt-transaction-backend-task:2",
            "arn_without_revision": "arn:aws:ecs:ap-south-1:266735807609:task-definition/dev-employee-mgmt-transaction-backend-task",
            "container_definitions": "[{\"cpu\":128,\"entryPoint\":[],\"environment\":[],\"essential\":true,\"image\":\"266735807609.dkr.ecr.ap-south-1.amazonaws.com/employee-mgmt-transaction-backend:latest\",\"logConfiguration\":{\"logDriver\":\"awslogs\",\"options\":{\"awslogs-group\":\"dev-employee-mgmt-transaction-backend-logs\",\"awslogs-region\":\"ap-south-1\",\"awslogs-stream-prefix\":\"dev-employee-mgmt-transaction-backend\"}},\"memory\":256,\"mountPoints\":[],\"name\":\"dev-employee-mgmt-transaction-backend-container\",\"portMappings\":[{\"containerPort\":3000,\"hostPort\":0,\"protocol\":\"tcp\"}],\"systemControls\":[],\"volumesFrom\":[]}]",
            "cpu": "128",
            "enable_fault_injection": false,
            "ephemeral_storage": [],
            "execution_role_arn": "",
            "family": "dev-employee-mgmt-transaction-backend-task",
            "id": "dev-employee-mgmt-transaction-backend-task",
            "inference_accelerator": [],
            "ipc_mode": "",
            "memory": "256",
            "network_mode": "bridge",
            "pid_mode": "",
            "placement_constraints": [],
            "proxy_configuration": [],
            "requires_compatibilities": [
              "EC2"
            ],
            "revision": 2,
            "runtime_platform": [],
            "skip_destroy": false,
            "tags": {
              "Name": "dev-employee-mgmt-transaction-backend-ecs-td",
              "env": "dev"
            },
            "tags_all": {
              "Name": "dev-employee-mgmt-transaction-backend-ecs-td",
              "env": "dev"
            },
            "task_role_arn": "",
            "track_latest": false,
            "volume": []
          },
          "sensitive_attributes": [],
          "private": "eyJzY2hlbWFfdmVyc2lvbiI6IjEifQ==",
          "dependencies": [
            "module.Emp_mgmt_trans_Services.aws_cloudwatch_log_group.log-group",
            "module.Emp_mgmt_trans_Services.aws_ecr_repository.ecr"
          ]
        }
      ]
    },
    {
      "module": "module.Exit_Services",
      "mode": "managed",
      "type": "aws_appautoscaling_policy",
      "name": "scale_down_policy",
      "provider": "provider[\"registry.terraform.io/hashicorp/aws\"]",
      "instances": [
        {
          "schema_version": 0,
          "attributes": {
            "alarm_arns": [],
            "arn": "arn:aws:autoscaling:ap-south-1:266735807609:scalingPolicy:c97a2da4-d598-4edc-ac0c-6580366739d1:resource/ecs/service/dev-ecs-cluster/dev-employee-exit-backend-ecs-service:policyName/dev-employee-exit-backend-scale-down-policy",
            "id": "dev-employee-exit-backend-scale-down-policy",
            "name": "dev-employee-exit-backend-scale-down-policy",
            "policy_type": "StepScaling",
            "resource_id": "service/dev-ecs-cluster/dev-employee-exit-backend-ecs-service",
            "scalable_dimension": "ecs:service:DesiredCount",
            "service_namespace": "ecs",
            "step_scaling_policy_configuration": [
              {
                "adjustment_type": "ChangeInCapacity",
                "cooldown": 60,
                "metric_aggregation_type": "Maximum",
                "min_adjustment_magnitude": 0,
                "step_adjustment": [
                  {
                    "metric_interval_lower_bound": "",
                    "metric_interval_upper_bound": "0",
                    "scaling_adjustment": -1
                  }
                ]
              }
            ],
            "target_tracking_scaling_policy_configuration": []
          },
          "sensitive_attributes": [],
          "private": "bnVsbA==",
          "dependencies": [
            "module.Exit_Services.aws_appautoscaling_target.scale_target"
          ]
        }
      ]
    },
    {
      "module": "module.Exit_Services",
      "mode": "managed",
      "type": "aws_appautoscaling_policy",
      "name": "scale_up_policy",
      "provider": "provider[\"registry.terraform.io/hashicorp/aws\"]",
      "instances": [
        {
          "schema_version": 0,
          "attributes": {
            "alarm_arns": [],
            "arn": "arn:aws:autoscaling:ap-south-1:266735807609:scalingPolicy:c97a2da4-d598-4edc-ac0c-6580366739d1:resource/ecs/service/dev-ecs-cluster/dev-employee-exit-backend-ecs-service:policyName/dev-employee-exit-backend-scale-up-policy",
            "id": "dev-employee-exit-backend-scale-up-policy",
            "name": "dev-employee-exit-backend-scale-up-policy",
            "policy_type": "StepScaling",
            "resource_id": "service/dev-ecs-cluster/dev-employee-exit-backend-ecs-service",
            "scalable_dimension": "ecs:service:DesiredCount",
            "service_namespace": "ecs",
            "step_scaling_policy_configuration": [
              {
                "adjustment_type": "ChangeInCapacity",
                "cooldown": 60,
                "metric_aggregation_type": "Maximum",
                "min_adjustment_magnitude": 0,
                "step_adjustment": [
                  {
                    "metric_interval_lower_bound": "0",
                    "metric_interval_upper_bound": "",
                    "scaling_adjustment": 1
                  }
                ]
              }
            ],
            "target_tracking_scaling_policy_configuration": []
          },
          "sensitive_attributes": [],
          "private": "bnVsbA==",
          "dependencies": [
            "module.Exit_Services.aws_appautoscaling_target.scale_target"
          ]
        }
      ]
    },
    {
      "module": "module.Exit_Services",
      "mode": "managed",
      "type": "aws_appautoscaling_target",
      "name": "scale_target",
      "provider": "provider[\"registry.terraform.io/hashicorp/aws\"]",
      "instances": [
        {
          "schema_version": 0,
          "attributes": {
            "arn": "arn:aws:application-autoscaling:ap-south-1:266735807609:scalable-target/0ec5c97a2da4d5984edcac0c6580366739d1",
            "id": "service/dev-ecs-cluster/dev-employee-exit-backend-ecs-service",
            "max_capacity": 5,
            "min_capacity": 1,
            "resource_id": "service/dev-ecs-cluster/dev-employee-exit-backend-ecs-service",
            "role_arn": "arn:aws:iam::266735807609:role/aws-service-role/ecs.application-autoscaling.amazonaws.com/AWSServiceRoleForApplicationAutoScaling_ECSService",
            "scalable_dimension": "ecs:service:DesiredCount",
            "service_namespace": "ecs",
            "suspended_state": [
              {
                "dynamic_scaling_in_suspended": false,
                "dynamic_scaling_out_suspended": false,
                "scheduled_scaling_suspended": false
              }
            ],
            "tags": null,
            "tags_all": {}
          },
          "sensitive_attributes": [],
          "private": "bnVsbA=="
        }
      ]
    },
    {
      "module": "module.Exit_Services",
      "mode": "managed",
      "type": "aws_cloudwatch_log_group",
      "name": "log-group",
      "provider": "provider[\"registry.terraform.io/hashicorp/aws\"]",
      "instances": [
        {
          "schema_version": 0,
          "attributes": {
            "arn": "arn:aws:logs:ap-south-1:266735807609:log-group:dev-employee-exit-backend-logs",
            "id": "dev-employee-exit-backend-logs",
            "kms_key_id": "",
            "log_group_class": "STANDARD",
            "name": "dev-employee-exit-backend-logs",
            "name_prefix": "",
            "retention_in_days": 14,
            "skip_destroy": false,
            "tags": {
              "Service": "employee-exit-backend",
              "env": "dev"
            },
            "tags_all": {
              "Service": "employee-exit-backend",
              "env": "dev"
            }
          },
          "sensitive_attributes": [],
          "private": "bnVsbA=="
        }
      ]
    },
    {
      "module": "module.Exit_Services",
      "mode": "managed",
      "type": "aws_cloudwatch_metric_alarm",
      "name": "cpu_high",
      "provider": "provider[\"registry.terraform.io/hashicorp/aws\"]",
      "instances": [
        {
          "schema_version": 1,
          "attributes": {
            "actions_enabled": true,
            "alarm_actions": [
              "arn:aws:autoscaling:ap-south-1:266735807609:scalingPolicy:c97a2da4-d598-4edc-ac0c-6580366739d1:resource/ecs/service/dev-ecs-cluster/dev-employee-exit-backend-ecs-service:policyName/dev-employee-exit-backend-scale-up-policy"
            ],
            "alarm_description": "",
            "alarm_name": "dev-employee-exit-backend-cpu-high",
            "arn": "arn:aws:cloudwatch:ap-south-1:266735807609:alarm:dev-employee-exit-backend-cpu-high",
            "comparison_operator": "GreaterThanOrEqualToThreshold",
            "datapoints_to_alarm": 0,
            "dimensions": {
              "ClusterName": "dev-ecs-cluster",
              "ServiceName": "dev-employee-exit-backend-ecs-service"
            },
            "evaluate_low_sample_count_percentiles": "",
            "evaluation_periods": 3,
            "extended_statistic": "",
            "id": "dev-employee-exit-backend-cpu-high",
            "insufficient_data_actions": [],
            "metric_name": "CPUUtilization",
            "metric_query": [],
            "namespace": "AWS/ECS",
            "ok_actions": [],
            "period": 60,
            "statistic": "Maximum",
            "tags": {
              "Name": "dev-employee-exit-backend-cpu-high",
              "env": "dev"
            },
            "tags_all": {
              "Name": "dev-employee-exit-backend-cpu-high",
              "env": "dev"
            },
            "threshold": 60,
            "threshold_metric_id": "",
            "treat_missing_data": "missing",
            "unit": ""
          },
          "sensitive_attributes": [],
          "private": "eyJzY2hlbWFfdmVyc2lvbiI6IjEifQ==",
          "dependencies": [
            "module.Exit_Services.aws_appautoscaling_policy.scale_up_policy",
            "module.Exit_Services.aws_appautoscaling_target.scale_target"
          ]
        }
      ]
    },
    {
      "module": "module.Exit_Services",
      "mode": "managed",
      "type": "aws_cloudwatch_metric_alarm",
      "name": "cpu_low",
      "provider": "provider[\"registry.terraform.io/hashicorp/aws\"]",
      "instances": [
        {
          "schema_version": 1,
          "attributes": {
            "actions_enabled": true,
            "alarm_actions": [
              "arn:aws:autoscaling:ap-south-1:266735807609:scalingPolicy:c97a2da4-d598-4edc-ac0c-6580366739d1:resource/ecs/service/dev-ecs-cluster/dev-employee-exit-backend-ecs-service:policyName/dev-employee-exit-backend-scale-down-policy"
            ],
            "alarm_description": "",
            "alarm_name": "dev-employee-exit-backend-cpu-low",
            "arn": "arn:aws:cloudwatch:ap-south-1:266735807609:alarm:dev-employee-exit-backend-cpu-low",
            "comparison_operator": "LessThanOrEqualToThreshold",
            "datapoints_to_alarm": 0,
            "dimensions": {
              "ClusterName": "dev-ecs-cluster",
              "ServiceName": "dev-employee-exit-backend-ecs-service"
            },
            "evaluate_low_sample_count_percentiles": "",
            "evaluation_periods": 3,
            "extended_statistic": "",
            "id": "dev-employee-exit-backend-cpu-low",
            "insufficient_data_actions": [],
            "metric_name": "CPUUtilization",
            "metric_query": [],
            "namespace": "AWS/ECS",
            "ok_actions": [],
            "period": 60,
            "statistic": "Average",
            "tags": {
              "Name": "dev-employee-exit-backend-cpu-low",
              "env": "dev"
            },
            "tags_all": {
              "Name": "dev-employee-exit-backend-cpu-low",
              "env": "dev"
            },
            "threshold": 10,
            "threshold_metric_id": "",
            "treat_missing_data": "missing",
            "unit": ""
          },
          "sensitive_attributes": [],
          "private": "eyJzY2hlbWFfdmVyc2lvbiI6IjEifQ==",
          "dependencies": [
            "module.Exit_Services.aws_appautoscaling_policy.scale_down_policy",
            "module.Exit_Services.aws_appautoscaling_target.scale_target"
          ]
        }
      ]
    },
    {
      "module": "module.Exit_Services",
      "mode": "managed",
      "type": "aws_ecr_lifecycle_policy",
      "name": "ecr_image_retention",
      "provider": "provider[\"registry.terraform.io/hashicorp/aws\"]",
      "instances": [
        {
          "schema_version": 0,
          "attributes": {
            "id": "employee-exit-backend",
            "policy": "{\"rules\":[{\"action\":{\"type\":\"expire\"},\"description\":\"Expire images older than 14 days\",\"rulePriority\":1,\"selection\":{\"countNumber\":14,\"countType\":\"sinceImagePushed\",\"countUnit\":\"days\",\"tagStatus\":\"untagged\"}}]}",
            "registry_id": "266735807609",
            "repository": "employee-exit-backend"
          },
          "sensitive_attributes": [],
          "private": "bnVsbA==",
          "dependencies": [
            "module.Exit_Services.aws_ecr_repository.ecr"
          ]
        }
      ]
    },
    {
      "module": "module.Exit_Services",
      "mode": "managed",
      "type": "aws_ecr_repository",
      "name": "ecr",
      "provider": "provider[\"registry.terraform.io/hashicorp/aws\"]",
      "instances": [
        {
          "schema_version": 0,
          "attributes": {
            "arn": "arn:aws:ecr:ap-south-1:266735807609:repository/employee-exit-backend",
            "encryption_configuration": [
              {
                "encryption_type": "AES256",
                "kms_key": ""
              }
            ],
            "force_delete": null,
            "id": "employee-exit-backend",
            "image_scanning_configuration": [
              {
                "scan_on_push": false
              }
            ],
            "image_tag_mutability": "MUTABLE",
            "name": "employee-exit-backend",
            "registry_id": "266735807609",
            "repository_url": "266735807609.dkr.ecr.ap-south-1.amazonaws.com/employee-exit-backend",
            "tags": {
              "Service": "employee-exit-backend",
              "env": "dev"
            },
            "tags_all": {
              "Service": "employee-exit-backend",
              "env": "dev"
            },
            "timeouts": null
          },
          "sensitive_attributes": [],
          "private": "eyJlMmJmYjczMC1lY2FhLTExZTYtOGY4OC0zNDM2M2JjN2M0YzAiOnsiZGVsZXRlIjoxMjAwMDAwMDAwMDAwfX0="
        }
      ]
    },
    {
      "module": "module.Exit_Services",
      "mode": "managed",
      "type": "aws_ecs_service",
      "name": "aws-ecs-service",
      "provider": "provider[\"registry.terraform.io/hashicorp/aws\"]",
      "instances": [
        {
          "schema_version": 1,
          "attributes": {
            "alarms": [],
            "availability_zone_rebalancing": "DISABLED",
            "capacity_provider_strategy": [
              {
                "base": 0,
                "capacity_provider": "dev-ecs-cluster-cp",
                "weight": 1
              }
            ],
            "cluster": "arn:aws:ecs:ap-south-1:266735807609:cluster/dev-ecs-cluster",
            "deployment_circuit_breaker": [
              {
                "enable": false,
                "rollback": false
              }
            ],
            "deployment_controller": [
              {
                "type": "ECS"
              }
            ],
            "deployment_maximum_percent": 200,
            "deployment_minimum_healthy_percent": 100,
            "desired_count": 1,
            "enable_ecs_managed_tags": false,
            "enable_execute_command": false,
            "force_delete": null,
            "force_new_deployment": true,
            "health_check_grace_period_seconds": 0,
            "iam_role": "/aws-service-role/ecs.amazonaws.com/AWSServiceRoleForECS",
            "id": "arn:aws:ecs:ap-south-1:266735807609:service/dev-ecs-cluster/dev-employee-exit-backend-ecs-service",
            "launch_type": "",
            "load_balancer": [
              {
                "container_name": "dev-employee-exit-backend-container",
                "container_port": 3000,
                "elb_name": "",
                "target_group_arn": "arn:aws:elasticloadbalancing:ap-south-1:266735807609:targetgroup/employee-exit-backend-tg/2c0ab278ff4263af"
              }
            ],
            "name": "dev-employee-exit-backend-ecs-service",
            "network_configuration": [],
            "ordered_placement_strategy": [
              {
                "field": "cpu",
                "type": "binpack"
              }
            ],
            "placement_constraints": [],
            "platform_version": "",
            "propagate_tags": "NONE",
            "scheduling_strategy": "REPLICA",
            "service_connect_configuration": [],
            "service_registries": [],
            "tags": null,
            "tags_all": {},
            "task_definition": "arn:aws:ecs:ap-south-1:266735807609:task-definition/dev-employee-exit-backend-task:3",
            "timeouts": null,
            "triggers": {},
            "volume_configuration": [],
            "vpc_lattice_configurations": [],
            "wait_for_steady_state": false
          },
          "sensitive_attributes": [],
          "private": "eyJlMmJmYjczMC1lY2FhLTExZTYtOGY4OC0zNDM2M2JjN2M0YzAiOnsiY3JlYXRlIjoxMjAwMDAwMDAwMDAwLCJkZWxldGUiOjEyMDAwMDAwMDAwMDAsInVwZGF0ZSI6MTIwMDAwMDAwMDAwMH0sInNjaGVtYV92ZXJzaW9uIjoiMSJ9",
          "dependencies": [
            "data.aws_ecs_cluster.ecs",
            "data.aws_lb_target_group.employee_exit",
            "module.Exit_Services.aws_cloudwatch_log_group.log-group",
            "module.Exit_Services.aws_ecr_repository.ecr",
            "module.Exit_Services.aws_ecs_task_definition.aws-ecs-task"
          ]
        }
      ]
    },
    {
      "module": "module.Exit_Services",
      "mode": "managed",
      "type": "aws_ecs_task_definition",
      "name": "aws-ecs-task",
      "provider": "provider[\"registry.terraform.io/hashicorp/aws\"]",
      "instances": [
        {
          "schema_version": 1,
          "attributes": {
            "arn": "arn:aws:ecs:ap-south-1:266735807609:task-definition/dev-employee-exit-backend-task:3",
            "arn_without_revision": "arn:aws:ecs:ap-south-1:266735807609:task-definition/dev-employee-exit-backend-task",
            "container_definitions": "[{\"cpu\":128,\"entryPoint\":[],\"environment\":[],\"essential\":true,\"image\":\"266735807609.dkr.ecr.ap-south-1.amazonaws.com/employee-exit-backend:latest\",\"logConfiguration\":{\"logDriver\":\"awslogs\",\"options\":{\"awslogs-region\":\"ap-south-1\",\"awslogs-stream-prefix\":\"dev-employee-exit-backend\",\"awslogs-group\":\"dev-employee-exit-backend-logs\"}},\"memory\":256,\"mountPoints\":[],\"name\":\"dev-employee-exit-backend-container\",\"portMappings\":[{\"containerPort\":3000,\"hostPort\":0,\"protocol\":\"tcp\"}],\"systemControls\":[],\"volumesFrom\":[]}]",
            "cpu": "128",
            "enable_fault_injection": false,
            "ephemeral_storage": [],
            "execution_role_arn": "",
            "family": "dev-employee-exit-backend-task",
            "id": "dev-employee-exit-backend-task",
            "inference_accelerator": [],
            "ipc_mode": "",
            "memory": "256",
            "network_mode": "bridge",
            "pid_mode": "",
            "placement_constraints": [],
            "proxy_configuration": [],
            "requires_compatibilities": [
              "EC2"
            ],
            "revision": 3,
            "runtime_platform": [],
            "skip_destroy": false,
            "tags": {
              "Name": "dev-employee-exit-backend-ecs-td",
              "env": "dev"
            },
            "tags_all": {
              "Name": "dev-employee-exit-backend-ecs-td",
              "env": "dev"
            },
            "task_role_arn": "",
            "track_latest": false,
            "volume": []
          },
          "sensitive_attributes": [],
          "private": "eyJzY2hlbWFfdmVyc2lvbiI6IjEifQ==",
          "dependencies": [
            "module.Exit_Services.aws_cloudwatch_log_group.log-group",
            "module.Exit_Services.aws_ecr_repository.ecr"
          ]
        }
      ]
    },
    {
      "module": "module.Exit_trans_Services",
      "mode": "managed",
      "type": "aws_appautoscaling_policy",
      "name": "scale_down_policy",
      "provider": "provider[\"registry.terraform.io/hashicorp/aws\"]",
      "instances": [
        {
          "schema_version": 0,
          "attributes": {
            "alarm_arns": [],
            "arn": "arn:aws:autoscaling:ap-south-1:266735807609:scalingPolicy:79470735-6286-4007-96fc-43788d1136fd:resource/ecs/service/dev-ecs-cluster/dev-employee-exit-transaction-backend-ecs-service:policyName/dev-employee-exit-transaction-backend-scale-down-policy",
            "id": "dev-employee-exit-transaction-backend-scale-down-policy",
            "name": "dev-employee-exit-transaction-backend-scale-down-policy",
            "policy_type": "StepScaling",
            "resource_id": "service/dev-ecs-cluster/dev-employee-exit-transaction-backend-ecs-service",
            "scalable_dimension": "ecs:service:DesiredCount",
            "service_namespace": "ecs",
            "step_scaling_policy_configuration": [
              {
                "adjustment_type": "ChangeInCapacity",
                "cooldown": 60,
                "metric_aggregation_type": "Maximum",
                "min_adjustment_magnitude": 0,
                "step_adjustment": [
                  {
                    "metric_interval_lower_bound": "",
                    "metric_interval_upper_bound": "0",
                    "scaling_adjustment": -1
                  }
                ]
              }
            ],
            "target_tracking_scaling_policy_configuration": []
          },
          "sensitive_attributes": [],
          "private": "bnVsbA==",
          "dependencies": [
            "module.Exit_trans_Services.aws_appautoscaling_target.scale_target"
          ]
        }
      ]
    },
    {
      "module": "module.Exit_trans_Services",
      "mode": "managed",
      "type": "aws_appautoscaling_policy",
      "name": "scale_up_policy",
      "provider": "provider[\"registry.terraform.io/hashicorp/aws\"]",
      "instances": [
        {
          "schema_version": 0,
          "attributes": {
            "alarm_arns": [],
            "arn": "arn:aws:autoscaling:ap-south-1:266735807609:scalingPolicy:79470735-6286-4007-96fc-43788d1136fd:resource/ecs/service/dev-ecs-cluster/dev-employee-exit-transaction-backend-ecs-service:policyName/dev-employee-exit-transaction-backend-scale-up-policy",
            "id": "dev-employee-exit-transaction-backend-scale-up-policy",
            "name": "dev-employee-exit-transaction-backend-scale-up-policy",
            "policy_type": "StepScaling",
            "resource_id": "service/dev-ecs-cluster/dev-employee-exit-transaction-backend-ecs-service",
            "scalable_dimension": "ecs:service:DesiredCount",
            "service_namespace": "ecs",
            "step_scaling_policy_configuration": [
              {
                "adjustment_type": "ChangeInCapacity",
                "cooldown": 60,
                "metric_aggregation_type": "Maximum",
                "min_adjustment_magnitude": 0,
                "step_adjustment": [
                  {
                    "metric_interval_lower_bound": "0",
                    "metric_interval_upper_bound": "",
                    "scaling_adjustment": 1
                  }
                ]
              }
            ],
            "target_tracking_scaling_policy_configuration": []
          },
          "sensitive_attributes": [],
          "private": "bnVsbA==",
          "dependencies": [
            "module.Exit_trans_Services.aws_appautoscaling_target.scale_target"
          ]
        }
      ]
    },
    {
      "module": "module.Exit_trans_Services",
      "mode": "managed",
      "type": "aws_appautoscaling_target",
      "name": "scale_target",
      "provider": "provider[\"registry.terraform.io/hashicorp/aws\"]",
      "instances": [
        {
          "schema_version": 0,
          "attributes": {
            "arn": "arn:aws:application-autoscaling:ap-south-1:266735807609:scalable-target/0ec5794707356286400796fc43788d1136fd",
            "id": "service/dev-ecs-cluster/dev-employee-exit-transaction-backend-ecs-service",
            "max_capacity": 5,
            "min_capacity": 1,
            "resource_id": "service/dev-ecs-cluster/dev-employee-exit-transaction-backend-ecs-service",
            "role_arn": "arn:aws:iam::266735807609:role/aws-service-role/ecs.application-autoscaling.amazonaws.com/AWSServiceRoleForApplicationAutoScaling_ECSService",
            "scalable_dimension": "ecs:service:DesiredCount",
            "service_namespace": "ecs",
            "suspended_state": [
              {
                "dynamic_scaling_in_suspended": false,
                "dynamic_scaling_out_suspended": false,
                "scheduled_scaling_suspended": false
              }
            ],
            "tags": null,
            "tags_all": {}
          },
          "sensitive_attributes": [],
          "private": "bnVsbA=="
        }
      ]
    },
    {
      "module": "module.Exit_trans_Services",
      "mode": "managed",
      "type": "aws_cloudwatch_log_group",
      "name": "log-group",
      "provider": "provider[\"registry.terraform.io/hashicorp/aws\"]",
      "instances": [
        {
          "schema_version": 0,
          "attributes": {
            "arn": "arn:aws:logs:ap-south-1:266735807609:log-group:dev-employee-exit-transaction-backend-logs",
            "id": "dev-employee-exit-transaction-backend-logs",
            "kms_key_id": "",
            "log_group_class": "STANDARD",
            "name": "dev-employee-exit-transaction-backend-logs",
            "name_prefix": "",
            "retention_in_days": 14,
            "skip_destroy": false,
            "tags": {
              "Service": "employee-exit-transaction-backend",
              "env": "dev"
            },
            "tags_all": {
              "Service": "employee-exit-transaction-backend",
              "env": "dev"
            }
          },
          "sensitive_attributes": [],
          "private": "bnVsbA=="
        }
      ]
    },
    {
      "module": "module.Exit_trans_Services",
      "mode": "managed",
      "type": "aws_cloudwatch_metric_alarm",
      "name": "cpu_high",
      "provider": "provider[\"registry.terraform.io/hashicorp/aws\"]",
      "instances": [
        {
          "schema_version": 1,
          "attributes": {
            "actions_enabled": true,
            "alarm_actions": [
              "arn:aws:autoscaling:ap-south-1:266735807609:scalingPolicy:79470735-6286-4007-96fc-43788d1136fd:resource/ecs/service/dev-ecs-cluster/dev-employee-exit-transaction-backend-ecs-service:policyName/dev-employee-exit-transaction-backend-scale-up-policy"
            ],
            "alarm_description": "",
            "alarm_name": "dev-employee-exit-transaction-backend-cpu-high",
            "arn": "arn:aws:cloudwatch:ap-south-1:266735807609:alarm:dev-employee-exit-transaction-backend-cpu-high",
            "comparison_operator": "GreaterThanOrEqualToThreshold",
            "datapoints_to_alarm": 0,
            "dimensions": {
              "ClusterName": "dev-ecs-cluster",
              "ServiceName": "dev-employee-exit-transaction-backend-ecs-service"
            },
            "evaluate_low_sample_count_percentiles": "",
            "evaluation_periods": 3,
            "extended_statistic": "",
            "id": "dev-employee-exit-transaction-backend-cpu-high",
            "insufficient_data_actions": [],
            "metric_name": "CPUUtilization",
            "metric_query": [],
            "namespace": "AWS/ECS",
            "ok_actions": [],
            "period": 60,
            "statistic": "Maximum",
            "tags": {
              "Name": "dev-employee-exit-transaction-backend-cpu-high",
              "env": "dev"
            },
            "tags_all": {
              "Name": "dev-employee-exit-transaction-backend-cpu-high",
              "env": "dev"
            },
            "threshold": 60,
            "threshold_metric_id": "",
            "treat_missing_data": "missing",
            "unit": ""
          },
          "sensitive_attributes": [],
          "private": "eyJzY2hlbWFfdmVyc2lvbiI6IjEifQ==",
          "dependencies": [
            "module.Exit_trans_Services.aws_appautoscaling_policy.scale_up_policy",
            "module.Exit_trans_Services.aws_appautoscaling_target.scale_target"
          ]
        }
      ]
    },
    {
      "module": "module.Exit_trans_Services",
      "mode": "managed",
      "type": "aws_cloudwatch_metric_alarm",
      "name": "cpu_low",
      "provider": "provider[\"registry.terraform.io/hashicorp/aws\"]",
      "instances": [
        {
          "schema_version": 1,
          "attributes": {
            "actions_enabled": true,
            "alarm_actions": [
              "arn:aws:autoscaling:ap-south-1:266735807609:scalingPolicy:79470735-6286-4007-96fc-43788d1136fd:resource/ecs/service/dev-ecs-cluster/dev-employee-exit-transaction-backend-ecs-service:policyName/dev-employee-exit-transaction-backend-scale-down-policy"
            ],
            "alarm_description": "",
            "alarm_name": "dev-employee-exit-transaction-backend-cpu-low",
            "arn": "arn:aws:cloudwatch:ap-south-1:266735807609:alarm:dev-employee-exit-transaction-backend-cpu-low",
            "comparison_operator": "LessThanOrEqualToThreshold",
            "datapoints_to_alarm": 0,
            "dimensions": {
              "ClusterName": "dev-ecs-cluster",
              "ServiceName": "dev-employee-exit-transaction-backend-ecs-service"
            },
            "evaluate_low_sample_count_percentiles": "",
            "evaluation_periods": 3,
            "extended_statistic": "",
            "id": "dev-employee-exit-transaction-backend-cpu-low",
            "insufficient_data_actions": [],
            "metric_name": "CPUUtilization",
            "metric_query": [],
            "namespace": "AWS/ECS",
            "ok_actions": [],
            "period": 60,
            "statistic": "Average",
            "tags": {
              "Name": "dev-employee-exit-transaction-backend-cpu-low",
              "env": "dev"
            },
            "tags_all": {
              "Name": "dev-employee-exit-transaction-backend-cpu-low",
              "env": "dev"
            },
            "threshold": 10,
            "threshold_metric_id": "",
            "treat_missing_data": "missing",
            "unit": ""
          },
          "sensitive_attributes": [],
          "private": "eyJzY2hlbWFfdmVyc2lvbiI6IjEifQ==",
          "dependencies": [
            "module.Exit_trans_Services.aws_appautoscaling_policy.scale_down_policy",
            "module.Exit_trans_Services.aws_appautoscaling_target.scale_target"
          ]
        }
      ]
    },
    {
      "module": "module.Exit_trans_Services",
      "mode": "managed",
      "type": "aws_ecr_lifecycle_policy",
      "name": "ecr_image_retention",
      "provider": "provider[\"registry.terraform.io/hashicorp/aws\"]",
      "instances": [
        {
          "schema_version": 0,
          "attributes": {
            "id": "employee-exit-transaction-backend",
            "policy": "{\"rules\":[{\"action\":{\"type\":\"expire\"},\"description\":\"Expire images older than 14 days\",\"rulePriority\":1,\"selection\":{\"countNumber\":14,\"countType\":\"sinceImagePushed\",\"countUnit\":\"days\",\"tagStatus\":\"untagged\"}}]}",
            "registry_id": "266735807609",
            "repository": "employee-exit-transaction-backend"
          },
          "sensitive_attributes": [],
          "private": "bnVsbA==",
          "dependencies": [
            "module.Exit_trans_Services.aws_ecr_repository.ecr"
          ]
        }
      ]
    },
    {
      "module": "module.Exit_trans_Services",
      "mode": "managed",
      "type": "aws_ecr_repository",
      "name": "ecr",
      "provider": "provider[\"registry.terraform.io/hashicorp/aws\"]",
      "instances": [
        {
          "schema_version": 0,
          "attributes": {
            "arn": "arn:aws:ecr:ap-south-1:266735807609:repository/employee-exit-transaction-backend",
            "encryption_configuration": [
              {
                "encryption_type": "AES256",
                "kms_key": ""
              }
            ],
            "force_delete": null,
            "id": "employee-exit-transaction-backend",
            "image_scanning_configuration": [
              {
                "scan_on_push": false
              }
            ],
            "image_tag_mutability": "MUTABLE",
            "name": "employee-exit-transaction-backend",
            "registry_id": "266735807609",
            "repository_url": "266735807609.dkr.ecr.ap-south-1.amazonaws.com/employee-exit-transaction-backend",
            "tags": {
              "Service": "employee-exit-transaction-backend",
              "env": "dev"
            },
            "tags_all": {
              "Service": "employee-exit-transaction-backend",
              "env": "dev"
            },
            "timeouts": null
          },
          "sensitive_attributes": [],
          "private": "eyJlMmJmYjczMC1lY2FhLTExZTYtOGY4OC0zNDM2M2JjN2M0YzAiOnsiZGVsZXRlIjoxMjAwMDAwMDAwMDAwfX0="
        }
      ]
    },
    {
      "module": "module.Exit_trans_Services",
      "mode": "managed",
      "type": "aws_ecs_service",
      "name": "aws-ecs-service",
      "provider": "provider[\"registry.terraform.io/hashicorp/aws\"]",
      "instances": [
        {
          "schema_version": 1,
          "attributes": {
            "alarms": [],
            "availability_zone_rebalancing": "DISABLED",
            "capacity_provider_strategy": [
              {
                "base": 0,
                "capacity_provider": "dev-ecs-cluster-cp",
                "weight": 1
              }
            ],
            "cluster": "arn:aws:ecs:ap-south-1:266735807609:cluster/dev-ecs-cluster",
            "deployment_circuit_breaker": [
              {
                "enable": false,
                "rollback": false
              }
            ],
            "deployment_controller": [
              {
                "type": "ECS"
              }
            ],
            "deployment_maximum_percent": 200,
            "deployment_minimum_healthy_percent": 100,
            "desired_count": 1,
            "enable_ecs_managed_tags": false,
            "enable_execute_command": false,
            "force_delete": null,
            "force_new_deployment": true,
            "health_check_grace_period_seconds": 0,
            "iam_role": "/aws-service-role/ecs.amazonaws.com/AWSServiceRoleForECS",
            "id": "arn:aws:ecs:ap-south-1:266735807609:service/dev-ecs-cluster/dev-employee-exit-transaction-backend-ecs-service",
            "launch_type": "",
            "load_balancer": [
              {
                "container_name": "dev-employee-exit-transaction-backend-container",
                "container_port": 3000,
                "elb_name": "",
                "target_group_arn": "arn:aws:elasticloadbalancing:ap-south-1:266735807609:targetgroup/employee-exit-trans-backend-tg/f0357d01e424f6dc"
              }
            ],
            "name": "dev-employee-exit-transaction-backend-ecs-service",
            "network_configuration": [],
            "ordered_placement_strategy": [
              {
                "field": "cpu",
                "type": "binpack"
              }
            ],
            "placement_constraints": [],
            "platform_version": "",
            "propagate_tags": "NONE",
            "scheduling_strategy": "REPLICA",
            "service_connect_configuration": [],
            "service_registries": [],
            "tags": null,
            "tags_all": {},
            "task_definition": "arn:aws:ecs:ap-south-1:266735807609:task-definition/dev-employee-exit-transaction-backend-task:2",
            "timeouts": null,
            "triggers": {},
            "volume_configuration": [],
            "vpc_lattice_configurations": [],
            "wait_for_steady_state": false
          },
          "sensitive_attributes": [],
          "private": "eyJlMmJmYjczMC1lY2FhLTExZTYtOGY4OC0zNDM2M2JjN2M0YzAiOnsiY3JlYXRlIjoxMjAwMDAwMDAwMDAwLCJkZWxldGUiOjEyMDAwMDAwMDAwMDAsInVwZGF0ZSI6MTIwMDAwMDAwMDAwMH0sInNjaGVtYV92ZXJzaW9uIjoiMSJ9",
          "dependencies": [
            "data.aws_ecs_cluster.ecs",
            "data.aws_lb_target_group.employee_exit_transaction_backend",
            "module.Exit_trans_Services.aws_cloudwatch_log_group.log-group",
            "module.Exit_trans_Services.aws_ecr_repository.ecr",
            "module.Exit_trans_Services.aws_ecs_task_definition.aws-ecs-task"
          ]
        }
      ]
    },
    {
      "module": "module.Exit_trans_Services",
      "mode": "managed",
      "type": "aws_ecs_task_definition",
      "name": "aws-ecs-task",
      "provider": "provider[\"registry.terraform.io/hashicorp/aws\"]",
      "instances": [
        {
          "schema_version": 1,
          "attributes": {
            "arn": "arn:aws:ecs:ap-south-1:266735807609:task-definition/dev-employee-exit-transaction-backend-task:2",
            "arn_without_revision": "arn:aws:ecs:ap-south-1:266735807609:task-definition/dev-employee-exit-transaction-backend-task",
            "container_definitions": "[{\"cpu\":128,\"entryPoint\":[],\"environment\":[],\"essential\":true,\"image\":\"266735807609.dkr.ecr.ap-south-1.amazonaws.com/employee-exit-transaction-backend:latest\",\"logConfiguration\":{\"logDriver\":\"awslogs\",\"options\":{\"awslogs-stream-prefix\":\"dev-employee-exit-transaction-backend\",\"awslogs-group\":\"dev-employee-exit-transaction-backend-logs\",\"awslogs-region\":\"ap-south-1\"}},\"memory\":256,\"mountPoints\":[],\"name\":\"dev-employee-exit-transaction-backend-container\",\"portMappings\":[{\"containerPort\":3000,\"hostPort\":0,\"protocol\":\"tcp\"}],\"systemControls\":[],\"volumesFrom\":[]}]",
            "cpu": "128",
            "enable_fault_injection": false,
            "ephemeral_storage": [],
            "execution_role_arn": "",
            "family": "dev-employee-exit-transaction-backend-task",
            "id": "dev-employee-exit-transaction-backend-task",
            "inference_accelerator": [],
            "ipc_mode": "",
            "memory": "256",
            "network_mode": "bridge",
            "pid_mode": "",
            "placement_constraints": [],
            "proxy_configuration": [],
            "requires_compatibilities": [
              "EC2"
            ],
            "revision": 2,
            "runtime_platform": [],
            "skip_destroy": false,
            "tags": {
              "Name": "dev-employee-exit-transaction-backend-ecs-td",
              "env": "dev"
            },
            "tags_all": {
              "Name": "dev-employee-exit-transaction-backend-ecs-td",
              "env": "dev"
            },
            "task_role_arn": "",
            "track_latest": false,
            "volume": []
          },
          "sensitive_attributes": [],
          "private": "eyJzY2hlbWFfdmVyc2lvbiI6IjEifQ==",
          "dependencies": [
            "module.Exit_trans_Services.aws_cloudwatch_log_group.log-group",
            "module.Exit_trans_Services.aws_ecr_repository.ecr"
          ]
        }
      ]
    },
    {
      "module": "module.Login_Services",
      "mode": "managed",
      "type": "aws_appautoscaling_policy",
      "name": "scale_down_policy",
      "provider": "provider[\"registry.terraform.io/hashicorp/aws\"]",
      "instances": [
        {
          "schema_version": 0,
          "attributes": {
            "alarm_arns": [],
            "arn": "arn:aws:autoscaling:ap-south-1:266735807609:scalingPolicy:6f11491e-eac6-4701-90b7-31129505ffc2:resource/ecs/service/dev-ecs-cluster/dev-login-backend-ecs-service:policyName/dev-login-backend-scale-down-policy",
            "id": "dev-login-backend-scale-down-policy",
            "name": "dev-login-backend-scale-down-policy",
            "policy_type": "StepScaling",
            "resource_id": "service/dev-ecs-cluster/dev-login-backend-ecs-service",
            "scalable_dimension": "ecs:service:DesiredCount",
            "service_namespace": "ecs",
            "step_scaling_policy_configuration": [
              {
                "adjustment_type": "ChangeInCapacity",
                "cooldown": 60,
                "metric_aggregation_type": "Maximum",
                "min_adjustment_magnitude": 0,
                "step_adjustment": [
                  {
                    "metric_interval_lower_bound": "",
                    "metric_interval_upper_bound": "0",
                    "scaling_adjustment": -1
                  }
                ]
              }
            ],
            "target_tracking_scaling_policy_configuration": []
          },
          "sensitive_attributes": [],
          "private": "bnVsbA==",
          "dependencies": [
            "module.Login_Services.aws_appautoscaling_target.scale_target"
          ]
        }
      ]
    },
    {
      "module": "module.Login_Services",
      "mode": "managed",
      "type": "aws_appautoscaling_policy",
      "name": "scale_up_policy",
      "provider": "provider[\"registry.terraform.io/hashicorp/aws\"]",
      "instances": [
        {
          "schema_version": 0,
          "attributes": {
            "alarm_arns": [],
            "arn": "arn:aws:autoscaling:ap-south-1:266735807609:scalingPolicy:6f11491e-eac6-4701-90b7-31129505ffc2:resource/ecs/service/dev-ecs-cluster/dev-login-backend-ecs-service:policyName/dev-login-backend-scale-up-policy",
            "id": "dev-login-backend-scale-up-policy",
            "name": "dev-login-backend-scale-up-policy",
            "policy_type": "StepScaling",
            "resource_id": "service/dev-ecs-cluster/dev-login-backend-ecs-service",
            "scalable_dimension": "ecs:service:DesiredCount",
            "service_namespace": "ecs",
            "step_scaling_policy_configuration": [
              {
                "adjustment_type": "ChangeInCapacity",
                "cooldown": 60,
                "metric_aggregation_type": "Maximum",
                "min_adjustment_magnitude": 0,
                "step_adjustment": [
                  {
                    "metric_interval_lower_bound": "0",
                    "metric_interval_upper_bound": "",
                    "scaling_adjustment": 1
                  }
                ]
              }
            ],
            "target_tracking_scaling_policy_configuration": []
          },
          "sensitive_attributes": [],
          "private": "bnVsbA==",
          "dependencies": [
            "module.Login_Services.aws_appautoscaling_target.scale_target"
          ]
        }
      ]
    },
    {
      "module": "module.Login_Services",
      "mode": "managed",
      "type": "aws_appautoscaling_target",
      "name": "scale_target",
      "provider": "provider[\"registry.terraform.io/hashicorp/aws\"]",
      "instances": [
        {
          "schema_version": 0,
          "attributes": {
            "arn": "arn:aws:application-autoscaling:ap-south-1:266735807609:scalable-target/0ec56f11491eeac6470190b731129505ffc2",
            "id": "service/dev-ecs-cluster/dev-login-backend-ecs-service",
            "max_capacity": 5,
            "min_capacity": 1,
            "resource_id": "service/dev-ecs-cluster/dev-login-backend-ecs-service",
            "role_arn": "arn:aws:iam::266735807609:role/aws-service-role/ecs.application-autoscaling.amazonaws.com/AWSServiceRoleForApplicationAutoScaling_ECSService",
            "scalable_dimension": "ecs:service:DesiredCount",
            "service_namespace": "ecs",
            "suspended_state": [
              {
                "dynamic_scaling_in_suspended": false,
                "dynamic_scaling_out_suspended": false,
                "scheduled_scaling_suspended": false
              }
            ],
            "tags": null,
            "tags_all": {}
          },
          "sensitive_attributes": [],
          "private": "bnVsbA=="
        }
      ]
    },
    {
      "module": "module.Login_Services",
      "mode": "managed",
      "type": "aws_cloudwatch_log_group",
      "name": "log-group",
      "provider": "provider[\"registry.terraform.io/hashicorp/aws\"]",
      "instances": [
        {
          "schema_version": 0,
          "attributes": {
            "arn": "arn:aws:logs:ap-south-1:266735807609:log-group:dev-login-backend-logs",
            "id": "dev-login-backend-logs",
            "kms_key_id": "",
            "log_group_class": "STANDARD",
            "name": "dev-login-backend-logs",
            "name_prefix": "",
            "retention_in_days": 14,
            "skip_destroy": false,
            "tags": {
              "Service": "login-backend",
              "env": "dev"
            },
            "tags_all": {
              "Service": "login-backend",
              "env": "dev"
            }
          },
          "sensitive_attributes": [],
          "private": "bnVsbA=="
        }
      ]
    },
    {
      "module": "module.Login_Services",
      "mode": "managed",
      "type": "aws_cloudwatch_metric_alarm",
      "name": "cpu_high",
      "provider": "provider[\"registry.terraform.io/hashicorp/aws\"]",
      "instances": [
        {
          "schema_version": 1,
          "attributes": {
            "actions_enabled": true,
            "alarm_actions": [
              "arn:aws:autoscaling:ap-south-1:266735807609:scalingPolicy:6f11491e-eac6-4701-90b7-31129505ffc2:resource/ecs/service/dev-ecs-cluster/dev-login-backend-ecs-service:policyName/dev-login-backend-scale-up-policy"
            ],
            "alarm_description": "",
            "alarm_name": "dev-login-backend-cpu-high",
            "arn": "arn:aws:cloudwatch:ap-south-1:266735807609:alarm:dev-login-backend-cpu-high",
            "comparison_operator": "GreaterThanOrEqualToThreshold",
            "datapoints_to_alarm": 0,
            "dimensions": {
              "ClusterName": "dev-ecs-cluster",
              "ServiceName": "dev-login-backend-ecs-service"
            },
            "evaluate_low_sample_count_percentiles": "",
            "evaluation_periods": 3,
            "extended_statistic": "",
            "id": "dev-login-backend-cpu-high",
            "insufficient_data_actions": [],
            "metric_name": "CPUUtilization",
            "metric_query": [],
            "namespace": "AWS/ECS",
            "ok_actions": [],
            "period": 60,
            "statistic": "Maximum",
            "tags": {
              "Name": "dev-login-backend-cpu-high",
              "env": "dev"
            },
            "tags_all": {
              "Name": "dev-login-backend-cpu-high",
              "env": "dev"
            },
            "threshold": 60,
            "threshold_metric_id": "",
            "treat_missing_data": "missing",
            "unit": ""
          },
          "sensitive_attributes": [],
          "private": "eyJzY2hlbWFfdmVyc2lvbiI6IjEifQ==",
          "dependencies": [
            "module.Login_Services.aws_appautoscaling_policy.scale_up_policy",
            "module.Login_Services.aws_appautoscaling_target.scale_target"
          ]
        }
      ]
    },
    {
      "module": "module.Login_Services",
      "mode": "managed",
      "type": "aws_cloudwatch_metric_alarm",
      "name": "cpu_low",
      "provider": "provider[\"registry.terraform.io/hashicorp/aws\"]",
      "instances": [
        {
          "schema_version": 1,
          "attributes": {
            "actions_enabled": true,
            "alarm_actions": [
              "arn:aws:autoscaling:ap-south-1:266735807609:scalingPolicy:6f11491e-eac6-4701-90b7-31129505ffc2:resource/ecs/service/dev-ecs-cluster/dev-login-backend-ecs-service:policyName/dev-login-backend-scale-down-policy"
            ],
            "alarm_description": "",
            "alarm_name": "dev-login-backend-cpu-low",
            "arn": "arn:aws:cloudwatch:ap-south-1:266735807609:alarm:dev-login-backend-cpu-low",
            "comparison_operator": "LessThanOrEqualToThreshold",
            "datapoints_to_alarm": 0,
            "dimensions": {
              "ClusterName": "dev-ecs-cluster",
              "ServiceName": "dev-login-backend-ecs-service"
            },
            "evaluate_low_sample_count_percentiles": "",
            "evaluation_periods": 3,
            "extended_statistic": "",
            "id": "dev-login-backend-cpu-low",
            "insufficient_data_actions": [],
            "metric_name": "CPUUtilization",
            "metric_query": [],
            "namespace": "AWS/ECS",
            "ok_actions": [],
            "period": 60,
            "statistic": "Average",
            "tags": {
              "Name": "dev-login-backend-cpu-low",
              "env": "dev"
            },
            "tags_all": {
              "Name": "dev-login-backend-cpu-low",
              "env": "dev"
            },
            "threshold": 10,
            "threshold_metric_id": "",
            "treat_missing_data": "missing",
            "unit": ""
          },
          "sensitive_attributes": [],
          "private": "eyJzY2hlbWFfdmVyc2lvbiI6IjEifQ==",
          "dependencies": [
            "module.Login_Services.aws_appautoscaling_policy.scale_down_policy",
            "module.Login_Services.aws_appautoscaling_target.scale_target"
          ]
        }
      ]
    },
    {
      "module": "module.Login_Services",
      "mode": "managed",
      "type": "aws_ecr_lifecycle_policy",
      "name": "ecr_image_retention",
      "provider": "provider[\"registry.terraform.io/hashicorp/aws\"]",
      "instances": [
        {
          "schema_version": 0,
          "attributes": {
            "id": "login-backend",
            "policy": "{\"rules\":[{\"action\":{\"type\":\"expire\"},\"description\":\"Expire images older than 14 days\",\"rulePriority\":1,\"selection\":{\"countNumber\":14,\"countType\":\"sinceImagePushed\",\"countUnit\":\"days\",\"tagStatus\":\"untagged\"}}]}",
            "registry_id": "266735807609",
            "repository": "login-backend"
          },
          "sensitive_attributes": [],
          "private": "bnVsbA==",
          "dependencies": [
            "module.Login_Services.aws_ecr_repository.ecr"
          ]
        }
      ]
    },
    {
      "module": "module.Login_Services",
      "mode": "managed",
      "type": "aws_ecr_repository",
      "name": "ecr",
      "provider": "provider[\"registry.terraform.io/hashicorp/aws\"]",
      "instances": [
        {
          "schema_version": 0,
          "attributes": {
            "arn": "arn:aws:ecr:ap-south-1:266735807609:repository/login-backend",
            "encryption_configuration": [
              {
                "encryption_type": "AES256",
                "kms_key": ""
              }
            ],
            "force_delete": null,
            "id": "login-backend",
            "image_scanning_configuration": [
              {
                "scan_on_push": false
              }
            ],
            "image_tag_mutability": "MUTABLE",
            "name": "login-backend",
            "registry_id": "266735807609",
            "repository_url": "266735807609.dkr.ecr.ap-south-1.amazonaws.com/login-backend",
            "tags": {
              "Service": "login-backend",
              "env": "dev"
            },
            "tags_all": {
              "Service": "login-backend",
              "env": "dev"
            },
            "timeouts": null
          },
          "sensitive_attributes": [],
          "private": "eyJlMmJmYjczMC1lY2FhLTExZTYtOGY4OC0zNDM2M2JjN2M0YzAiOnsiZGVsZXRlIjoxMjAwMDAwMDAwMDAwfX0="
        }
      ]
    },
    {
      "module": "module.Login_Services",
      "mode": "managed",
      "type": "aws_ecs_service",
      "name": "aws-ecs-service",
      "provider": "provider[\"registry.terraform.io/hashicorp/aws\"]",
      "instances": [
        {
          "schema_version": 1,
          "attributes": {
            "alarms": [],
            "availability_zone_rebalancing": "DISABLED",
            "capacity_provider_strategy": [
              {
                "base": 0,
                "capacity_provider": "dev-ecs-cluster-cp",
                "weight": 1
              }
            ],
            "cluster": "arn:aws:ecs:ap-south-1:266735807609:cluster/dev-ecs-cluster",
            "deployment_circuit_breaker": [
              {
                "enable": false,
                "rollback": false
              }
            ],
            "deployment_controller": [
              {
                "type": "ECS"
              }
            ],
            "deployment_maximum_percent": 200,
            "deployment_minimum_healthy_percent": 100,
            "desired_count": 1,
            "enable_ecs_managed_tags": false,
            "enable_execute_command": false,
            "force_delete": null,
            "force_new_deployment": true,
            "health_check_grace_period_seconds": 0,
            "iam_role": "/aws-service-role/ecs.amazonaws.com/AWSServiceRoleForECS",
            "id": "arn:aws:ecs:ap-south-1:266735807609:service/dev-ecs-cluster/dev-login-backend-ecs-service",
            "launch_type": "",
            "load_balancer": [
              {
                "container_name": "dev-login-backend-container",
                "container_port": 3000,
                "elb_name": "",
                "target_group_arn": "arn:aws:elasticloadbalancing:ap-south-1:266735807609:targetgroup/login-backend-tg/a898c5b4569e68e8"
              }
            ],
            "name": "dev-login-backend-ecs-service",
            "network_configuration": [],
            "ordered_placement_strategy": [
              {
                "field": "cpu",
                "type": "binpack"
              }
            ],
            "placement_constraints": [],
            "platform_version": "",
            "propagate_tags": "NONE",
            "scheduling_strategy": "REPLICA",
            "service_connect_configuration": [],
            "service_registries": [],
            "tags": null,
            "tags_all": {},
            "task_definition": "arn:aws:ecs:ap-south-1:266735807609:task-definition/dev-login-backend-task:3",
            "timeouts": null,
            "triggers": {},
            "volume_configuration": [],
            "vpc_lattice_configurations": [],
            "wait_for_steady_state": false
          },
          "sensitive_attributes": [],
          "private": "eyJlMmJmYjczMC1lY2FhLTExZTYtOGY4OC0zNDM2M2JjN2M0YzAiOnsiY3JlYXRlIjoxMjAwMDAwMDAwMDAwLCJkZWxldGUiOjEyMDAwMDAwMDAwMDAsInVwZGF0ZSI6MTIwMDAwMDAwMDAwMH0sInNjaGVtYV92ZXJzaW9uIjoiMSJ9",
          "dependencies": [
            "data.aws_ecs_cluster.ecs",
            "data.aws_lb_target_group.login_backend",
            "module.Login_Services.aws_cloudwatch_log_group.log-group",
            "module.Login_Services.aws_ecr_repository.ecr",
            "module.Login_Services.aws_ecs_task_definition.aws-ecs-task"
          ]
        }
      ]
    },
    {
      "module": "module.Login_Services",
      "mode": "managed",
      "type": "aws_ecs_task_definition",
      "name": "aws-ecs-task",
      "provider": "provider[\"registry.terraform.io/hashicorp/aws\"]",
      "instances": [
        {
          "schema_version": 1,
          "attributes": {
            "arn": "arn:aws:ecs:ap-south-1:266735807609:task-definition/dev-login-backend-task:3",
            "arn_without_revision": "arn:aws:ecs:ap-south-1:266735807609:task-definition/dev-login-backend-task",
            "container_definitions": "[{\"cpu\":128,\"entryPoint\":[],\"environment\":[],\"essential\":true,\"image\":\"266735807609.dkr.ecr.ap-south-1.amazonaws.com/login-backend:latest\",\"logConfiguration\":{\"logDriver\":\"awslogs\",\"options\":{\"awslogs-group\":\"dev-login-backend-logs\",\"awslogs-region\":\"ap-south-1\",\"awslogs-stream-prefix\":\"dev-login-backend\"}},\"memory\":256,\"mountPoints\":[],\"name\":\"dev-login-backend-container\",\"portMappings\":[{\"containerPort\":3000,\"hostPort\":0,\"protocol\":\"tcp\"}],\"systemControls\":[],\"volumesFrom\":[]}]",
            "cpu": "128",
            "enable_fault_injection": false,
            "ephemeral_storage": [],
            "execution_role_arn": "",
            "family": "dev-login-backend-task",
            "id": "dev-login-backend-task",
            "inference_accelerator": [],
            "ipc_mode": "",
            "memory": "256",
            "network_mode": "bridge",
            "pid_mode": "",
            "placement_constraints": [],
            "proxy_configuration": [],
            "requires_compatibilities": [
              "EC2"
            ],
            "revision": 3,
            "runtime_platform": [],
            "skip_destroy": false,
            "tags": {
              "Name": "dev-login-backend-ecs-td",
              "env": "dev"
            },
            "tags_all": {
              "Name": "dev-login-backend-ecs-td",
              "env": "dev"
            },
            "task_role_arn": "",
            "track_latest": false,
            "volume": []
          },
          "sensitive_attributes": [],
          "private": "eyJzY2hlbWFfdmVyc2lvbiI6IjEifQ==",
          "dependencies": [
            "module.Login_Services.aws_cloudwatch_log_group.log-group",
            "module.Login_Services.aws_ecr_repository.ecr"
          ]
        }
      ]
    },
    {
      "module": "module.Org_Services",
      "mode": "managed",
      "type": "aws_appautoscaling_policy",
      "name": "scale_down_policy",
      "provider": "provider[\"registry.terraform.io/hashicorp/aws\"]",
      "instances": [
        {
          "schema_version": 0,
          "attributes": {
            "alarm_arns": [],
            "arn": "arn:aws:autoscaling:ap-south-1:266735807609:scalingPolicy:49446e24-4513-41c9-a8ca-a3b34574b963:resource/ecs/service/dev-ecs-cluster/dev-org-backend-ecs-service:policyName/dev-org-backend-scale-down-policy",
            "id": "dev-org-backend-scale-down-policy",
            "name": "dev-org-backend-scale-down-policy",
            "policy_type": "StepScaling",
            "resource_id": "service/dev-ecs-cluster/dev-org-backend-ecs-service",
            "scalable_dimension": "ecs:service:DesiredCount",
            "service_namespace": "ecs",
            "step_scaling_policy_configuration": [
              {
                "adjustment_type": "ChangeInCapacity",
                "cooldown": 60,
                "metric_aggregation_type": "Maximum",
                "min_adjustment_magnitude": 0,
                "step_adjustment": [
                  {
                    "metric_interval_lower_bound": "",
                    "metric_interval_upper_bound": "0",
                    "scaling_adjustment": -1
                  }
                ]
              }
            ],
            "target_tracking_scaling_policy_configuration": []
          },
          "sensitive_attributes": [],
          "private": "bnVsbA==",
          "dependencies": [
            "module.Org_Services.aws_appautoscaling_target.scale_target"
          ]
        }
      ]
    },
    {
      "module": "module.Org_Services",
      "mode": "managed",
      "type": "aws_appautoscaling_policy",
      "name": "scale_up_policy",
      "provider": "provider[\"registry.terraform.io/hashicorp/aws\"]",
      "instances": [
        {
          "schema_version": 0,
          "attributes": {
            "alarm_arns": [],
            "arn": "arn:aws:autoscaling:ap-south-1:266735807609:scalingPolicy:49446e24-4513-41c9-a8ca-a3b34574b963:resource/ecs/service/dev-ecs-cluster/dev-org-backend-ecs-service:policyName/dev-org-backend-scale-up-policy",
            "id": "dev-org-backend-scale-up-policy",
            "name": "dev-org-backend-scale-up-policy",
            "policy_type": "StepScaling",
            "resource_id": "service/dev-ecs-cluster/dev-org-backend-ecs-service",
            "scalable_dimension": "ecs:service:DesiredCount",
            "service_namespace": "ecs",
            "step_scaling_policy_configuration": [
              {
                "adjustment_type": "ChangeInCapacity",
                "cooldown": 60,
                "metric_aggregation_type": "Maximum",
                "min_adjustment_magnitude": 0,
                "step_adjustment": [
                  {
                    "metric_interval_lower_bound": "0",
                    "metric_interval_upper_bound": "",
                    "scaling_adjustment": 1
                  }
                ]
              }
            ],
            "target_tracking_scaling_policy_configuration": []
          },
          "sensitive_attributes": [],
          "private": "bnVsbA==",
          "dependencies": [
            "module.Org_Services.aws_appautoscaling_target.scale_target"
          ]
        }
      ]
    },
    {
      "module": "module.Org_Services",
      "mode": "managed",
      "type": "aws_appautoscaling_target",
      "name": "scale_target",
      "provider": "provider[\"registry.terraform.io/hashicorp/aws\"]",
      "instances": [
        {
          "schema_version": 0,
          "attributes": {
            "arn": "arn:aws:application-autoscaling:ap-south-1:266735807609:scalable-target/0ec549446e24451341c9a8caa3b34574b963",
            "id": "service/dev-ecs-cluster/dev-org-backend-ecs-service",
            "max_capacity": 5,
            "min_capacity": 1,
            "resource_id": "service/dev-ecs-cluster/dev-org-backend-ecs-service",
            "role_arn": "arn:aws:iam::266735807609:role/aws-service-role/ecs.application-autoscaling.amazonaws.com/AWSServiceRoleForApplicationAutoScaling_ECSService",
            "scalable_dimension": "ecs:service:DesiredCount",
            "service_namespace": "ecs",
            "suspended_state": [
              {
                "dynamic_scaling_in_suspended": false,
                "dynamic_scaling_out_suspended": false,
                "scheduled_scaling_suspended": false
              }
            ],
            "tags": null,
            "tags_all": {}
          },
          "sensitive_attributes": [],
          "private": "bnVsbA=="
        }
      ]
    },
    {
      "module": "module.Org_Services",
      "mode": "managed",
      "type": "aws_cloudwatch_log_group",
      "name": "log-group",
      "provider": "provider[\"registry.terraform.io/hashicorp/aws\"]",
      "instances": [
        {
          "schema_version": 0,
          "attributes": {
            "arn": "arn:aws:logs:ap-south-1:266735807609:log-group:dev-org-backend-logs",
            "id": "dev-org-backend-logs",
            "kms_key_id": "",
            "log_group_class": "STANDARD",
            "name": "dev-org-backend-logs",
            "name_prefix": "",
            "retention_in_days": 14,
            "skip_destroy": false,
            "tags": {
              "Service": "org-backend",
              "env": "dev"
            },
            "tags_all": {
              "Service": "org-backend",
              "env": "dev"
            }
          },
          "sensitive_attributes": [],
          "private": "bnVsbA=="
        }
      ]
    },
    {
      "module": "module.Org_Services",
      "mode": "managed",
      "type": "aws_cloudwatch_metric_alarm",
      "name": "cpu_high",
      "provider": "provider[\"registry.terraform.io/hashicorp/aws\"]",
      "instances": [
        {
          "schema_version": 1,
          "attributes": {
            "actions_enabled": true,
            "alarm_actions": [
              "arn:aws:autoscaling:ap-south-1:266735807609:scalingPolicy:49446e24-4513-41c9-a8ca-a3b34574b963:resource/ecs/service/dev-ecs-cluster/dev-org-backend-ecs-service:policyName/dev-org-backend-scale-up-policy"
            ],
            "alarm_description": "",
            "alarm_name": "dev-org-backend-cpu-high",
            "arn": "arn:aws:cloudwatch:ap-south-1:266735807609:alarm:dev-org-backend-cpu-high",
            "comparison_operator": "GreaterThanOrEqualToThreshold",
            "datapoints_to_alarm": 0,
            "dimensions": {
              "ClusterName": "dev-ecs-cluster",
              "ServiceName": "dev-org-backend-ecs-service"
            },
            "evaluate_low_sample_count_percentiles": "",
            "evaluation_periods": 3,
            "extended_statistic": "",
            "id": "dev-org-backend-cpu-high",
            "insufficient_data_actions": [],
            "metric_name": "CPUUtilization",
            "metric_query": [],
            "namespace": "AWS/ECS",
            "ok_actions": [],
            "period": 60,
            "statistic": "Maximum",
            "tags": {
              "Name": "dev-org-backend-cpu-high",
              "env": "dev"
            },
            "tags_all": {
              "Name": "dev-org-backend-cpu-high",
              "env": "dev"
            },
            "threshold": 60,
            "threshold_metric_id": "",
            "treat_missing_data": "missing",
            "unit": ""
          },
          "sensitive_attributes": [],
          "private": "eyJzY2hlbWFfdmVyc2lvbiI6IjEifQ==",
          "dependencies": [
            "module.Org_Services.aws_appautoscaling_policy.scale_up_policy",
            "module.Org_Services.aws_appautoscaling_target.scale_target"
          ]
        }
      ]
    },
    {
      "module": "module.Org_Services",
      "mode": "managed",
      "type": "aws_cloudwatch_metric_alarm",
      "name": "cpu_low",
      "provider": "provider[\"registry.terraform.io/hashicorp/aws\"]",
      "instances": [
        {
          "schema_version": 1,
          "attributes": {
            "actions_enabled": true,
            "alarm_actions": [
              "arn:aws:autoscaling:ap-south-1:266735807609:scalingPolicy:49446e24-4513-41c9-a8ca-a3b34574b963:resource/ecs/service/dev-ecs-cluster/dev-org-backend-ecs-service:policyName/dev-org-backend-scale-down-policy"
            ],
            "alarm_description": "",
            "alarm_name": "dev-org-backend-cpu-low",
            "arn": "arn:aws:cloudwatch:ap-south-1:266735807609:alarm:dev-org-backend-cpu-low",
            "comparison_operator": "LessThanOrEqualToThreshold",
            "datapoints_to_alarm": 0,
            "dimensions": {
              "ClusterName": "dev-ecs-cluster",
              "ServiceName": "dev-org-backend-ecs-service"
            },
            "evaluate_low_sample_count_percentiles": "",
            "evaluation_periods": 3,
            "extended_statistic": "",
            "id": "dev-org-backend-cpu-low",
            "insufficient_data_actions": [],
            "metric_name": "CPUUtilization",
            "metric_query": [],
            "namespace": "AWS/ECS",
            "ok_actions": [],
            "period": 60,
            "statistic": "Average",
            "tags": {
              "Name": "dev-org-backend-cpu-low",
              "env": "dev"
            },
            "tags_all": {
              "Name": "dev-org-backend-cpu-low",
              "env": "dev"
            },
            "threshold": 10,
            "threshold_metric_id": "",
            "treat_missing_data": "missing",
            "unit": ""
          },
          "sensitive_attributes": [],
          "private": "eyJzY2hlbWFfdmVyc2lvbiI6IjEifQ==",
          "dependencies": [
            "module.Org_Services.aws_appautoscaling_policy.scale_down_policy",
            "module.Org_Services.aws_appautoscaling_target.scale_target"
          ]
        }
      ]
    },
    {
      "module": "module.Org_Services",
      "mode": "managed",
      "type": "aws_ecr_lifecycle_policy",
      "name": "ecr_image_retention",
      "provider": "provider[\"registry.terraform.io/hashicorp/aws\"]",
      "instances": [
        {
          "schema_version": 0,
          "attributes": {
            "id": "org-backend",
            "policy": "{\"rules\":[{\"action\":{\"type\":\"expire\"},\"description\":\"Expire images older than 14 days\",\"rulePriority\":1,\"selection\":{\"countNumber\":14,\"countType\":\"sinceImagePushed\",\"countUnit\":\"days\",\"tagStatus\":\"untagged\"}}]}",
            "registry_id": "266735807609",
            "repository": "org-backend"
          },
          "sensitive_attributes": [],
          "private": "bnVsbA==",
          "dependencies": [
            "module.Org_Services.aws_ecr_repository.ecr"
          ]
        }
      ]
    },
    {
      "module": "module.Org_Services",
      "mode": "managed",
      "type": "aws_ecr_repository",
      "name": "ecr",
      "provider": "provider[\"registry.terraform.io/hashicorp/aws\"]",
      "instances": [
        {
          "schema_version": 0,
          "attributes": {
            "arn": "arn:aws:ecr:ap-south-1:266735807609:repository/org-backend",
            "encryption_configuration": [
              {
                "encryption_type": "AES256",
                "kms_key": ""
              }
            ],
            "force_delete": null,
            "id": "org-backend",
            "image_scanning_configuration": [
              {
                "scan_on_push": false
              }
            ],
            "image_tag_mutability": "MUTABLE",
            "name": "org-backend",
            "registry_id": "266735807609",
            "repository_url": "266735807609.dkr.ecr.ap-south-1.amazonaws.com/org-backend",
            "tags": {
              "Service": "org-backend",
              "env": "dev"
            },
            "tags_all": {
              "Service": "org-backend",
              "env": "dev"
            },
            "timeouts": null
          },
          "sensitive_attributes": [],
          "private": "eyJlMmJmYjczMC1lY2FhLTExZTYtOGY4OC0zNDM2M2JjN2M0YzAiOnsiZGVsZXRlIjoxMjAwMDAwMDAwMDAwfX0="
        }
      ]
    },
    {
      "module": "module.Org_Services",
      "mode": "managed",
      "type": "aws_ecs_service",
      "name": "aws-ecs-service",
      "provider": "provider[\"registry.terraform.io/hashicorp/aws\"]",
      "instances": [
        {
          "schema_version": 1,
          "attributes": {
            "alarms": [],
            "availability_zone_rebalancing": "DISABLED",
            "capacity_provider_strategy": [
              {
                "base": 0,
                "capacity_provider": "dev-ecs-cluster-cp",
                "weight": 1
              }
            ],
            "cluster": "arn:aws:ecs:ap-south-1:266735807609:cluster/dev-ecs-cluster",
            "deployment_circuit_breaker": [
              {
                "enable": false,
                "rollback": false
              }
            ],
            "deployment_controller": [
              {
                "type": "ECS"
              }
            ],
            "deployment_maximum_percent": 200,
            "deployment_minimum_healthy_percent": 100,
            "desired_count": 1,
            "enable_ecs_managed_tags": false,
            "enable_execute_command": false,
            "force_delete": null,
            "force_new_deployment": true,
            "health_check_grace_period_seconds": 0,
            "iam_role": "/aws-service-role/ecs.amazonaws.com/AWSServiceRoleForECS",
            "id": "arn:aws:ecs:ap-south-1:266735807609:service/dev-ecs-cluster/dev-org-backend-ecs-service",
            "launch_type": "",
            "load_balancer": [
              {
                "container_name": "dev-org-backend-container",
                "container_port": 3000,
                "elb_name": "",
                "target_group_arn": "arn:aws:elasticloadbalancing:ap-south-1:266735807609:targetgroup/org-backend-tg/bb855fab14a292af"
              }
            ],
            "name": "dev-org-backend-ecs-service",
            "network_configuration": [],
            "ordered_placement_strategy": [
              {
                "field": "cpu",
                "type": "binpack"
              }
            ],
            "placement_constraints": [],
            "platform_version": "",
            "propagate_tags": "NONE",
            "scheduling_strategy": "REPLICA",
            "service_connect_configuration": [],
            "service_registries": [],
            "tags": null,
            "tags_all": {},
            "task_definition": "arn:aws:ecs:ap-south-1:266735807609:task-definition/dev-org-backend-task:3",
            "timeouts": null,
            "triggers": {},
            "volume_configuration": [],
            "vpc_lattice_configurations": [],
            "wait_for_steady_state": false
          },
          "sensitive_attributes": [],
          "private": "eyJlMmJmYjczMC1lY2FhLTExZTYtOGY4OC0zNDM2M2JjN2M0YzAiOnsiY3JlYXRlIjoxMjAwMDAwMDAwMDAwLCJkZWxldGUiOjEyMDAwMDAwMDAwMDAsInVwZGF0ZSI6MTIwMDAwMDAwMDAwMH0sInNjaGVtYV92ZXJzaW9uIjoiMSJ9",
          "dependencies": [
            "data.aws_ecs_cluster.ecs",
            "data.aws_lb_target_group.org_backend",
            "module.Org_Services.aws_cloudwatch_log_group.log-group",
            "module.Org_Services.aws_ecr_repository.ecr",
            "module.Org_Services.aws_ecs_task_definition.aws-ecs-task"
          ]
        }
      ]
    },
    {
      "module": "module.Org_Services",
      "mode": "managed",
      "type": "aws_ecs_task_definition",
      "name": "aws-ecs-task",
      "provider": "provider[\"registry.terraform.io/hashicorp/aws\"]",
      "instances": [
        {
          "schema_version": 1,
          "attributes": {
            "arn": "arn:aws:ecs:ap-south-1:266735807609:task-definition/dev-org-backend-task:3",
            "arn_without_revision": "arn:aws:ecs:ap-south-1:266735807609:task-definition/dev-org-backend-task",
            "container_definitions": "[{\"cpu\":128,\"entryPoint\":[],\"environment\":[],\"essential\":true,\"image\":\"266735807609.dkr.ecr.ap-south-1.amazonaws.com/org-backend:latest\",\"logConfiguration\":{\"logDriver\":\"awslogs\",\"options\":{\"awslogs-group\":\"dev-org-backend-logs\",\"awslogs-region\":\"ap-south-1\",\"awslogs-stream-prefix\":\"dev-org-backend\"}},\"memory\":256,\"mountPoints\":[],\"name\":\"dev-org-backend-container\",\"portMappings\":[{\"containerPort\":3000,\"hostPort\":0,\"protocol\":\"tcp\"}],\"systemControls\":[],\"volumesFrom\":[]}]",
            "cpu": "128",
            "enable_fault_injection": false,
            "ephemeral_storage": [],
            "execution_role_arn": "",
            "family": "dev-org-backend-task",
            "id": "dev-org-backend-task",
            "inference_accelerator": [],
            "ipc_mode": "",
            "memory": "256",
            "network_mode": "bridge",
            "pid_mode": "",
            "placement_constraints": [],
            "proxy_configuration": [],
            "requires_compatibilities": [
              "EC2"
            ],
            "revision": 3,
            "runtime_platform": [],
            "skip_destroy": false,
            "tags": {
              "Name": "dev-org-backend-ecs-td",
              "env": "dev"
            },
            "tags_all": {
              "Name": "dev-org-backend-ecs-td",
              "env": "dev"
            },
            "task_role_arn": "",
            "track_latest": false,
            "volume": []
          },
          "sensitive_attributes": [],
          "private": "eyJzY2hlbWFfdmVyc2lvbiI6IjEifQ==",
          "dependencies": [
            "module.Org_Services.aws_cloudwatch_log_group.log-group",
            "module.Org_Services.aws_ecr_repository.ecr"
          ]
        }
      ]
    },
    {
      "module": "module.Reports_Services",
      "mode": "managed",
      "type": "aws_appautoscaling_policy",
      "name": "scale_down_policy",
      "provider": "provider[\"registry.terraform.io/hashicorp/aws\"]",
      "instances": [
        {
          "schema_version": 0,
          "attributes": {
            "alarm_arns": [],
            "arn": "arn:aws:autoscaling:ap-south-1:266735807609:scalingPolicy:fdab4e1f-d9ff-45c0-b9b9-2257a35a2b04:resource/ecs/service/dev-ecs-cluster/dev-reports-backend-ecs-service:policyName/dev-reports-backend-scale-down-policy",
            "id": "dev-reports-backend-scale-down-policy",
            "name": "dev-reports-backend-scale-down-policy",
            "policy_type": "StepScaling",
            "resource_id": "service/dev-ecs-cluster/dev-reports-backend-ecs-service",
            "scalable_dimension": "ecs:service:DesiredCount",
            "service_namespace": "ecs",
            "step_scaling_policy_configuration": [
              {
                "adjustment_type": "ChangeInCapacity",
                "cooldown": 60,
                "metric_aggregation_type": "Maximum",
                "min_adjustment_magnitude": 0,
                "step_adjustment": [
                  {
                    "metric_interval_lower_bound": "",
                    "metric_interval_upper_bound": "0",
                    "scaling_adjustment": -1
                  }
                ]
              }
            ],
            "target_tracking_scaling_policy_configuration": []
          },
          "sensitive_attributes": [],
          "private": "bnVsbA==",
          "dependencies": [
            "module.Reports_Services.aws_appautoscaling_target.scale_target"
          ]
        }
      ]
    },
    {
      "module": "module.Reports_Services",
      "mode": "managed",
      "type": "aws_appautoscaling_policy",
      "name": "scale_up_policy",
      "provider": "provider[\"registry.terraform.io/hashicorp/aws\"]",
      "instances": [
        {
          "schema_version": 0,
          "attributes": {
            "alarm_arns": [],
            "arn": "arn:aws:autoscaling:ap-south-1:266735807609:scalingPolicy:fdab4e1f-d9ff-45c0-b9b9-2257a35a2b04:resource/ecs/service/dev-ecs-cluster/dev-reports-backend-ecs-service:policyName/dev-reports-backend-scale-up-policy",
            "id": "dev-reports-backend-scale-up-policy",
            "name": "dev-reports-backend-scale-up-policy",
            "policy_type": "StepScaling",
            "resource_id": "service/dev-ecs-cluster/dev-reports-backend-ecs-service",
            "scalable_dimension": "ecs:service:DesiredCount",
            "service_namespace": "ecs",
            "step_scaling_policy_configuration": [
              {
                "adjustment_type": "ChangeInCapacity",
                "cooldown": 60,
                "metric_aggregation_type": "Maximum",
                "min_adjustment_magnitude": 0,
                "step_adjustment": [
                  {
                    "metric_interval_lower_bound": "0",
                    "metric_interval_upper_bound": "",
                    "scaling_adjustment": 1
                  }
                ]
              }
            ],
            "target_tracking_scaling_policy_configuration": []
          },
          "sensitive_attributes": [],
          "private": "bnVsbA==",
          "dependencies": [
            "module.Reports_Services.aws_appautoscaling_target.scale_target"
          ]
        }
      ]
    },
    {
      "module": "module.Reports_Services",
      "mode": "managed",
      "type": "aws_appautoscaling_target",
      "name": "scale_target",
      "provider": "provider[\"registry.terraform.io/hashicorp/aws\"]",
      "instances": [
        {
          "schema_version": 0,
          "attributes": {
            "arn": "arn:aws:application-autoscaling:ap-south-1:266735807609:scalable-target/0ec5fdab4e1fd9ff45c0b9b92257a35a2b04",
            "id": "service/dev-ecs-cluster/dev-reports-backend-ecs-service",
            "max_capacity": 5,
            "min_capacity": 1,
            "resource_id": "service/dev-ecs-cluster/dev-reports-backend-ecs-service",
            "role_arn": "arn:aws:iam::266735807609:role/aws-service-role/ecs.application-autoscaling.amazonaws.com/AWSServiceRoleForApplicationAutoScaling_ECSService",
            "scalable_dimension": "ecs:service:DesiredCount",
            "service_namespace": "ecs",
            "suspended_state": [
              {
                "dynamic_scaling_in_suspended": false,
                "dynamic_scaling_out_suspended": false,
                "scheduled_scaling_suspended": false
              }
            ],
            "tags": null,
            "tags_all": {}
          },
          "sensitive_attributes": [],
          "private": "bnVsbA=="
        }
      ]
    },
    {
      "module": "module.Reports_Services",
      "mode": "managed",
      "type": "aws_cloudwatch_log_group",
      "name": "log-group",
      "provider": "provider[\"registry.terraform.io/hashicorp/aws\"]",
      "instances": [
        {
          "schema_version": 0,
          "attributes": {
            "arn": "arn:aws:logs:ap-south-1:266735807609:log-group:dev-reports-backend-logs",
            "id": "dev-reports-backend-logs",
            "kms_key_id": "",
            "log_group_class": "STANDARD",
            "name": "dev-reports-backend-logs",
            "name_prefix": "",
            "retention_in_days": 14,
            "skip_destroy": false,
            "tags": {
              "Service": "reports-backend",
              "env": "dev"
            },
            "tags_all": {
              "Service": "reports-backend",
              "env": "dev"
            }
          },
          "sensitive_attributes": [],
          "private": "bnVsbA=="
        }
      ]
    },
    {
      "module": "module.Reports_Services",
      "mode": "managed",
      "type": "aws_cloudwatch_metric_alarm",
      "name": "cpu_high",
      "provider": "provider[\"registry.terraform.io/hashicorp/aws\"]",
      "instances": [
        {
          "schema_version": 1,
          "attributes": {
            "actions_enabled": true,
            "alarm_actions": [
              "arn:aws:autoscaling:ap-south-1:266735807609:scalingPolicy:fdab4e1f-d9ff-45c0-b9b9-2257a35a2b04:resource/ecs/service/dev-ecs-cluster/dev-reports-backend-ecs-service:policyName/dev-reports-backend-scale-up-policy"
            ],
            "alarm_description": "",
            "alarm_name": "dev-reports-backend-cpu-high",
            "arn": "arn:aws:cloudwatch:ap-south-1:266735807609:alarm:dev-reports-backend-cpu-high",
            "comparison_operator": "GreaterThanOrEqualToThreshold",
            "datapoints_to_alarm": 0,
            "dimensions": {
              "ClusterName": "dev-ecs-cluster",
              "ServiceName": "dev-reports-backend-ecs-service"
            },
            "evaluate_low_sample_count_percentiles": "",
            "evaluation_periods": 3,
            "extended_statistic": "",
            "id": "dev-reports-backend-cpu-high",
            "insufficient_data_actions": [],
            "metric_name": "CPUUtilization",
            "metric_query": [],
            "namespace": "AWS/ECS",
            "ok_actions": [],
            "period": 60,
            "statistic": "Maximum",
            "tags": {
              "Name": "dev-reports-backend-cpu-high",
              "env": "dev"
            },
            "tags_all": {
              "Name": "dev-reports-backend-cpu-high",
              "env": "dev"
            },
            "threshold": 60,
            "threshold_metric_id": "",
            "treat_missing_data": "missing",
            "unit": ""
          },
          "sensitive_attributes": [],
          "private": "eyJzY2hlbWFfdmVyc2lvbiI6IjEifQ==",
          "dependencies": [
            "module.Reports_Services.aws_appautoscaling_policy.scale_up_policy",
            "module.Reports_Services.aws_appautoscaling_target.scale_target"
          ]
        }
      ]
    },
    {
      "module": "module.Reports_Services",
      "mode": "managed",
      "type": "aws_cloudwatch_metric_alarm",
      "name": "cpu_low",
      "provider": "provider[\"registry.terraform.io/hashicorp/aws\"]",
      "instances": [
        {
          "schema_version": 1,
          "attributes": {
            "actions_enabled": true,
            "alarm_actions": [
              "arn:aws:autoscaling:ap-south-1:266735807609:scalingPolicy:fdab4e1f-d9ff-45c0-b9b9-2257a35a2b04:resource/ecs/service/dev-ecs-cluster/dev-reports-backend-ecs-service:policyName/dev-reports-backend-scale-down-policy"
            ],
            "alarm_description": "",
            "alarm_name": "dev-reports-backend-cpu-low",
            "arn": "arn:aws:cloudwatch:ap-south-1:266735807609:alarm:dev-reports-backend-cpu-low",
            "comparison_operator": "LessThanOrEqualToThreshold",
            "datapoints_to_alarm": 0,
            "dimensions": {
              "ClusterName": "dev-ecs-cluster",
              "ServiceName": "dev-reports-backend-ecs-service"
            },
            "evaluate_low_sample_count_percentiles": "",
            "evaluation_periods": 3,
            "extended_statistic": "",
            "id": "dev-reports-backend-cpu-low",
            "insufficient_data_actions": [],
            "metric_name": "CPUUtilization",
            "metric_query": [],
            "namespace": "AWS/ECS",
            "ok_actions": [],
            "period": 60,
            "statistic": "Average",
            "tags": {
              "Name": "dev-reports-backend-cpu-low",
              "env": "dev"
            },
            "tags_all": {
              "Name": "dev-reports-backend-cpu-low",
              "env": "dev"
            },
            "threshold": 10,
            "threshold_metric_id": "",
            "treat_missing_data": "missing",
            "unit": ""
          },
          "sensitive_attributes": [],
          "private": "eyJzY2hlbWFfdmVyc2lvbiI6IjEifQ==",
          "dependencies": [
            "module.Reports_Services.aws_appautoscaling_policy.scale_down_policy",
            "module.Reports_Services.aws_appautoscaling_target.scale_target"
          ]
        }
      ]
    },
    {
      "module": "module.Reports_Services",
      "mode": "managed",
      "type": "aws_ecr_lifecycle_policy",
      "name": "ecr_image_retention",
      "provider": "provider[\"registry.terraform.io/hashicorp/aws\"]",
      "instances": [
        {
          "schema_version": 0,
          "attributes": {
            "id": "reports-backend",
            "policy": "{\"rules\":[{\"action\":{\"type\":\"expire\"},\"description\":\"Expire images older than 14 days\",\"rulePriority\":1,\"selection\":{\"countNumber\":14,\"countType\":\"sinceImagePushed\",\"countUnit\":\"days\",\"tagStatus\":\"untagged\"}}]}",
            "registry_id": "266735807609",
            "repository": "reports-backend"
          },
          "sensitive_attributes": [],
          "private": "bnVsbA==",
          "dependencies": [
            "module.Reports_Services.aws_ecr_repository.ecr"
          ]
        }
      ]
    },
    {
      "module": "module.Reports_Services",
      "mode": "managed",
      "type": "aws_ecr_repository",
      "name": "ecr",
      "provider": "provider[\"registry.terraform.io/hashicorp/aws\"]",
      "instances": [
        {
          "schema_version": 0,
          "attributes": {
            "arn": "arn:aws:ecr:ap-south-1:266735807609:repository/reports-backend",
            "encryption_configuration": [
              {
                "encryption_type": "AES256",
                "kms_key": ""
              }
            ],
            "force_delete": null,
            "id": "reports-backend",
            "image_scanning_configuration": [
              {
                "scan_on_push": false
              }
            ],
            "image_tag_mutability": "MUTABLE",
            "name": "reports-backend",
            "registry_id": "266735807609",
            "repository_url": "266735807609.dkr.ecr.ap-south-1.amazonaws.com/reports-backend",
            "tags": {
              "Service": "reports-backend",
              "env": "dev"
            },
            "tags_all": {
              "Service": "reports-backend",
              "env": "dev"
            },
            "timeouts": null
          },
          "sensitive_attributes": [],
          "private": "eyJlMmJmYjczMC1lY2FhLTExZTYtOGY4OC0zNDM2M2JjN2M0YzAiOnsiZGVsZXRlIjoxMjAwMDAwMDAwMDAwfX0="
        }
      ]
    },
    {
      "module": "module.Reports_Services",
      "mode": "managed",
      "type": "aws_ecs_service",
      "name": "aws-ecs-service",
      "provider": "provider[\"registry.terraform.io/hashicorp/aws\"]",
      "instances": [
        {
          "schema_version": 1,
          "attributes": {
            "alarms": [],
            "availability_zone_rebalancing": "DISABLED",
            "capacity_provider_strategy": [
              {
                "base": 0,
                "capacity_provider": "dev-ecs-cluster-cp",
                "weight": 1
              }
            ],
            "cluster": "arn:aws:ecs:ap-south-1:266735807609:cluster/dev-ecs-cluster",
            "deployment_circuit_breaker": [
              {
                "enable": false,
                "rollback": false
              }
            ],
            "deployment_controller": [
              {
                "type": "ECS"
              }
            ],
            "deployment_maximum_percent": 200,
            "deployment_minimum_healthy_percent": 100,
            "desired_count": 1,
            "enable_ecs_managed_tags": false,
            "enable_execute_command": false,
            "force_delete": null,
            "force_new_deployment": true,
            "health_check_grace_period_seconds": 0,
            "iam_role": "/aws-service-role/ecs.amazonaws.com/AWSServiceRoleForECS",
            "id": "arn:aws:ecs:ap-south-1:266735807609:service/dev-ecs-cluster/dev-reports-backend-ecs-service",
            "launch_type": "",
            "load_balancer": [
              {
                "container_name": "dev-reports-backend-container",
                "container_port": 3000,
                "elb_name": "",
                "target_group_arn": "arn:aws:elasticloadbalancing:ap-south-1:266735807609:targetgroup/reports-backend-tg/d65ae953bd8ce621"
              }
            ],
            "name": "dev-reports-backend-ecs-service",
            "network_configuration": [],
            "ordered_placement_strategy": [
              {
                "field": "cpu",
                "type": "binpack"
              }
            ],
            "placement_constraints": [],
            "platform_version": "",
            "propagate_tags": "NONE",
            "scheduling_strategy": "REPLICA",
            "service_connect_configuration": [],
            "service_registries": [],
            "tags": null,
            "tags_all": {},
            "task_definition": "arn:aws:ecs:ap-south-1:266735807609:task-definition/dev-reports-backend-task:2",
            "timeouts": null,
            "triggers": {},
            "volume_configuration": [],
            "vpc_lattice_configurations": [],
            "wait_for_steady_state": false
          },
          "sensitive_attributes": [],
          "private": "eyJlMmJmYjczMC1lY2FhLTExZTYtOGY4OC0zNDM2M2JjN2M0YzAiOnsiY3JlYXRlIjoxMjAwMDAwMDAwMDAwLCJkZWxldGUiOjEyMDAwMDAwMDAwMDAsInVwZGF0ZSI6MTIwMDAwMDAwMDAwMH0sInNjaGVtYV92ZXJzaW9uIjoiMSJ9",
          "dependencies": [
            "data.aws_ecs_cluster.ecs",
            "data.aws_lb_target_group.reports_backend",
            "module.Reports_Services.aws_cloudwatch_log_group.log-group",
            "module.Reports_Services.aws_ecr_repository.ecr",
            "module.Reports_Services.aws_ecs_task_definition.aws-ecs-task"
          ]
        }
      ]
    },
    {
      "module": "module.Reports_Services",
      "mode": "managed",
      "type": "aws_ecs_task_definition",
      "name": "aws-ecs-task",
      "provider": "provider[\"registry.terraform.io/hashicorp/aws\"]",
      "instances": [
        {
          "schema_version": 1,
          "attributes": {
            "arn": "arn:aws:ecs:ap-south-1:266735807609:task-definition/dev-reports-backend-task:2",
            "arn_without_revision": "arn:aws:ecs:ap-south-1:266735807609:task-definition/dev-reports-backend-task",
            "container_definitions": "[{\"cpu\":128,\"entryPoint\":[],\"environment\":[],\"essential\":true,\"image\":\"266735807609.dkr.ecr.ap-south-1.amazonaws.com/reports-backend:latest\",\"logConfiguration\":{\"logDriver\":\"awslogs\",\"options\":{\"awslogs-stream-prefix\":\"dev-reports-backend\",\"awslogs-group\":\"dev-reports-backend-logs\",\"awslogs-region\":\"ap-south-1\"}},\"memory\":256,\"mountPoints\":[],\"name\":\"dev-reports-backend-container\",\"portMappings\":[{\"containerPort\":3000,\"hostPort\":0,\"protocol\":\"tcp\"}],\"systemControls\":[],\"volumesFrom\":[]}]",
            "cpu": "128",
            "enable_fault_injection": false,
            "ephemeral_storage": [],
            "execution_role_arn": "",
            "family": "dev-reports-backend-task",
            "id": "dev-reports-backend-task",
            "inference_accelerator": [],
            "ipc_mode": "",
            "memory": "256",
            "network_mode": "bridge",
            "pid_mode": "",
            "placement_constraints": [],
            "proxy_configuration": [],
            "requires_compatibilities": [
              "EC2"
            ],
            "revision": 2,
            "runtime_platform": [],
            "skip_destroy": false,
            "tags": {
              "Name": "dev-reports-backend-ecs-td",
              "env": "dev"
            },
            "tags_all": {
              "Name": "dev-reports-backend-ecs-td",
              "env": "dev"
            },
            "task_role_arn": "",
            "track_latest": false,
            "volume": []
          },
          "sensitive_attributes": [],
          "private": "eyJzY2hlbWFfdmVyc2lvbiI6IjEifQ==",
          "dependencies": [
            "module.Reports_Services.aws_cloudwatch_log_group.log-group",
            "module.Reports_Services.aws_ecr_repository.ecr"
          ]
        }
      ]
    }
  ],
  "check_results": null
}
